
Microsoft Visual Studio Solution File, Format Version 11.00
# Visual Studio 2010
Project("{2150E333-8FDC-42A3-9474-1A3956D46DE8}") = "Solution Items", "Solution Items", "{43DAFD81-5DE6-40A8-9BFB-7368FE5B6493}"
	ProjectSection(SolutionItems) = preProject
		buildscripts\build.fsx = buildscripts\build.fsx
		ComponentsPerScope.fsx = ComponentsPerScope.fsx
		ListAllExports.fsx = ListAllExports.fsx
		rails thoughts.txt = rails thoughts.txt
		TODO.txt = TODO.txt
	EndProjectSection
EndProject
Project("{FAE04EC0-301F-11D3-BF4B-00C04F79EFBC}") = "WebApplication1", "tests\WebApplication1\WebApplication1.csproj", "{A0731A18-51AF-43FE-9CB5-C13F870DC1BA}"
EndProject
Project("{F2A71F9B-5D33-465A-A702-920D77279786}") = "Castle.MonoRail", "src\Castle.MonoRail\Castle.MonoRail.fsproj", "{8C35651E-A56E-4771-95CA-E312AA318538}"
EndProject
Project("{FAE04EC0-301F-11D3-BF4B-00C04F79EFBC}") = "Castle.MonoRail.Tests", "tests\Castle.MonoRail.Tests\Castle.MonoRail.Tests.csproj", "{D0F1F4F2-48B0-4C46-83E4-8909C92846C9}"
EndProject
Project("{F2A71F9B-5D33-465A-A702-920D77279786}") = "Castle.MonoRail.Generator", "src\Castle.MonoRail.Generator\Castle.MonoRail.Generator.fsproj", "{C9BBA850-23EF-4D22-B25E-C35D50C625E6}"
EndProject
Project("{F2A71F9B-5D33-465A-A702-920D77279786}") = "WebApplication1Mod1", "tests\WebApplication1Mod1\WebApplication1Mod1.fsproj", "{84BCA422-D499-44A4-8AD3-5039238B77BE}"
EndProject
Project("{F2A71F9B-5D33-465A-A702-920D77279786}") = "Castle.MonoRail.Extension.Windsor", "Extensions\WindsorIntegration\src\Castle.MonoRail.Extension.Windsor\Castle.MonoRail.Extension.Windsor.fsproj", "{26F17283-2253-4FFA-8A11-116BFA71A3B2}"
EndProject
Project("{F2A71F9B-5D33-465A-A702-920D77279786}") = "Castle.Blade", "src\Castle.Blade\src\Castle.Blade\Castle.Blade.fsproj", "{51FC792E-69D3-41C4-937E-4ABAC181D918}"
EndProject
Project("{F2A71F9B-5D33-465A-A702-920D77279786}") = "Castle.Blade.Web", "src\Castle.Blade\src\Castle.Blade.Web\Castle.Blade.Web.fsproj", "{8DF9E981-2558-4EFD-A455-5459F36A9B03}"
EndProject
Project("{F2A71F9B-5D33-465A-A702-920D77279786}") = "Castle.MonoRail.ViewEngines.Blade", "src\Castle.MonoRail.ViewEngines.Blade\Castle.MonoRail.ViewEngines.Blade.fsproj", "{53C04B7D-F909-406B-9B0D-BB72CE68E646}"
EndProject
Project("{FAE04EC0-301F-11D3-BF4B-00C04F79EFBC}") = "Castle.Blade.Tests", "src\Castle.Blade\tests\Castle.Blade.Tests\Castle.Blade.Tests.csproj", "{FB716680-F72C-4A77-84C9-C5A3A30DD909}"
EndProject
Project("{2150E333-8FDC-42A3-9474-1A3956D46DE8}") = "Blade", "Blade", "{FF1223B6-11F6-4EDB-AC3E-5DDF93B23C96}"
EndProject
Project("{2150E333-8FDC-42A3-9474-1A3956D46DE8}") = "TestingSites", "TestingSites", "{382D966B-30DE-4849-ADBB-7286C248B287}"
EndProject
Project("{2150E333-8FDC-42A3-9474-1A3956D46DE8}") = "Tests", "Tests", "{60349639-F39F-4556-8898-E64AEC0B22A4}"
EndProject
Project("{2150E333-8FDC-42A3-9474-1A3956D46DE8}") = "Extensibility", "Extensibility", "{2F740D6F-95A0-44EE-8E2C-33EC3761EC25}"
EndProject
Project("{F2A71F9B-5D33-465A-A702-920D77279786}") = "Castle.Extensibility", "..\..\Extensibility\src\Castle.Extensibility\Castle.Extensibility.fsproj", "{10FDDA68-3450-4179-819A-248D9D628454}"
EndProject
Project("{F2A71F9B-5D33-465A-A702-920D77279786}") = "Castle.Extensibility.Windsor", "..\..\Extensibility\src\Castle.Extensibility.Windsor\Castle.Extensibility.Windsor.fsproj", "{6A43A495-8E52-4AF7-AFE3-51CA88900B18}"
EndProject
Project("{F2A71F9B-5D33-465A-A702-920D77279786}") = "Castle.Extensibility.Services.FSStorage", "..\..\Extensibility\src\Castle.Extensibility.Services.FSStorage\Castle.Extensibility.Services.FSStorage.fsproj", "{FF8A9176-C810-4DA8-8470-DC925B2DEC3E}"
EndProject
Project("{FAE04EC0-301F-11D3-BF4B-00C04F79EFBC}") = "Castle.MonoRail.Integration.Tests", "tests\Castle.MonoRail.Integration.Tests\Castle.MonoRail.Integration.Tests.csproj", "{A9D55E13-01F2-49B5-97C7-336E44B218F4}"
EndProject
Project("{FAE04EC0-301F-11D3-BF4B-00C04F79EFBC}") = "WebSiteForIntegration", "tests\WebSiteForIntegration\WebSiteForIntegration.csproj", "{B3C51C43-5E58-4CEE-8F02-9CFD3981BCCF}"
EndProject
Project("{FAE04EC0-301F-11D3-BF4B-00C04F79EFBC}") = "Castle.MonoRail.Extension.OData.Tests", "Extensions\OData\tests\Castle.MonoRail.Extension.OData.Tests\Castle.MonoRail.Extension.OData.Tests.csproj", "{EBA1D22A-F8D5-4884-9297-2C10AD2663E7}"
EndProject
Project("{F2A71F9B-5D33-465A-A702-920D77279786}") = "Castle.MonoRail.Extension.OData", "Extensions\OData\src\Castle.MonoRail.Extension.ODataFs\Castle.MonoRail.Extension.OData.fsproj", "{702F84E9-CAD2-4B64-A4C5-F915BAD4A729}"
EndProject
Project("{2150E333-8FDC-42A3-9474-1A3956D46DE8}") = "OData", "OData", "{1FDBC6CA-942F-45B1-B841-B0808D16E1DE}"
EndProject
Project("{FAE04EC0-301F-11D3-BF4B-00C04F79EFBC}") = "System.Data.OData", "Extensions\OData\3rd\odata\System.Data.OData.csproj", "{34B74905-DF66-4BF7-958B-62C50ED1203C}"
EndProject
Project("{FAE04EC0-301F-11D3-BF4B-00C04F79EFBC}") = "ComposableHostWebSite", "tests\ComposableHostWebSite\ComposableHostWebSite.csproj", "{A5388E06-87EF-4894-B22A-4716839A165C}"
EndProject
Project("{FAE04EC0-301F-11D3-BF4B-00C04F79EFBC}") = "BundledWebSite1", "tests\BundledWebSite1\BundledWebSite1.csproj", "{F70E9E7E-9955-42E6-B14F-7981EBD3F389}"
EndProject
Global
	GlobalSection(SolutionConfigurationPlatforms) = preSolution
		Debug|Any CPU = Debug|Any CPU
		Debug|Mixed Platforms = Debug|Mixed Platforms
		Debug|x86 = Debug|x86
		MONO28-Debug|Any CPU = MONO28-Debug|Any CPU
		MONO28-Debug|Mixed Platforms = MONO28-Debug|Mixed Platforms
		MONO28-Debug|x86 = MONO28-Debug|x86
		MONO28-Release|Any CPU = MONO28-Release|Any CPU
		MONO28-Release|Mixed Platforms = MONO28-Release|Mixed Platforms
		MONO28-Release|x86 = MONO28-Release|x86
		NET40-Debug|Any CPU = NET40-Debug|Any CPU
		NET40-Debug|Mixed Platforms = NET40-Debug|Mixed Platforms
		NET40-Debug|x86 = NET40-Debug|x86
		NET40-Release|Any CPU = NET40-Release|Any CPU
		NET40-Release|Mixed Platforms = NET40-Release|Mixed Platforms
		NET40-Release|x86 = NET40-Release|x86
		Release|Any CPU = Release|Any CPU
		Release|Mixed Platforms = Release|Mixed Platforms
		Release|x86 = Release|x86
	EndGlobalSection
	GlobalSection(ProjectConfigurationPlatforms) = postSolution
		{A0731A18-51AF-43FE-9CB5-C13F870DC1BA}.Debug|Any CPU.ActiveCfg = Debug|Any CPU
		{A0731A18-51AF-43FE-9CB5-C13F870DC1BA}.Debug|Any CPU.Build.0 = Debug|Any CPU
		{A0731A18-51AF-43FE-9CB5-C13F870DC1BA}.Debug|Mixed Platforms.ActiveCfg = Debug|Any CPU
		{A0731A18-51AF-43FE-9CB5-C13F870DC1BA}.Debug|Mixed Platforms.Build.0 = Debug|Any CPU
		{A0731A18-51AF-43FE-9CB5-C13F870DC1BA}.Debug|x86.ActiveCfg = Debug|Any CPU
		{A0731A18-51AF-43FE-9CB5-C13F870DC1BA}.MONO28-Debug|Any CPU.ActiveCfg = Debug|Any CPU
		{A0731A18-51AF-43FE-9CB5-C13F870DC1BA}.MONO28-Debug|Any CPU.Build.0 = Debug|Any CPU
		{A0731A18-51AF-43FE-9CB5-C13F870DC1BA}.MONO28-Debug|Mixed Platforms.ActiveCfg = Debug|Any CPU
		{A0731A18-51AF-43FE-9CB5-C13F870DC1BA}.MONO28-Debug|Mixed Platforms.Build.0 = Debug|Any CPU
		{A0731A18-51AF-43FE-9CB5-C13F870DC1BA}.MONO28-Debug|x86.ActiveCfg = Debug|Any CPU
		{A0731A18-51AF-43FE-9CB5-C13F870DC1BA}.MONO28-Release|Any CPU.ActiveCfg = Release|Any CPU
		{A0731A18-51AF-43FE-9CB5-C13F870DC1BA}.MONO28-Release|Any CPU.Build.0 = Release|Any CPU
		{A0731A18-51AF-43FE-9CB5-C13F870DC1BA}.MONO28-Release|Mixed Platforms.ActiveCfg = Release|Any CPU
		{A0731A18-51AF-43FE-9CB5-C13F870DC1BA}.MONO28-Release|Mixed Platforms.Build.0 = Release|Any CPU
		{A0731A18-51AF-43FE-9CB5-C13F870DC1BA}.MONO28-Release|x86.ActiveCfg = Release|Any CPU
		{A0731A18-51AF-43FE-9CB5-C13F870DC1BA}.NET40-Debug|Any CPU.ActiveCfg = Debug|Any CPU
		{A0731A18-51AF-43FE-9CB5-C13F870DC1BA}.NET40-Debug|Any CPU.Build.0 = Debug|Any CPU
		{A0731A18-51AF-43FE-9CB5-C13F870DC1BA}.NET40-Debug|Mixed Platforms.ActiveCfg = Debug|Any CPU
		{A0731A18-51AF-43FE-9CB5-C13F870DC1BA}.NET40-Debug|Mixed Platforms.Build.0 = Debug|Any CPU
		{A0731A18-51AF-43FE-9CB5-C13F870DC1BA}.NET40-Debug|x86.ActiveCfg = Debug|Any CPU
		{A0731A18-51AF-43FE-9CB5-C13F870DC1BA}.NET40-Release|Any CPU.ActiveCfg = Release|Any CPU
		{A0731A18-51AF-43FE-9CB5-C13F870DC1BA}.NET40-Release|Any CPU.Build.0 = Release|Any CPU
		{A0731A18-51AF-43FE-9CB5-C13F870DC1BA}.NET40-Release|Mixed Platforms.ActiveCfg = Release|Any CPU
		{A0731A18-51AF-43FE-9CB5-C13F870DC1BA}.NET40-Release|Mixed Platforms.Build.0 = Release|Any CPU
		{A0731A18-51AF-43FE-9CB5-C13F870DC1BA}.NET40-Release|x86.ActiveCfg = Release|Any CPU
		{A0731A18-51AF-43FE-9CB5-C13F870DC1BA}.Release|Any CPU.ActiveCfg = Release|Any CPU
		{A0731A18-51AF-43FE-9CB5-C13F870DC1BA}.Release|Any CPU.Build.0 = Release|Any CPU
		{A0731A18-51AF-43FE-9CB5-C13F870DC1BA}.Release|Mixed Platforms.ActiveCfg = Release|Any CPU
		{A0731A18-51AF-43FE-9CB5-C13F870DC1BA}.Release|Mixed Platforms.Build.0 = Release|Any CPU
		{A0731A18-51AF-43FE-9CB5-C13F870DC1BA}.Release|x86.ActiveCfg = Release|Any CPU
		{8C35651E-A56E-4771-95CA-E312AA318538}.Debug|Any CPU.ActiveCfg = Debug|Any CPU
		{8C35651E-A56E-4771-95CA-E312AA318538}.Debug|Any CPU.Build.0 = Debug|Any CPU
		{8C35651E-A56E-4771-95CA-E312AA318538}.Debug|Mixed Platforms.ActiveCfg = Debug|Any CPU
		{8C35651E-A56E-4771-95CA-E312AA318538}.Debug|Mixed Platforms.Build.0 = Debug|Any CPU
		{8C35651E-A56E-4771-95CA-E312AA318538}.Debug|x86.ActiveCfg = Debug|Any CPU
		{8C35651E-A56E-4771-95CA-E312AA318538}.MONO28-Debug|Any CPU.ActiveCfg = Debug|Any CPU
		{8C35651E-A56E-4771-95CA-E312AA318538}.MONO28-Debug|Any CPU.Build.0 = Debug|Any CPU
		{8C35651E-A56E-4771-95CA-E312AA318538}.MONO28-Debug|Mixed Platforms.ActiveCfg = Debug|Any CPU
		{8C35651E-A56E-4771-95CA-E312AA318538}.MONO28-Debug|Mixed Platforms.Build.0 = Debug|Any CPU
		{8C35651E-A56E-4771-95CA-E312AA318538}.MONO28-Debug|x86.ActiveCfg = Debug|Any CPU
		{8C35651E-A56E-4771-95CA-E312AA318538}.MONO28-Release|Any CPU.ActiveCfg = Release|Any CPU
		{8C35651E-A56E-4771-95CA-E312AA318538}.MONO28-Release|Any CPU.Build.0 = Release|Any CPU
		{8C35651E-A56E-4771-95CA-E312AA318538}.MONO28-Release|Mixed Platforms.ActiveCfg = Release|Any CPU
		{8C35651E-A56E-4771-95CA-E312AA318538}.MONO28-Release|Mixed Platforms.Build.0 = Release|Any CPU
		{8C35651E-A56E-4771-95CA-E312AA318538}.MONO28-Release|x86.ActiveCfg = Release|Any CPU
		{8C35651E-A56E-4771-95CA-E312AA318538}.NET40-Debug|Any CPU.ActiveCfg = Debug|Any CPU
		{8C35651E-A56E-4771-95CA-E312AA318538}.NET40-Debug|Any CPU.Build.0 = Debug|Any CPU
		{8C35651E-A56E-4771-95CA-E312AA318538}.NET40-Debug|Mixed Platforms.ActiveCfg = Debug|Any CPU
		{8C35651E-A56E-4771-95CA-E312AA318538}.NET40-Debug|Mixed Platforms.Build.0 = Debug|Any CPU
		{8C35651E-A56E-4771-95CA-E312AA318538}.NET40-Debug|x86.ActiveCfg = Debug|Any CPU
		{8C35651E-A56E-4771-95CA-E312AA318538}.NET40-Release|Any CPU.ActiveCfg = Release|Any CPU
		{8C35651E-A56E-4771-95CA-E312AA318538}.NET40-Release|Any CPU.Build.0 = Release|Any CPU
		{8C35651E-A56E-4771-95CA-E312AA318538}.NET40-Release|Mixed Platforms.ActiveCfg = Release|Any CPU
		{8C35651E-A56E-4771-95CA-E312AA318538}.NET40-Release|Mixed Platforms.Build.0 = Release|Any CPU
		{8C35651E-A56E-4771-95CA-E312AA318538}.NET40-Release|x86.ActiveCfg = Release|Any CPU
		{8C35651E-A56E-4771-95CA-E312AA318538}.Release|Any CPU.ActiveCfg = Release|Any CPU
		{8C35651E-A56E-4771-95CA-E312AA318538}.Release|Any CPU.Build.0 = Release|Any CPU
		{8C35651E-A56E-4771-95CA-E312AA318538}.Release|Mixed Platforms.ActiveCfg = Release|Any CPU
		{8C35651E-A56E-4771-95CA-E312AA318538}.Release|Mixed Platforms.Build.0 = Release|Any CPU
		{8C35651E-A56E-4771-95CA-E312AA318538}.Release|x86.ActiveCfg = Release|Any CPU
		{D0F1F4F2-48B0-4C46-83E4-8909C92846C9}.Debug|Any CPU.ActiveCfg = NET40-Debug|Any CPU
		{D0F1F4F2-48B0-4C46-83E4-8909C92846C9}.Debug|Any CPU.Build.0 = NET40-Debug|Any CPU
		{D0F1F4F2-48B0-4C46-83E4-8909C92846C9}.Debug|Mixed Platforms.ActiveCfg = NET40-Debug|Any CPU
		{D0F1F4F2-48B0-4C46-83E4-8909C92846C9}.Debug|Mixed Platforms.Build.0 = NET40-Debug|Any CPU
		{D0F1F4F2-48B0-4C46-83E4-8909C92846C9}.Debug|x86.ActiveCfg = NET40-Release|Any CPU
		{D0F1F4F2-48B0-4C46-83E4-8909C92846C9}.MONO28-Debug|Any CPU.ActiveCfg = NET40-Release|Any CPU
		{D0F1F4F2-48B0-4C46-83E4-8909C92846C9}.MONO28-Debug|Any CPU.Build.0 = NET40-Release|Any CPU
		{D0F1F4F2-48B0-4C46-83E4-8909C92846C9}.MONO28-Debug|Mixed Platforms.ActiveCfg = NET40-Release|Any CPU
		{D0F1F4F2-48B0-4C46-83E4-8909C92846C9}.MONO28-Debug|Mixed Platforms.Build.0 = NET40-Release|Any CPU
		{D0F1F4F2-48B0-4C46-83E4-8909C92846C9}.MONO28-Debug|x86.ActiveCfg = NET40-Release|Any CPU
		{D0F1F4F2-48B0-4C46-83E4-8909C92846C9}.MONO28-Release|Any CPU.ActiveCfg = NET40-Release|Any CPU
		{D0F1F4F2-48B0-4C46-83E4-8909C92846C9}.MONO28-Release|Any CPU.Build.0 = NET40-Release|Any CPU
		{D0F1F4F2-48B0-4C46-83E4-8909C92846C9}.MONO28-Release|Mixed Platforms.ActiveCfg = NET40-Release|Any CPU
		{D0F1F4F2-48B0-4C46-83E4-8909C92846C9}.MONO28-Release|Mixed Platforms.Build.0 = NET40-Release|Any CPU
		{D0F1F4F2-48B0-4C46-83E4-8909C92846C9}.MONO28-Release|x86.ActiveCfg = NET40-Release|Any CPU
		{D0F1F4F2-48B0-4C46-83E4-8909C92846C9}.NET40-Debug|Any CPU.ActiveCfg = NET40-Debug|Any CPU
		{D0F1F4F2-48B0-4C46-83E4-8909C92846C9}.NET40-Debug|Any CPU.Build.0 = NET40-Debug|Any CPU
		{D0F1F4F2-48B0-4C46-83E4-8909C92846C9}.NET40-Debug|Mixed Platforms.ActiveCfg = NET40-Debug|Any CPU
		{D0F1F4F2-48B0-4C46-83E4-8909C92846C9}.NET40-Debug|Mixed Platforms.Build.0 = NET40-Debug|Any CPU
		{D0F1F4F2-48B0-4C46-83E4-8909C92846C9}.NET40-Debug|x86.ActiveCfg = NET40-Debug|Any CPU
		{D0F1F4F2-48B0-4C46-83E4-8909C92846C9}.NET40-Release|Any CPU.ActiveCfg = NET40-Release|Any CPU
		{D0F1F4F2-48B0-4C46-83E4-8909C92846C9}.NET40-Release|Any CPU.Build.0 = NET40-Release|Any CPU
		{D0F1F4F2-48B0-4C46-83E4-8909C92846C9}.NET40-Release|Mixed Platforms.ActiveCfg = NET40-Release|Any CPU
		{D0F1F4F2-48B0-4C46-83E4-8909C92846C9}.NET40-Release|Mixed Platforms.Build.0 = NET40-Release|Any CPU
		{D0F1F4F2-48B0-4C46-83E4-8909C92846C9}.NET40-Release|x86.ActiveCfg = NET40-Release|Any CPU
		{D0F1F4F2-48B0-4C46-83E4-8909C92846C9}.Release|Any CPU.ActiveCfg = NET40-Release|Any CPU
		{D0F1F4F2-48B0-4C46-83E4-8909C92846C9}.Release|Any CPU.Build.0 = NET40-Release|Any CPU
		{D0F1F4F2-48B0-4C46-83E4-8909C92846C9}.Release|Mixed Platforms.ActiveCfg = NET40-Release|Any CPU
		{D0F1F4F2-48B0-4C46-83E4-8909C92846C9}.Release|Mixed Platforms.Build.0 = NET40-Release|Any CPU
		{D0F1F4F2-48B0-4C46-83E4-8909C92846C9}.Release|x86.ActiveCfg = NET40-Release|Any CPU
		{C9BBA850-23EF-4D22-B25E-C35D50C625E6}.Debug|Any CPU.ActiveCfg = Debug|x86
		{C9BBA850-23EF-4D22-B25E-C35D50C625E6}.Debug|Any CPU.Build.0 = Debug|x86
		{C9BBA850-23EF-4D22-B25E-C35D50C625E6}.Debug|Mixed Platforms.ActiveCfg = Debug|x86
		{C9BBA850-23EF-4D22-B25E-C35D50C625E6}.Debug|Mixed Platforms.Build.0 = Debug|x86
		{C9BBA850-23EF-4D22-B25E-C35D50C625E6}.Debug|x86.ActiveCfg = Debug|x86
		{C9BBA850-23EF-4D22-B25E-C35D50C625E6}.Debug|x86.Build.0 = Debug|x86
		{C9BBA850-23EF-4D22-B25E-C35D50C625E6}.MONO28-Debug|Any CPU.ActiveCfg = Debug|x86
		{C9BBA850-23EF-4D22-B25E-C35D50C625E6}.MONO28-Debug|Mixed Platforms.ActiveCfg = Debug|x86
		{C9BBA850-23EF-4D22-B25E-C35D50C625E6}.MONO28-Debug|Mixed Platforms.Build.0 = Debug|x86
		{C9BBA850-23EF-4D22-B25E-C35D50C625E6}.MONO28-Debug|x86.ActiveCfg = Debug|x86
		{C9BBA850-23EF-4D22-B25E-C35D50C625E6}.MONO28-Debug|x86.Build.0 = Debug|x86
		{C9BBA850-23EF-4D22-B25E-C35D50C625E6}.MONO28-Release|Any CPU.ActiveCfg = Release|x86
		{C9BBA850-23EF-4D22-B25E-C35D50C625E6}.MONO28-Release|Mixed Platforms.ActiveCfg = Release|x86
		{C9BBA850-23EF-4D22-B25E-C35D50C625E6}.MONO28-Release|Mixed Platforms.Build.0 = Release|x86
		{C9BBA850-23EF-4D22-B25E-C35D50C625E6}.MONO28-Release|x86.ActiveCfg = Release|x86
		{C9BBA850-23EF-4D22-B25E-C35D50C625E6}.MONO28-Release|x86.Build.0 = Release|x86
		{C9BBA850-23EF-4D22-B25E-C35D50C625E6}.NET40-Debug|Any CPU.ActiveCfg = Debug|x86
		{C9BBA850-23EF-4D22-B25E-C35D50C625E6}.NET40-Debug|Any CPU.Build.0 = Debug|x86
		{C9BBA850-23EF-4D22-B25E-C35D50C625E6}.NET40-Debug|Mixed Platforms.ActiveCfg = Debug|x86
		{C9BBA850-23EF-4D22-B25E-C35D50C625E6}.NET40-Debug|Mixed Platforms.Build.0 = Debug|x86
		{C9BBA850-23EF-4D22-B25E-C35D50C625E6}.NET40-Debug|x86.ActiveCfg = Debug|x86
		{C9BBA850-23EF-4D22-B25E-C35D50C625E6}.NET40-Debug|x86.Build.0 = Debug|x86
		{C9BBA850-23EF-4D22-B25E-C35D50C625E6}.NET40-Release|Any CPU.ActiveCfg = Release|x86
		{C9BBA850-23EF-4D22-B25E-C35D50C625E6}.NET40-Release|Mixed Platforms.ActiveCfg = Release|x86
		{C9BBA850-23EF-4D22-B25E-C35D50C625E6}.NET40-Release|Mixed Platforms.Build.0 = Release|x86
		{C9BBA850-23EF-4D22-B25E-C35D50C625E6}.NET40-Release|x86.ActiveCfg = Release|x86
		{C9BBA850-23EF-4D22-B25E-C35D50C625E6}.NET40-Release|x86.Build.0 = Release|x86
		{C9BBA850-23EF-4D22-B25E-C35D50C625E6}.Release|Any CPU.ActiveCfg = Release|x86
		{C9BBA850-23EF-4D22-B25E-C35D50C625E6}.Release|Any CPU.Build.0 = Release|x86
		{C9BBA850-23EF-4D22-B25E-C35D50C625E6}.Release|Mixed Platforms.ActiveCfg = Release|x86
		{C9BBA850-23EF-4D22-B25E-C35D50C625E6}.Release|Mixed Platforms.Build.0 = Release|x86
		{C9BBA850-23EF-4D22-B25E-C35D50C625E6}.Release|x86.ActiveCfg = Release|x86
		{C9BBA850-23EF-4D22-B25E-C35D50C625E6}.Release|x86.Build.0 = Release|x86
		{84BCA422-D499-44A4-8AD3-5039238B77BE}.Debug|Any CPU.ActiveCfg = Debug|Any CPU
		{84BCA422-D499-44A4-8AD3-5039238B77BE}.Debug|Any CPU.Build.0 = Debug|Any CPU
		{84BCA422-D499-44A4-8AD3-5039238B77BE}.Debug|Mixed Platforms.ActiveCfg = Debug|Any CPU
		{84BCA422-D499-44A4-8AD3-5039238B77BE}.Debug|Mixed Platforms.Build.0 = Debug|Any CPU
		{84BCA422-D499-44A4-8AD3-5039238B77BE}.Debug|x86.ActiveCfg = Debug|Any CPU
		{84BCA422-D499-44A4-8AD3-5039238B77BE}.MONO28-Debug|Any CPU.ActiveCfg = Debug|Any CPU
		{84BCA422-D499-44A4-8AD3-5039238B77BE}.MONO28-Debug|Any CPU.Build.0 = Debug|Any CPU
		{84BCA422-D499-44A4-8AD3-5039238B77BE}.MONO28-Debug|Mixed Platforms.ActiveCfg = Debug|Any CPU
		{84BCA422-D499-44A4-8AD3-5039238B77BE}.MONO28-Debug|Mixed Platforms.Build.0 = Debug|Any CPU
		{84BCA422-D499-44A4-8AD3-5039238B77BE}.MONO28-Debug|x86.ActiveCfg = Debug|Any CPU
		{84BCA422-D499-44A4-8AD3-5039238B77BE}.MONO28-Release|Any CPU.ActiveCfg = Release|Any CPU
		{84BCA422-D499-44A4-8AD3-5039238B77BE}.MONO28-Release|Any CPU.Build.0 = Release|Any CPU
		{84BCA422-D499-44A4-8AD3-5039238B77BE}.MONO28-Release|Mixed Platforms.ActiveCfg = Release|Any CPU
		{84BCA422-D499-44A4-8AD3-5039238B77BE}.MONO28-Release|Mixed Platforms.Build.0 = Release|Any CPU
		{84BCA422-D499-44A4-8AD3-5039238B77BE}.MONO28-Release|x86.ActiveCfg = Release|Any CPU
		{84BCA422-D499-44A4-8AD3-5039238B77BE}.NET40-Debug|Any CPU.ActiveCfg = Debug|Any CPU
		{84BCA422-D499-44A4-8AD3-5039238B77BE}.NET40-Debug|Any CPU.Build.0 = Debug|Any CPU
		{84BCA422-D499-44A4-8AD3-5039238B77BE}.NET40-Debug|Mixed Platforms.ActiveCfg = Debug|Any CPU
		{84BCA422-D499-44A4-8AD3-5039238B77BE}.NET40-Debug|Mixed Platforms.Build.0 = Debug|Any CPU
		{84BCA422-D499-44A4-8AD3-5039238B77BE}.NET40-Debug|x86.ActiveCfg = Debug|Any CPU
		{84BCA422-D499-44A4-8AD3-5039238B77BE}.NET40-Release|Any CPU.ActiveCfg = Release|Any CPU
		{84BCA422-D499-44A4-8AD3-5039238B77BE}.NET40-Release|Any CPU.Build.0 = Release|Any CPU
		{84BCA422-D499-44A4-8AD3-5039238B77BE}.NET40-Release|Mixed Platforms.ActiveCfg = Release|Any CPU
		{84BCA422-D499-44A4-8AD3-5039238B77BE}.NET40-Release|Mixed Platforms.Build.0 = Release|Any CPU
		{84BCA422-D499-44A4-8AD3-5039238B77BE}.NET40-Release|x86.ActiveCfg = Release|Any CPU
		{84BCA422-D499-44A4-8AD3-5039238B77BE}.Release|Any CPU.ActiveCfg = Release|Any CPU
		{84BCA422-D499-44A4-8AD3-5039238B77BE}.Release|Any CPU.Build.0 = Release|Any CPU
		{84BCA422-D499-44A4-8AD3-5039238B77BE}.Release|Mixed Platforms.ActiveCfg = Release|Any CPU
		{84BCA422-D499-44A4-8AD3-5039238B77BE}.Release|Mixed Platforms.Build.0 = Release|Any CPU
		{84BCA422-D499-44A4-8AD3-5039238B77BE}.Release|x86.ActiveCfg = Release|Any CPU
		{26F17283-2253-4FFA-8A11-116BFA71A3B2}.Debug|Any CPU.ActiveCfg = Debug|Any CPU
		{26F17283-2253-4FFA-8A11-116BFA71A3B2}.Debug|Any CPU.Build.0 = Debug|Any CPU
		{26F17283-2253-4FFA-8A11-116BFA71A3B2}.Debug|Mixed Platforms.ActiveCfg = Debug|Any CPU
		{26F17283-2253-4FFA-8A11-116BFA71A3B2}.Debug|Mixed Platforms.Build.0 = Debug|Any CPU
		{26F17283-2253-4FFA-8A11-116BFA71A3B2}.Debug|x86.ActiveCfg = Debug|Any CPU
		{26F17283-2253-4FFA-8A11-116BFA71A3B2}.MONO28-Debug|Any CPU.ActiveCfg = Debug|Any CPU
		{26F17283-2253-4FFA-8A11-116BFA71A3B2}.MONO28-Debug|Any CPU.Build.0 = Debug|Any CPU
		{26F17283-2253-4FFA-8A11-116BFA71A3B2}.MONO28-Debug|Mixed Platforms.ActiveCfg = Debug|Any CPU
		{26F17283-2253-4FFA-8A11-116BFA71A3B2}.MONO28-Debug|Mixed Platforms.Build.0 = Debug|Any CPU
		{26F17283-2253-4FFA-8A11-116BFA71A3B2}.MONO28-Debug|x86.ActiveCfg = Debug|Any CPU
		{26F17283-2253-4FFA-8A11-116BFA71A3B2}.MONO28-Release|Any CPU.ActiveCfg = Release|Any CPU
		{26F17283-2253-4FFA-8A11-116BFA71A3B2}.MONO28-Release|Any CPU.Build.0 = Release|Any CPU
		{26F17283-2253-4FFA-8A11-116BFA71A3B2}.MONO28-Release|Mixed Platforms.ActiveCfg = Release|Any CPU
		{26F17283-2253-4FFA-8A11-116BFA71A3B2}.MONO28-Release|Mixed Platforms.Build.0 = Release|Any CPU
		{26F17283-2253-4FFA-8A11-116BFA71A3B2}.MONO28-Release|x86.ActiveCfg = Release|Any CPU
		{26F17283-2253-4FFA-8A11-116BFA71A3B2}.NET40-Debug|Any CPU.ActiveCfg = Debug|Any CPU
		{26F17283-2253-4FFA-8A11-116BFA71A3B2}.NET40-Debug|Any CPU.Build.0 = Debug|Any CPU
		{26F17283-2253-4FFA-8A11-116BFA71A3B2}.NET40-Debug|Mixed Platforms.ActiveCfg = Debug|Any CPU
		{26F17283-2253-4FFA-8A11-116BFA71A3B2}.NET40-Debug|Mixed Platforms.Build.0 = Debug|Any CPU
		{26F17283-2253-4FFA-8A11-116BFA71A3B2}.NET40-Debug|x86.ActiveCfg = Debug|Any CPU
		{26F17283-2253-4FFA-8A11-116BFA71A3B2}.NET40-Release|Any CPU.ActiveCfg = Release|Any CPU
		{26F17283-2253-4FFA-8A11-116BFA71A3B2}.NET40-Release|Any CPU.Build.0 = Release|Any CPU
		{26F17283-2253-4FFA-8A11-116BFA71A3B2}.NET40-Release|Mixed Platforms.ActiveCfg = Release|Any CPU
		{26F17283-2253-4FFA-8A11-116BFA71A3B2}.NET40-Release|Mixed Platforms.Build.0 = Release|Any CPU
		{26F17283-2253-4FFA-8A11-116BFA71A3B2}.NET40-Release|x86.ActiveCfg = Release|Any CPU
		{26F17283-2253-4FFA-8A11-116BFA71A3B2}.Release|Any CPU.ActiveCfg = Release|Any CPU
		{26F17283-2253-4FFA-8A11-116BFA71A3B2}.Release|Any CPU.Build.0 = Release|Any CPU
		{26F17283-2253-4FFA-8A11-116BFA71A3B2}.Release|Mixed Platforms.ActiveCfg = Release|Any CPU
		{26F17283-2253-4FFA-8A11-116BFA71A3B2}.Release|Mixed Platforms.Build.0 = Release|Any CPU
		{26F17283-2253-4FFA-8A11-116BFA71A3B2}.Release|x86.ActiveCfg = Release|Any CPU
		{51FC792E-69D3-41C4-937E-4ABAC181D918}.Debug|Any CPU.ActiveCfg = Debug|Any CPU
		{51FC792E-69D3-41C4-937E-4ABAC181D918}.Debug|Any CPU.Build.0 = Debug|Any CPU
		{51FC792E-69D3-41C4-937E-4ABAC181D918}.Debug|Mixed Platforms.ActiveCfg = Debug|Any CPU
		{51FC792E-69D3-41C4-937E-4ABAC181D918}.Debug|Mixed Platforms.Build.0 = Debug|Any CPU
		{51FC792E-69D3-41C4-937E-4ABAC181D918}.Debug|x86.ActiveCfg = Debug|Any CPU
		{51FC792E-69D3-41C4-937E-4ABAC181D918}.MONO28-Debug|Any CPU.ActiveCfg = Debug|Any CPU
		{51FC792E-69D3-41C4-937E-4ABAC181D918}.MONO28-Debug|Any CPU.Build.0 = Debug|Any CPU
		{51FC792E-69D3-41C4-937E-4ABAC181D918}.MONO28-Debug|Mixed Platforms.ActiveCfg = Debug|Any CPU
		{51FC792E-69D3-41C4-937E-4ABAC181D918}.MONO28-Debug|Mixed Platforms.Build.0 = Debug|Any CPU
		{51FC792E-69D3-41C4-937E-4ABAC181D918}.MONO28-Debug|x86.ActiveCfg = Debug|Any CPU
		{51FC792E-69D3-41C4-937E-4ABAC181D918}.MONO28-Release|Any CPU.ActiveCfg = Release|Any CPU
		{51FC792E-69D3-41C4-937E-4ABAC181D918}.MONO28-Release|Any CPU.Build.0 = Release|Any CPU
		{51FC792E-69D3-41C4-937E-4ABAC181D918}.MONO28-Release|Mixed Platforms.ActiveCfg = Release|Any CPU
		{51FC792E-69D3-41C4-937E-4ABAC181D918}.MONO28-Release|Mixed Platforms.Build.0 = Release|Any CPU
		{51FC792E-69D3-41C4-937E-4ABAC181D918}.MONO28-Release|x86.ActiveCfg = Release|Any CPU
		{51FC792E-69D3-41C4-937E-4ABAC181D918}.NET40-Debug|Any CPU.ActiveCfg = Debug|Any CPU
		{51FC792E-69D3-41C4-937E-4ABAC181D918}.NET40-Debug|Any CPU.Build.0 = Debug|Any CPU
		{51FC792E-69D3-41C4-937E-4ABAC181D918}.NET40-Debug|Mixed Platforms.ActiveCfg = Debug|Any CPU
		{51FC792E-69D3-41C4-937E-4ABAC181D918}.NET40-Debug|Mixed Platforms.Build.0 = Debug|Any CPU
		{51FC792E-69D3-41C4-937E-4ABAC181D918}.NET40-Debug|x86.ActiveCfg = Debug|Any CPU
		{51FC792E-69D3-41C4-937E-4ABAC181D918}.NET40-Release|Any CPU.ActiveCfg = Release|Any CPU
		{51FC792E-69D3-41C4-937E-4ABAC181D918}.NET40-Release|Any CPU.Build.0 = Release|Any CPU
		{51FC792E-69D3-41C4-937E-4ABAC181D918}.NET40-Release|Mixed Platforms.ActiveCfg = Release|Any CPU
		{51FC792E-69D3-41C4-937E-4ABAC181D918}.NET40-Release|Mixed Platforms.Build.0 = Release|Any CPU
		{51FC792E-69D3-41C4-937E-4ABAC181D918}.NET40-Release|x86.ActiveCfg = Release|Any CPU
		{51FC792E-69D3-41C4-937E-4ABAC181D918}.Release|Any CPU.ActiveCfg = Release|Any CPU
		{51FC792E-69D3-41C4-937E-4ABAC181D918}.Release|Any CPU.Build.0 = Release|Any CPU
		{51FC792E-69D3-41C4-937E-4ABAC181D918}.Release|Mixed Platforms.ActiveCfg = Release|Any CPU
		{51FC792E-69D3-41C4-937E-4ABAC181D918}.Release|Mixed Platforms.Build.0 = Release|Any CPU
		{51FC792E-69D3-41C4-937E-4ABAC181D918}.Release|x86.ActiveCfg = Release|Any CPU
		{8DF9E981-2558-4EFD-A455-5459F36A9B03}.Debug|Any CPU.ActiveCfg = Debug|Any CPU
		{8DF9E981-2558-4EFD-A455-5459F36A9B03}.Debug|Any CPU.Build.0 = Debug|Any CPU
		{8DF9E981-2558-4EFD-A455-5459F36A9B03}.Debug|Mixed Platforms.ActiveCfg = Debug|Any CPU
		{8DF9E981-2558-4EFD-A455-5459F36A9B03}.Debug|Mixed Platforms.Build.0 = Debug|Any CPU
		{8DF9E981-2558-4EFD-A455-5459F36A9B03}.Debug|x86.ActiveCfg = Debug|Any CPU
		{8DF9E981-2558-4EFD-A455-5459F36A9B03}.MONO28-Debug|Any CPU.ActiveCfg = Debug|Any CPU
		{8DF9E981-2558-4EFD-A455-5459F36A9B03}.MONO28-Debug|Any CPU.Build.0 = Debug|Any CPU
		{8DF9E981-2558-4EFD-A455-5459F36A9B03}.MONO28-Debug|Mixed Platforms.ActiveCfg = Debug|Any CPU
		{8DF9E981-2558-4EFD-A455-5459F36A9B03}.MONO28-Debug|Mixed Platforms.Build.0 = Debug|Any CPU
		{8DF9E981-2558-4EFD-A455-5459F36A9B03}.MONO28-Debug|x86.ActiveCfg = Debug|Any CPU
		{8DF9E981-2558-4EFD-A455-5459F36A9B03}.MONO28-Release|Any CPU.ActiveCfg = Release|Any CPU
		{8DF9E981-2558-4EFD-A455-5459F36A9B03}.MONO28-Release|Any CPU.Build.0 = Release|Any CPU
		{8DF9E981-2558-4EFD-A455-5459F36A9B03}.MONO28-Release|Mixed Platforms.ActiveCfg = Release|Any CPU
		{8DF9E981-2558-4EFD-A455-5459F36A9B03}.MONO28-Release|Mixed Platforms.Build.0 = Release|Any CPU
		{8DF9E981-2558-4EFD-A455-5459F36A9B03}.MONO28-Release|x86.ActiveCfg = Release|Any CPU
		{8DF9E981-2558-4EFD-A455-5459F36A9B03}.NET40-Debug|Any CPU.ActiveCfg = Debug|Any CPU
		{8DF9E981-2558-4EFD-A455-5459F36A9B03}.NET40-Debug|Any CPU.Build.0 = Debug|Any CPU
		{8DF9E981-2558-4EFD-A455-5459F36A9B03}.NET40-Debug|Mixed Platforms.ActiveCfg = Debug|Any CPU
		{8DF9E981-2558-4EFD-A455-5459F36A9B03}.NET40-Debug|Mixed Platforms.Build.0 = Debug|Any CPU
		{8DF9E981-2558-4EFD-A455-5459F36A9B03}.NET40-Debug|x86.ActiveCfg = Debug|Any CPU
		{8DF9E981-2558-4EFD-A455-5459F36A9B03}.NET40-Release|Any CPU.ActiveCfg = Release|Any CPU
		{8DF9E981-2558-4EFD-A455-5459F36A9B03}.NET40-Release|Any CPU.Build.0 = Release|Any CPU
		{8DF9E981-2558-4EFD-A455-5459F36A9B03}.NET40-Release|Mixed Platforms.ActiveCfg = Release|Any CPU
		{8DF9E981-2558-4EFD-A455-5459F36A9B03}.NET40-Release|Mixed Platforms.Build.0 = Release|Any CPU
		{8DF9E981-2558-4EFD-A455-5459F36A9B03}.NET40-Release|x86.ActiveCfg = Release|Any CPU
		{8DF9E981-2558-4EFD-A455-5459F36A9B03}.Release|Any CPU.ActiveCfg = Release|Any CPU
		{8DF9E981-2558-4EFD-A455-5459F36A9B03}.Release|Any CPU.Build.0 = Release|Any CPU
		{8DF9E981-2558-4EFD-A455-5459F36A9B03}.Release|Mixed Platforms.ActiveCfg = Release|Any CPU
		{8DF9E981-2558-4EFD-A455-5459F36A9B03}.Release|Mixed Platforms.Build.0 = Release|Any CPU
		{8DF9E981-2558-4EFD-A455-5459F36A9B03}.Release|x86.ActiveCfg = Release|Any CPU
		{53C04B7D-F909-406B-9B0D-BB72CE68E646}.Debug|Any CPU.ActiveCfg = Debug|Any CPU
		{53C04B7D-F909-406B-9B0D-BB72CE68E646}.Debug|Any CPU.Build.0 = Debug|Any CPU
		{53C04B7D-F909-406B-9B0D-BB72CE68E646}.Debug|Mixed Platforms.ActiveCfg = Debug|Any CPU
		{53C04B7D-F909-406B-9B0D-BB72CE68E646}.Debug|Mixed Platforms.Build.0 = Debug|Any CPU
		{53C04B7D-F909-406B-9B0D-BB72CE68E646}.Debug|x86.ActiveCfg = Debug|Any CPU
		{53C04B7D-F909-406B-9B0D-BB72CE68E646}.MONO28-Debug|Any CPU.ActiveCfg = Debug|Any CPU
		{53C04B7D-F909-406B-9B0D-BB72CE68E646}.MONO28-Debug|Any CPU.Build.0 = Debug|Any CPU
		{53C04B7D-F909-406B-9B0D-BB72CE68E646}.MONO28-Debug|Mixed Platforms.ActiveCfg = Debug|Any CPU
		{53C04B7D-F909-406B-9B0D-BB72CE68E646}.MONO28-Debug|Mixed Platforms.Build.0 = Debug|Any CPU
		{53C04B7D-F909-406B-9B0D-BB72CE68E646}.MONO28-Debug|x86.ActiveCfg = Debug|Any CPU
		{53C04B7D-F909-406B-9B0D-BB72CE68E646}.MONO28-Release|Any CPU.ActiveCfg = Release|Any CPU
		{53C04B7D-F909-406B-9B0D-BB72CE68E646}.MONO28-Release|Any CPU.Build.0 = Release|Any CPU
		{53C04B7D-F909-406B-9B0D-BB72CE68E646}.MONO28-Release|Mixed Platforms.ActiveCfg = Release|Any CPU
		{53C04B7D-F909-406B-9B0D-BB72CE68E646}.MONO28-Release|Mixed Platforms.Build.0 = Release|Any CPU
		{53C04B7D-F909-406B-9B0D-BB72CE68E646}.MONO28-Release|x86.ActiveCfg = Release|Any CPU
		{53C04B7D-F909-406B-9B0D-BB72CE68E646}.NET40-Debug|Any CPU.ActiveCfg = Debug|Any CPU
		{53C04B7D-F909-406B-9B0D-BB72CE68E646}.NET40-Debug|Any CPU.Build.0 = Debug|Any CPU
		{53C04B7D-F909-406B-9B0D-BB72CE68E646}.NET40-Debug|Mixed Platforms.ActiveCfg = Debug|Any CPU
		{53C04B7D-F909-406B-9B0D-BB72CE68E646}.NET40-Debug|Mixed Platforms.Build.0 = Debug|Any CPU
		{53C04B7D-F909-406B-9B0D-BB72CE68E646}.NET40-Debug|x86.ActiveCfg = Debug|Any CPU
		{53C04B7D-F909-406B-9B0D-BB72CE68E646}.NET40-Release|Any CPU.ActiveCfg = Release|Any CPU
		{53C04B7D-F909-406B-9B0D-BB72CE68E646}.NET40-Release|Any CPU.Build.0 = Release|Any CPU
		{53C04B7D-F909-406B-9B0D-BB72CE68E646}.NET40-Release|Mixed Platforms.ActiveCfg = Release|Any CPU
		{53C04B7D-F909-406B-9B0D-BB72CE68E646}.NET40-Release|Mixed Platforms.Build.0 = Release|Any CPU
		{53C04B7D-F909-406B-9B0D-BB72CE68E646}.NET40-Release|x86.ActiveCfg = Release|Any CPU
		{53C04B7D-F909-406B-9B0D-BB72CE68E646}.Release|Any CPU.ActiveCfg = Release|Any CPU
		{53C04B7D-F909-406B-9B0D-BB72CE68E646}.Release|Any CPU.Build.0 = Release|Any CPU
		{53C04B7D-F909-406B-9B0D-BB72CE68E646}.Release|Mixed Platforms.ActiveCfg = Release|Any CPU
		{53C04B7D-F909-406B-9B0D-BB72CE68E646}.Release|Mixed Platforms.Build.0 = Release|Any CPU
		{53C04B7D-F909-406B-9B0D-BB72CE68E646}.Release|x86.ActiveCfg = Release|Any CPU
		{FB716680-F72C-4A77-84C9-C5A3A30DD909}.Debug|Any CPU.ActiveCfg = Debug|x86
		{FB716680-F72C-4A77-84C9-C5A3A30DD909}.Debug|Any CPU.Build.0 = Debug|x86
		{FB716680-F72C-4A77-84C9-C5A3A30DD909}.Debug|Mixed Platforms.ActiveCfg = Debug|x86
		{FB716680-F72C-4A77-84C9-C5A3A30DD909}.Debug|Mixed Platforms.Build.0 = Debug|x86
		{FB716680-F72C-4A77-84C9-C5A3A30DD909}.Debug|x86.ActiveCfg = Debug|x86
		{FB716680-F72C-4A77-84C9-C5A3A30DD909}.Debug|x86.Build.0 = Debug|x86
		{FB716680-F72C-4A77-84C9-C5A3A30DD909}.MONO28-Debug|Any CPU.ActiveCfg = Debug|x86
		{FB716680-F72C-4A77-84C9-C5A3A30DD909}.MONO28-Debug|Mixed Platforms.ActiveCfg = Debug|x86
		{FB716680-F72C-4A77-84C9-C5A3A30DD909}.MONO28-Debug|Mixed Platforms.Build.0 = Debug|x86
		{FB716680-F72C-4A77-84C9-C5A3A30DD909}.MONO28-Debug|x86.ActiveCfg = Debug|x86
		{FB716680-F72C-4A77-84C9-C5A3A30DD909}.MONO28-Debug|x86.Build.0 = Debug|x86
		{FB716680-F72C-4A77-84C9-C5A3A30DD909}.MONO28-Release|Any CPU.ActiveCfg = Release|x86
		{FB716680-F72C-4A77-84C9-C5A3A30DD909}.MONO28-Release|Mixed Platforms.ActiveCfg = Release|x86
		{FB716680-F72C-4A77-84C9-C5A3A30DD909}.MONO28-Release|Mixed Platforms.Build.0 = Release|x86
		{FB716680-F72C-4A77-84C9-C5A3A30DD909}.MONO28-Release|x86.ActiveCfg = Release|x86
		{FB716680-F72C-4A77-84C9-C5A3A30DD909}.MONO28-Release|x86.Build.0 = Release|x86
		{FB716680-F72C-4A77-84C9-C5A3A30DD909}.NET40-Debug|Any CPU.ActiveCfg = Debug|x86
		{FB716680-F72C-4A77-84C9-C5A3A30DD909}.NET40-Debug|Mixed Platforms.ActiveCfg = Debug|x86
		{FB716680-F72C-4A77-84C9-C5A3A30DD909}.NET40-Debug|Mixed Platforms.Build.0 = Debug|x86
		{FB716680-F72C-4A77-84C9-C5A3A30DD909}.NET40-Debug|x86.ActiveCfg = Debug|x86
		{FB716680-F72C-4A77-84C9-C5A3A30DD909}.NET40-Debug|x86.Build.0 = Debug|x86
		{FB716680-F72C-4A77-84C9-C5A3A30DD909}.NET40-Release|Any CPU.ActiveCfg = Release|x86
		{FB716680-F72C-4A77-84C9-C5A3A30DD909}.NET40-Release|Mixed Platforms.ActiveCfg = Release|x86
		{FB716680-F72C-4A77-84C9-C5A3A30DD909}.NET40-Release|Mixed Platforms.Build.0 = Release|x86
		{FB716680-F72C-4A77-84C9-C5A3A30DD909}.NET40-Release|x86.ActiveCfg = Release|x86
		{FB716680-F72C-4A77-84C9-C5A3A30DD909}.NET40-Release|x86.Build.0 = Release|x86
		{FB716680-F72C-4A77-84C9-C5A3A30DD909}.Release|Any CPU.ActiveCfg = Release|x86
		{FB716680-F72C-4A77-84C9-C5A3A30DD909}.Release|Mixed Platforms.ActiveCfg = Release|x86
		{FB716680-F72C-4A77-84C9-C5A3A30DD909}.Release|Mixed Platforms.Build.0 = Release|x86
		{FB716680-F72C-4A77-84C9-C5A3A30DD909}.Release|x86.ActiveCfg = Release|x86
		{FB716680-F72C-4A77-84C9-C5A3A30DD909}.Release|x86.Build.0 = Release|x86
		{10FDDA68-3450-4179-819A-248D9D628454}.Debug|Any CPU.ActiveCfg = Debug|Any CPU
		{10FDDA68-3450-4179-819A-248D9D628454}.Debug|Any CPU.Build.0 = Debug|Any CPU
		{10FDDA68-3450-4179-819A-248D9D628454}.Debug|Mixed Platforms.ActiveCfg = Debug|Any CPU
		{10FDDA68-3450-4179-819A-248D9D628454}.Debug|Mixed Platforms.Build.0 = Debug|Any CPU
		{10FDDA68-3450-4179-819A-248D9D628454}.Debug|x86.ActiveCfg = Debug|Any CPU
		{10FDDA68-3450-4179-819A-248D9D628454}.MONO28-Debug|Any CPU.ActiveCfg = Debug|Any CPU
		{10FDDA68-3450-4179-819A-248D9D628454}.MONO28-Debug|Any CPU.Build.0 = Debug|Any CPU
		{10FDDA68-3450-4179-819A-248D9D628454}.MONO28-Debug|Mixed Platforms.ActiveCfg = Debug|Any CPU
		{10FDDA68-3450-4179-819A-248D9D628454}.MONO28-Debug|Mixed Platforms.Build.0 = Debug|Any CPU
		{10FDDA68-3450-4179-819A-248D9D628454}.MONO28-Debug|x86.ActiveCfg = Debug|Any CPU
		{10FDDA68-3450-4179-819A-248D9D628454}.MONO28-Release|Any CPU.ActiveCfg = Release|Any CPU
		{10FDDA68-3450-4179-819A-248D9D628454}.MONO28-Release|Any CPU.Build.0 = Release|Any CPU
		{10FDDA68-3450-4179-819A-248D9D628454}.MONO28-Release|Mixed Platforms.ActiveCfg = Release|Any CPU
		{10FDDA68-3450-4179-819A-248D9D628454}.MONO28-Release|Mixed Platforms.Build.0 = Release|Any CPU
		{10FDDA68-3450-4179-819A-248D9D628454}.MONO28-Release|x86.ActiveCfg = Release|Any CPU
		{10FDDA68-3450-4179-819A-248D9D628454}.NET40-Debug|Any CPU.ActiveCfg = Debug|Any CPU
		{10FDDA68-3450-4179-819A-248D9D628454}.NET40-Debug|Any CPU.Build.0 = Debug|Any CPU
		{10FDDA68-3450-4179-819A-248D9D628454}.NET40-Debug|Mixed Platforms.ActiveCfg = Debug|Any CPU
		{10FDDA68-3450-4179-819A-248D9D628454}.NET40-Debug|Mixed Platforms.Build.0 = Debug|Any CPU
		{10FDDA68-3450-4179-819A-248D9D628454}.NET40-Debug|x86.ActiveCfg = Debug|Any CPU
		{10FDDA68-3450-4179-819A-248D9D628454}.NET40-Release|Any CPU.ActiveCfg = Release|Any CPU
		{10FDDA68-3450-4179-819A-248D9D628454}.NET40-Release|Any CPU.Build.0 = Release|Any CPU
		{10FDDA68-3450-4179-819A-248D9D628454}.NET40-Release|Mixed Platforms.ActiveCfg = Release|Any CPU
		{10FDDA68-3450-4179-819A-248D9D628454}.NET40-Release|Mixed Platforms.Build.0 = Release|Any CPU
		{10FDDA68-3450-4179-819A-248D9D628454}.NET40-Release|x86.ActiveCfg = Release|Any CPU
		{10FDDA68-3450-4179-819A-248D9D628454}.Release|Any CPU.ActiveCfg = Release|Any CPU
		{10FDDA68-3450-4179-819A-248D9D628454}.Release|Any CPU.Build.0 = Release|Any CPU
		{10FDDA68-3450-4179-819A-248D9D628454}.Release|Mixed Platforms.ActiveCfg = Release|Any CPU
		{10FDDA68-3450-4179-819A-248D9D628454}.Release|Mixed Platforms.Build.0 = Release|Any CPU
		{10FDDA68-3450-4179-819A-248D9D628454}.Release|x86.ActiveCfg = Release|Any CPU
		{6A43A495-8E52-4AF7-AFE3-51CA88900B18}.Debug|Any CPU.ActiveCfg = Debug|Any CPU
		{6A43A495-8E52-4AF7-AFE3-51CA88900B18}.Debug|Any CPU.Build.0 = Debug|Any CPU
		{6A43A495-8E52-4AF7-AFE3-51CA88900B18}.Debug|Mixed Platforms.ActiveCfg = Debug|Any CPU
		{6A43A495-8E52-4AF7-AFE3-51CA88900B18}.Debug|Mixed Platforms.Build.0 = Debug|Any CPU
		{6A43A495-8E52-4AF7-AFE3-51CA88900B18}.Debug|x86.ActiveCfg = Debug|Any CPU
		{6A43A495-8E52-4AF7-AFE3-51CA88900B18}.MONO28-Debug|Any CPU.ActiveCfg = Debug|Any CPU
		{6A43A495-8E52-4AF7-AFE3-51CA88900B18}.MONO28-Debug|Any CPU.Build.0 = Debug|Any CPU
		{6A43A495-8E52-4AF7-AFE3-51CA88900B18}.MONO28-Debug|Mixed Platforms.ActiveCfg = Debug|Any CPU
		{6A43A495-8E52-4AF7-AFE3-51CA88900B18}.MONO28-Debug|Mixed Platforms.Build.0 = Debug|Any CPU
		{6A43A495-8E52-4AF7-AFE3-51CA88900B18}.MONO28-Debug|x86.ActiveCfg = Debug|Any CPU
		{6A43A495-8E52-4AF7-AFE3-51CA88900B18}.MONO28-Release|Any CPU.ActiveCfg = Release|Any CPU
		{6A43A495-8E52-4AF7-AFE3-51CA88900B18}.MONO28-Release|Any CPU.Build.0 = Release|Any CPU
		{6A43A495-8E52-4AF7-AFE3-51CA88900B18}.MONO28-Release|Mixed Platforms.ActiveCfg = Release|Any CPU
		{6A43A495-8E52-4AF7-AFE3-51CA88900B18}.MONO28-Release|Mixed Platforms.Build.0 = Release|Any CPU
		{6A43A495-8E52-4AF7-AFE3-51CA88900B18}.MONO28-Release|x86.ActiveCfg = Release|Any CPU
		{6A43A495-8E52-4AF7-AFE3-51CA88900B18}.NET40-Debug|Any CPU.ActiveCfg = Debug|Any CPU
		{6A43A495-8E52-4AF7-AFE3-51CA88900B18}.NET40-Debug|Any CPU.Build.0 = Debug|Any CPU
		{6A43A495-8E52-4AF7-AFE3-51CA88900B18}.NET40-Debug|Mixed Platforms.ActiveCfg = Debug|Any CPU
		{6A43A495-8E52-4AF7-AFE3-51CA88900B18}.NET40-Debug|Mixed Platforms.Build.0 = Debug|Any CPU
		{6A43A495-8E52-4AF7-AFE3-51CA88900B18}.NET40-Debug|x86.ActiveCfg = Debug|Any CPU
		{6A43A495-8E52-4AF7-AFE3-51CA88900B18}.NET40-Release|Any CPU.ActiveCfg = Release|Any CPU
		{6A43A495-8E52-4AF7-AFE3-51CA88900B18}.NET40-Release|Any CPU.Build.0 = Release|Any CPU
		{6A43A495-8E52-4AF7-AFE3-51CA88900B18}.NET40-Release|Mixed Platforms.ActiveCfg = Release|Any CPU
		{6A43A495-8E52-4AF7-AFE3-51CA88900B18}.NET40-Release|Mixed Platforms.Build.0 = Release|Any CPU
		{6A43A495-8E52-4AF7-AFE3-51CA88900B18}.NET40-Release|x86.ActiveCfg = Release|Any CPU
		{6A43A495-8E52-4AF7-AFE3-51CA88900B18}.Release|Any CPU.ActiveCfg = Release|Any CPU
		{6A43A495-8E52-4AF7-AFE3-51CA88900B18}.Release|Any CPU.Build.0 = Release|Any CPU
		{6A43A495-8E52-4AF7-AFE3-51CA88900B18}.Release|Mixed Platforms.ActiveCfg = Release|Any CPU
		{6A43A495-8E52-4AF7-AFE3-51CA88900B18}.Release|Mixed Platforms.Build.0 = Release|Any CPU
		{6A43A495-8E52-4AF7-AFE3-51CA88900B18}.Release|x86.ActiveCfg = Release|Any CPU
		{FF8A9176-C810-4DA8-8470-DC925B2DEC3E}.Debug|Any CPU.ActiveCfg = Debug|Any CPU
		{FF8A9176-C810-4DA8-8470-DC925B2DEC3E}.Debug|Any CPU.Build.0 = Debug|Any CPU
		{FF8A9176-C810-4DA8-8470-DC925B2DEC3E}.Debug|Mixed Platforms.ActiveCfg = Debug|Any CPU
		{FF8A9176-C810-4DA8-8470-DC925B2DEC3E}.Debug|Mixed Platforms.Build.0 = Debug|Any CPU
		{FF8A9176-C810-4DA8-8470-DC925B2DEC3E}.Debug|x86.ActiveCfg = Debug|Any CPU
		{FF8A9176-C810-4DA8-8470-DC925B2DEC3E}.MONO28-Debug|Any CPU.ActiveCfg = Debug|Any CPU
		{FF8A9176-C810-4DA8-8470-DC925B2DEC3E}.MONO28-Debug|Any CPU.Build.0 = Debug|Any CPU
		{FF8A9176-C810-4DA8-8470-DC925B2DEC3E}.MONO28-Debug|Mixed Platforms.ActiveCfg = Debug|Any CPU
		{FF8A9176-C810-4DA8-8470-DC925B2DEC3E}.MONO28-Debug|Mixed Platforms.Build.0 = Debug|Any CPU
		{FF8A9176-C810-4DA8-8470-DC925B2DEC3E}.MONO28-Debug|x86.ActiveCfg = Debug|Any CPU
		{FF8A9176-C810-4DA8-8470-DC925B2DEC3E}.MONO28-Release|Any CPU.ActiveCfg = Release|Any CPU
		{FF8A9176-C810-4DA8-8470-DC925B2DEC3E}.MONO28-Release|Any CPU.Build.0 = Release|Any CPU
		{FF8A9176-C810-4DA8-8470-DC925B2DEC3E}.MONO28-Release|Mixed Platforms.ActiveCfg = Release|Any CPU
		{FF8A9176-C810-4DA8-8470-DC925B2DEC3E}.MONO28-Release|Mixed Platforms.Build.0 = Release|Any CPU
		{FF8A9176-C810-4DA8-8470-DC925B2DEC3E}.MONO28-Release|x86.ActiveCfg = Release|Any CPU
		{FF8A9176-C810-4DA8-8470-DC925B2DEC3E}.NET40-Debug|Any CPU.ActiveCfg = Debug|Any CPU
		{FF8A9176-C810-4DA8-8470-DC925B2DEC3E}.NET40-Debug|Any CPU.Build.0 = Debug|Any CPU
		{FF8A9176-C810-4DA8-8470-DC925B2DEC3E}.NET40-Debug|Mixed Platforms.ActiveCfg = Debug|Any CPU
		{FF8A9176-C810-4DA8-8470-DC925B2DEC3E}.NET40-Debug|Mixed Platforms.Build.0 = Debug|Any CPU
		{FF8A9176-C810-4DA8-8470-DC925B2DEC3E}.NET40-Debug|x86.ActiveCfg = Debug|Any CPU
		{FF8A9176-C810-4DA8-8470-DC925B2DEC3E}.NET40-Release|Any CPU.ActiveCfg = Release|Any CPU
		{FF8A9176-C810-4DA8-8470-DC925B2DEC3E}.NET40-Release|Any CPU.Build.0 = Release|Any CPU
		{FF8A9176-C810-4DA8-8470-DC925B2DEC3E}.NET40-Release|Mixed Platforms.ActiveCfg = Release|Any CPU
		{FF8A9176-C810-4DA8-8470-DC925B2DEC3E}.NET40-Release|Mixed Platforms.Build.0 = Release|Any CPU
		{FF8A9176-C810-4DA8-8470-DC925B2DEC3E}.NET40-Release|x86.ActiveCfg = Release|Any CPU
		{FF8A9176-C810-4DA8-8470-DC925B2DEC3E}.Release|Any CPU.ActiveCfg = Release|Any CPU
		{FF8A9176-C810-4DA8-8470-DC925B2DEC3E}.Release|Any CPU.Build.0 = Release|Any CPU
		{FF8A9176-C810-4DA8-8470-DC925B2DEC3E}.Release|Mixed Platforms.ActiveCfg = Release|Any CPU
		{FF8A9176-C810-4DA8-8470-DC925B2DEC3E}.Release|Mixed Platforms.Build.0 = Release|Any CPU
		{FF8A9176-C810-4DA8-8470-DC925B2DEC3E}.Release|x86.ActiveCfg = Release|Any CPU
		{A9D55E13-01F2-49B5-97C7-336E44B218F4}.Debug|Any CPU.ActiveCfg = Debug|Any CPU
		{A9D55E13-01F2-49B5-97C7-336E44B218F4}.Debug|Any CPU.Build.0 = Debug|Any CPU
		{A9D55E13-01F2-49B5-97C7-336E44B218F4}.Debug|Mixed Platforms.ActiveCfg = Debug|Any CPU
		{A9D55E13-01F2-49B5-97C7-336E44B218F4}.Debug|Mixed Platforms.Build.0 = Debug|Any CPU
		{A9D55E13-01F2-49B5-97C7-336E44B218F4}.Debug|x86.ActiveCfg = Debug|Any CPU
		{A9D55E13-01F2-49B5-97C7-336E44B218F4}.MONO28-Debug|Any CPU.ActiveCfg = Debug|Any CPU
		{A9D55E13-01F2-49B5-97C7-336E44B218F4}.MONO28-Debug|Any CPU.Build.0 = Debug|Any CPU
		{A9D55E13-01F2-49B5-97C7-336E44B218F4}.MONO28-Debug|Mixed Platforms.ActiveCfg = Debug|Any CPU
		{A9D55E13-01F2-49B5-97C7-336E44B218F4}.MONO28-Debug|Mixed Platforms.Build.0 = Debug|Any CPU
		{A9D55E13-01F2-49B5-97C7-336E44B218F4}.MONO28-Debug|x86.ActiveCfg = Debug|Any CPU
		{A9D55E13-01F2-49B5-97C7-336E44B218F4}.MONO28-Release|Any CPU.ActiveCfg = Release|Any CPU
		{A9D55E13-01F2-49B5-97C7-336E44B218F4}.MONO28-Release|Any CPU.Build.0 = Release|Any CPU
		{A9D55E13-01F2-49B5-97C7-336E44B218F4}.MONO28-Release|Mixed Platforms.ActiveCfg = Release|Any CPU
		{A9D55E13-01F2-49B5-97C7-336E44B218F4}.MONO28-Release|Mixed Platforms.Build.0 = Release|Any CPU
		{A9D55E13-01F2-49B5-97C7-336E44B218F4}.MONO28-Release|x86.ActiveCfg = Release|Any CPU
		{A9D55E13-01F2-49B5-97C7-336E44B218F4}.NET40-Debug|Any CPU.ActiveCfg = Debug|Any CPU
		{A9D55E13-01F2-49B5-97C7-336E44B218F4}.NET40-Debug|Any CPU.Build.0 = Debug|Any CPU
		{A9D55E13-01F2-49B5-97C7-336E44B218F4}.NET40-Debug|Mixed Platforms.ActiveCfg = Debug|Any CPU
		{A9D55E13-01F2-49B5-97C7-336E44B218F4}.NET40-Debug|Mixed Platforms.Build.0 = Debug|Any CPU
		{A9D55E13-01F2-49B5-97C7-336E44B218F4}.NET40-Debug|x86.ActiveCfg = Debug|Any CPU
		{A9D55E13-01F2-49B5-97C7-336E44B218F4}.NET40-Release|Any CPU.ActiveCfg = Release|Any CPU
		{A9D55E13-01F2-49B5-97C7-336E44B218F4}.NET40-Release|Any CPU.Build.0 = Release|Any CPU
		{A9D55E13-01F2-49B5-97C7-336E44B218F4}.NET40-Release|Mixed Platforms.ActiveCfg = Release|Any CPU
		{A9D55E13-01F2-49B5-97C7-336E44B218F4}.NET40-Release|Mixed Platforms.Build.0 = Release|Any CPU
		{A9D55E13-01F2-49B5-97C7-336E44B218F4}.NET40-Release|x86.ActiveCfg = Release|Any CPU
		{A9D55E13-01F2-49B5-97C7-336E44B218F4}.Release|Any CPU.ActiveCfg = Release|Any CPU
		{A9D55E13-01F2-49B5-97C7-336E44B218F4}.Release|Any CPU.Build.0 = Release|Any CPU
		{A9D55E13-01F2-49B5-97C7-336E44B218F4}.Release|Mixed Platforms.ActiveCfg = Release|Any CPU
		{A9D55E13-01F2-49B5-97C7-336E44B218F4}.Release|Mixed Platforms.Build.0 = Release|Any CPU
		{A9D55E13-01F2-49B5-97C7-336E44B218F4}.Release|x86.ActiveCfg = Release|Any CPU
		{B3C51C43-5E58-4CEE-8F02-9CFD3981BCCF}.Debug|Any CPU.ActiveCfg = Debug|Any CPU
		{B3C51C43-5E58-4CEE-8F02-9CFD3981BCCF}.Debug|Any CPU.Build.0 = Debug|Any CPU
		{B3C51C43-5E58-4CEE-8F02-9CFD3981BCCF}.Debug|Mixed Platforms.ActiveCfg = Debug|Any CPU
		{B3C51C43-5E58-4CEE-8F02-9CFD3981BCCF}.Debug|Mixed Platforms.Build.0 = Debug|Any CPU
		{B3C51C43-5E58-4CEE-8F02-9CFD3981BCCF}.Debug|x86.ActiveCfg = Debug|Any CPU
		{B3C51C43-5E58-4CEE-8F02-9CFD3981BCCF}.MONO28-Debug|Any CPU.ActiveCfg = Debug|Any CPU
		{B3C51C43-5E58-4CEE-8F02-9CFD3981BCCF}.MONO28-Debug|Any CPU.Build.0 = Debug|Any CPU
		{B3C51C43-5E58-4CEE-8F02-9CFD3981BCCF}.MONO28-Debug|Mixed Platforms.ActiveCfg = Debug|Any CPU
		{B3C51C43-5E58-4CEE-8F02-9CFD3981BCCF}.MONO28-Debug|Mixed Platforms.Build.0 = Debug|Any CPU
		{B3C51C43-5E58-4CEE-8F02-9CFD3981BCCF}.MONO28-Debug|x86.ActiveCfg = Debug|Any CPU
		{B3C51C43-5E58-4CEE-8F02-9CFD3981BCCF}.MONO28-Release|Any CPU.ActiveCfg = Release|Any CPU
		{B3C51C43-5E58-4CEE-8F02-9CFD3981BCCF}.MONO28-Release|Any CPU.Build.0 = Release|Any CPU
		{B3C51C43-5E58-4CEE-8F02-9CFD3981BCCF}.MONO28-Release|Mixed Platforms.ActiveCfg = Release|Any CPU
		{B3C51C43-5E58-4CEE-8F02-9CFD3981BCCF}.MONO28-Release|Mixed Platforms.Build.0 = Release|Any CPU
		{B3C51C43-5E58-4CEE-8F02-9CFD3981BCCF}.MONO28-Release|x86.ActiveCfg = Release|Any CPU
		{B3C51C43-5E58-4CEE-8F02-9CFD3981BCCF}.NET40-Debug|Any CPU.ActiveCfg = Debug|Any CPU
		{B3C51C43-5E58-4CEE-8F02-9CFD3981BCCF}.NET40-Debug|Any CPU.Build.0 = Debug|Any CPU
		{B3C51C43-5E58-4CEE-8F02-9CFD3981BCCF}.NET40-Debug|Mixed Platforms.ActiveCfg = Debug|Any CPU
		{B3C51C43-5E58-4CEE-8F02-9CFD3981BCCF}.NET40-Debug|Mixed Platforms.Build.0 = Debug|Any CPU
		{B3C51C43-5E58-4CEE-8F02-9CFD3981BCCF}.NET40-Debug|x86.ActiveCfg = Debug|Any CPU
		{B3C51C43-5E58-4CEE-8F02-9CFD3981BCCF}.NET40-Release|Any CPU.ActiveCfg = Release|Any CPU
		{B3C51C43-5E58-4CEE-8F02-9CFD3981BCCF}.NET40-Release|Any CPU.Build.0 = Release|Any CPU
		{B3C51C43-5E58-4CEE-8F02-9CFD3981BCCF}.NET40-Release|Mixed Platforms.ActiveCfg = Release|Any CPU
		{B3C51C43-5E58-4CEE-8F02-9CFD3981BCCF}.NET40-Release|Mixed Platforms.Build.0 = Release|Any CPU
		{B3C51C43-5E58-4CEE-8F02-9CFD3981BCCF}.NET40-Release|x86.ActiveCfg = Release|Any CPU
		{B3C51C43-5E58-4CEE-8F02-9CFD3981BCCF}.Release|Any CPU.ActiveCfg = Release|Any CPU
		{B3C51C43-5E58-4CEE-8F02-9CFD3981BCCF}.Release|Any CPU.Build.0 = Release|Any CPU
		{B3C51C43-5E58-4CEE-8F02-9CFD3981BCCF}.Release|Mixed Platforms.ActiveCfg = Release|Any CPU
		{B3C51C43-5E58-4CEE-8F02-9CFD3981BCCF}.Release|Mixed Platforms.Build.0 = Release|Any CPU
		{B3C51C43-5E58-4CEE-8F02-9CFD3981BCCF}.Release|x86.ActiveCfg = Release|Any CPU
		{EBA1D22A-F8D5-4884-9297-2C10AD2663E7}.Debug|Any CPU.ActiveCfg = Debug|Any CPU
		{EBA1D22A-F8D5-4884-9297-2C10AD2663E7}.Debug|Any CPU.Build.0 = Debug|Any CPU
		{EBA1D22A-F8D5-4884-9297-2C10AD2663E7}.Debug|Mixed Platforms.ActiveCfg = Debug|Any CPU
		{EBA1D22A-F8D5-4884-9297-2C10AD2663E7}.Debug|Mixed Platforms.Build.0 = Debug|Any CPU
		{EBA1D22A-F8D5-4884-9297-2C10AD2663E7}.Debug|x86.ActiveCfg = Debug|Any CPU
		{EBA1D22A-F8D5-4884-9297-2C10AD2663E7}.MONO28-Debug|Any CPU.ActiveCfg = Debug|Any CPU
		{EBA1D22A-F8D5-4884-9297-2C10AD2663E7}.MONO28-Debug|Any CPU.Build.0 = Debug|Any CPU
		{EBA1D22A-F8D5-4884-9297-2C10AD2663E7}.MONO28-Debug|Mixed Platforms.ActiveCfg = Debug|Any CPU
		{EBA1D22A-F8D5-4884-9297-2C10AD2663E7}.MONO28-Debug|Mixed Platforms.Build.0 = Debug|Any CPU
		{EBA1D22A-F8D5-4884-9297-2C10AD2663E7}.MONO28-Debug|x86.ActiveCfg = Debug|Any CPU
		{EBA1D22A-F8D5-4884-9297-2C10AD2663E7}.MONO28-Release|Any CPU.ActiveCfg = Release|Any CPU
		{EBA1D22A-F8D5-4884-9297-2C10AD2663E7}.MONO28-Release|Any CPU.Build.0 = Release|Any CPU
		{EBA1D22A-F8D5-4884-9297-2C10AD2663E7}.MONO28-Release|Mixed Platforms.ActiveCfg = Release|Any CPU
		{EBA1D22A-F8D5-4884-9297-2C10AD2663E7}.MONO28-Release|Mixed Platforms.Build.0 = Release|Any CPU
		{EBA1D22A-F8D5-4884-9297-2C10AD2663E7}.MONO28-Release|x86.ActiveCfg = Release|Any CPU
		{EBA1D22A-F8D5-4884-9297-2C10AD2663E7}.NET40-Debug|Any CPU.ActiveCfg = Debug|Any CPU
		{EBA1D22A-F8D5-4884-9297-2C10AD2663E7}.NET40-Debug|Any CPU.Build.0 = Debug|Any CPU
		{EBA1D22A-F8D5-4884-9297-2C10AD2663E7}.NET40-Debug|Mixed Platforms.ActiveCfg = Debug|Any CPU
		{EBA1D22A-F8D5-4884-9297-2C10AD2663E7}.NET40-Debug|Mixed Platforms.Build.0 = Debug|Any CPU
		{EBA1D22A-F8D5-4884-9297-2C10AD2663E7}.NET40-Debug|x86.ActiveCfg = Debug|Any CPU
		{EBA1D22A-F8D5-4884-9297-2C10AD2663E7}.NET40-Release|Any CPU.ActiveCfg = Release|Any CPU
		{EBA1D22A-F8D5-4884-9297-2C10AD2663E7}.NET40-Release|Any CPU.Build.0 = Release|Any CPU
		{EBA1D22A-F8D5-4884-9297-2C10AD2663E7}.NET40-Release|Mixed Platforms.ActiveCfg = Release|Any CPU
		{EBA1D22A-F8D5-4884-9297-2C10AD2663E7}.NET40-Release|Mixed Platforms.Build.0 = Release|Any CPU
		{EBA1D22A-F8D5-4884-9297-2C10AD2663E7}.NET40-Release|x86.ActiveCfg = Release|Any CPU
		{EBA1D22A-F8D5-4884-9297-2C10AD2663E7}.Release|Any CPU.ActiveCfg = Release|Any CPU
		{EBA1D22A-F8D5-4884-9297-2C10AD2663E7}.Release|Any CPU.Build.0 = Release|Any CPU
		{EBA1D22A-F8D5-4884-9297-2C10AD2663E7}.Release|Mixed Platforms.ActiveCfg = Release|Any CPU
		{EBA1D22A-F8D5-4884-9297-2C10AD2663E7}.Release|Mixed Platforms.Build.0 = Release|Any CPU
		{EBA1D22A-F8D5-4884-9297-2C10AD2663E7}.Release|x86.ActiveCfg = Release|Any CPU
		{702F84E9-CAD2-4B64-A4C5-F915BAD4A729}.Debug|Any CPU.ActiveCfg = Debug|Any CPU
		{702F84E9-CAD2-4B64-A4C5-F915BAD4A729}.Debug|Any CPU.Build.0 = Debug|Any CPU
		{702F84E9-CAD2-4B64-A4C5-F915BAD4A729}.Debug|Mixed Platforms.ActiveCfg = Debug|Any CPU
		{702F84E9-CAD2-4B64-A4C5-F915BAD4A729}.Debug|Mixed Platforms.Build.0 = Debug|Any CPU
		{702F84E9-CAD2-4B64-A4C5-F915BAD4A729}.Debug|x86.ActiveCfg = Debug|Any CPU
		{702F84E9-CAD2-4B64-A4C5-F915BAD4A729}.MONO28-Debug|Any CPU.ActiveCfg = Debug|Any CPU
		{702F84E9-CAD2-4B64-A4C5-F915BAD4A729}.MONO28-Debug|Any CPU.Build.0 = Debug|Any CPU
		{702F84E9-CAD2-4B64-A4C5-F915BAD4A729}.MONO28-Debug|Mixed Platforms.ActiveCfg = Debug|Any CPU
		{702F84E9-CAD2-4B64-A4C5-F915BAD4A729}.MONO28-Debug|Mixed Platforms.Build.0 = Debug|Any CPU
		{702F84E9-CAD2-4B64-A4C5-F915BAD4A729}.MONO28-Debug|x86.ActiveCfg = Debug|Any CPU
		{702F84E9-CAD2-4B64-A4C5-F915BAD4A729}.MONO28-Release|Any CPU.ActiveCfg = Release|Any CPU
		{702F84E9-CAD2-4B64-A4C5-F915BAD4A729}.MONO28-Release|Any CPU.Build.0 = Release|Any CPU
		{702F84E9-CAD2-4B64-A4C5-F915BAD4A729}.MONO28-Release|Mixed Platforms.ActiveCfg = Release|Any CPU
		{702F84E9-CAD2-4B64-A4C5-F915BAD4A729}.MONO28-Release|Mixed Platforms.Build.0 = Release|Any CPU
		{702F84E9-CAD2-4B64-A4C5-F915BAD4A729}.MONO28-Release|x86.ActiveCfg = Release|Any CPU
		{702F84E9-CAD2-4B64-A4C5-F915BAD4A729}.NET40-Debug|Any CPU.ActiveCfg = Debug|Any CPU
		{702F84E9-CAD2-4B64-A4C5-F915BAD4A729}.NET40-Debug|Any CPU.Build.0 = Debug|Any CPU
		{702F84E9-CAD2-4B64-A4C5-F915BAD4A729}.NET40-Debug|Mixed Platforms.ActiveCfg = Debug|Any CPU
		{702F84E9-CAD2-4B64-A4C5-F915BAD4A729}.NET40-Debug|Mixed Platforms.Build.0 = Debug|Any CPU
		{702F84E9-CAD2-4B64-A4C5-F915BAD4A729}.NET40-Debug|x86.ActiveCfg = Debug|Any CPU
		{702F84E9-CAD2-4B64-A4C5-F915BAD4A729}.NET40-Release|Any CPU.ActiveCfg = Release|Any CPU
		{702F84E9-CAD2-4B64-A4C5-F915BAD4A729}.NET40-Release|Any CPU.Build.0 = Release|Any CPU
		{702F84E9-CAD2-4B64-A4C5-F915BAD4A729}.NET40-Release|Mixed Platforms.ActiveCfg = Release|Any CPU
		{702F84E9-CAD2-4B64-A4C5-F915BAD4A729}.NET40-Release|Mixed Platforms.Build.0 = Release|Any CPU
		{702F84E9-CAD2-4B64-A4C5-F915BAD4A729}.NET40-Release|x86.ActiveCfg = Release|Any CPU
		{702F84E9-CAD2-4B64-A4C5-F915BAD4A729}.Release|Any CPU.ActiveCfg = Release|Any CPU
		{702F84E9-CAD2-4B64-A4C5-F915BAD4A729}.Release|Any CPU.Build.0 = Release|Any CPU
		{702F84E9-CAD2-4B64-A4C5-F915BAD4A729}.Release|Mixed Platforms.ActiveCfg = Release|Any CPU
		{702F84E9-CAD2-4B64-A4C5-F915BAD4A729}.Release|Mixed Platforms.Build.0 = Release|Any CPU
		{702F84E9-CAD2-4B64-A4C5-F915BAD4A729}.Release|x86.ActiveCfg = Release|Any CPU
		{34B74905-DF66-4BF7-958B-62C50ED1203C}.Debug|Any CPU.ActiveCfg = Debug|Any CPU
		{34B74905-DF66-4BF7-958B-62C50ED1203C}.Debug|Any CPU.Build.0 = Debug|Any CPU
		{34B74905-DF66-4BF7-958B-62C50ED1203C}.Debug|Mixed Platforms.ActiveCfg = Debug|Any CPU
		{34B74905-DF66-4BF7-958B-62C50ED1203C}.Debug|Mixed Platforms.Build.0 = Debug|Any CPU
		{34B74905-DF66-4BF7-958B-62C50ED1203C}.Debug|x86.ActiveCfg = Debug|Any CPU
		{34B74905-DF66-4BF7-958B-62C50ED1203C}.MONO28-Debug|Any CPU.ActiveCfg = Debug|Any CPU
		{34B74905-DF66-4BF7-958B-62C50ED1203C}.MONO28-Debug|Any CPU.Build.0 = Debug|Any CPU
		{34B74905-DF66-4BF7-958B-62C50ED1203C}.MONO28-Debug|Mixed Platforms.ActiveCfg = Debug|Any CPU
		{34B74905-DF66-4BF7-958B-62C50ED1203C}.MONO28-Debug|Mixed Platforms.Build.0 = Debug|Any CPU
		{34B74905-DF66-4BF7-958B-62C50ED1203C}.MONO28-Debug|x86.ActiveCfg = Debug|Any CPU
		{34B74905-DF66-4BF7-958B-62C50ED1203C}.MONO28-Release|Any CPU.ActiveCfg = Release|Any CPU
		{34B74905-DF66-4BF7-958B-62C50ED1203C}.MONO28-Release|Any CPU.Build.0 = Release|Any CPU
		{34B74905-DF66-4BF7-958B-62C50ED1203C}.MONO28-Release|Mixed Platforms.ActiveCfg = Release|Any CPU
		{34B74905-DF66-4BF7-958B-62C50ED1203C}.MONO28-Release|Mixed Platforms.Build.0 = Release|Any CPU
		{34B74905-DF66-4BF7-958B-62C50ED1203C}.MONO28-Release|x86.ActiveCfg = Release|Any CPU
		{34B74905-DF66-4BF7-958B-62C50ED1203C}.NET40-Debug|Any CPU.ActiveCfg = Debug|Any CPU
		{34B74905-DF66-4BF7-958B-62C50ED1203C}.NET40-Debug|Any CPU.Build.0 = Debug|Any CPU
		{34B74905-DF66-4BF7-958B-62C50ED1203C}.NET40-Debug|Mixed Platforms.ActiveCfg = Debug|Any CPU
		{34B74905-DF66-4BF7-958B-62C50ED1203C}.NET40-Debug|Mixed Platforms.Build.0 = Debug|Any CPU
		{34B74905-DF66-4BF7-958B-62C50ED1203C}.NET40-Debug|x86.ActiveCfg = Debug|Any CPU
		{34B74905-DF66-4BF7-958B-62C50ED1203C}.NET40-Release|Any CPU.ActiveCfg = Release|Any CPU
		{34B74905-DF66-4BF7-958B-62C50ED1203C}.NET40-Release|Any CPU.Build.0 = Release|Any CPU
		{34B74905-DF66-4BF7-958B-62C50ED1203C}.NET40-Release|Mixed Platforms.ActiveCfg = Release|Any CPU
		{34B74905-DF66-4BF7-958B-62C50ED1203C}.NET40-Release|Mixed Platforms.Build.0 = Release|Any CPU
		{34B74905-DF66-4BF7-958B-62C50ED1203C}.NET40-Release|x86.ActiveCfg = Release|Any CPU
		{34B74905-DF66-4BF7-958B-62C50ED1203C}.Release|Any CPU.ActiveCfg = Release|Any CPU
		{34B74905-DF66-4BF7-958B-62C50ED1203C}.Release|Any CPU.Build.0 = Release|Any CPU
		{34B74905-DF66-4BF7-958B-62C50ED1203C}.Release|Mixed Platforms.ActiveCfg = Release|Any CPU
		{34B74905-DF66-4BF7-958B-62C50ED1203C}.Release|Mixed Platforms.Build.0 = Release|Any CPU
		{34B74905-DF66-4BF7-958B-62C50ED1203C}.Release|x86.ActiveCfg = Release|Any CPU
		{A5388E06-87EF-4894-B22A-4716839A165C}.Debug|Any CPU.ActiveCfg = Debug|Any CPU
		{A5388E06-87EF-4894-B22A-4716839A165C}.Debug|Any CPU.Build.0 = Debug|Any CPU
		{A5388E06-87EF-4894-B22A-4716839A165C}.Debug|Mixed Platforms.ActiveCfg = Debug|Any CPU
		{A5388E06-87EF-4894-B22A-4716839A165C}.Debug|Mixed Platforms.Build.0 = Debug|Any CPU
		{A5388E06-87EF-4894-B22A-4716839A165C}.Debug|x86.ActiveCfg = Debug|Any CPU
		{A5388E06-87EF-4894-B22A-4716839A165C}.MONO28-Debug|Any CPU.ActiveCfg = Debug|Any CPU
		{A5388E06-87EF-4894-B22A-4716839A165C}.MONO28-Debug|Any CPU.Build.0 = Debug|Any CPU
		{A5388E06-87EF-4894-B22A-4716839A165C}.MONO28-Debug|Mixed Platforms.ActiveCfg = Debug|Any CPU
		{A5388E06-87EF-4894-B22A-4716839A165C}.MONO28-Debug|Mixed Platforms.Build.0 = Debug|Any CPU
		{A5388E06-87EF-4894-B22A-4716839A165C}.MONO28-Debug|x86.ActiveCfg = Debug|Any CPU
		{A5388E06-87EF-4894-B22A-4716839A165C}.MONO28-Release|Any CPU.ActiveCfg = Release|Any CPU
		{A5388E06-87EF-4894-B22A-4716839A165C}.MONO28-Release|Any CPU.Build.0 = Release|Any CPU
		{A5388E06-87EF-4894-B22A-4716839A165C}.MONO28-Release|Mixed Platforms.ActiveCfg = Release|Any CPU
		{A5388E06-87EF-4894-B22A-4716839A165C}.MONO28-Release|Mixed Platforms.Build.0 = Release|Any CPU
		{A5388E06-87EF-4894-B22A-4716839A165C}.MONO28-Release|x86.ActiveCfg = Release|Any CPU
		{A5388E06-87EF-4894-B22A-4716839A165C}.NET40-Debug|Any CPU.ActiveCfg = Debug|Any CPU
		{A5388E06-87EF-4894-B22A-4716839A165C}.NET40-Debug|Any CPU.Build.0 = Debug|Any CPU
		{A5388E06-87EF-4894-B22A-4716839A165C}.NET40-Debug|Mixed Platforms.ActiveCfg = Debug|Any CPU
		{A5388E06-87EF-4894-B22A-4716839A165C}.NET40-Debug|Mixed Platforms.Build.0 = Debug|Any CPU
		{A5388E06-87EF-4894-B22A-4716839A165C}.NET40-Debug|x86.ActiveCfg = Debug|Any CPU
		{A5388E06-87EF-4894-B22A-4716839A165C}.NET40-Release|Any CPU.ActiveCfg = Release|Any CPU
		{A5388E06-87EF-4894-B22A-4716839A165C}.NET40-Release|Any CPU.Build.0 = Release|Any CPU
		{A5388E06-87EF-4894-B22A-4716839A165C}.NET40-Release|Mixed Platforms.ActiveCfg = Release|Any CPU
		{A5388E06-87EF-4894-B22A-4716839A165C}.NET40-Release|Mixed Platforms.Build.0 = Release|Any CPU
		{A5388E06-87EF-4894-B22A-4716839A165C}.NET40-Release|x86.ActiveCfg = Release|Any CPU
		{A5388E06-87EF-4894-B22A-4716839A165C}.Release|Any CPU.ActiveCfg = Release|Any CPU
		{A5388E06-87EF-4894-B22A-4716839A165C}.Release|Any CPU.Build.0 = Release|Any CPU
		{A5388E06-87EF-4894-B22A-4716839A165C}.Release|Mixed Platforms.ActiveCfg = Release|Any CPU
		{A5388E06-87EF-4894-B22A-4716839A165C}.Release|Mixed Platforms.Build.0 = Release|Any CPU
		{A5388E06-87EF-4894-B22A-4716839A165C}.Release|x86.ActiveCfg = Release|Any CPU
		{F70E9E7E-9955-42E6-B14F-7981EBD3F389}.Debug|Any CPU.ActiveCfg = Debug|Any CPU
		{F70E9E7E-9955-42E6-B14F-7981EBD3F389}.Debug|Any CPU.Build.0 = Debug|Any CPU
		{F70E9E7E-9955-42E6-B14F-7981EBD3F389}.Debug|Mixed Platforms.ActiveCfg = Debug|Any CPU
		{F70E9E7E-9955-42E6-B14F-7981EBD3F389}.Debug|Mixed Platforms.Build.0 = Debug|Any CPU
		{F70E9E7E-9955-42E6-B14F-7981EBD3F389}.Debug|x86.ActiveCfg = Debug|Any CPU
		{F70E9E7E-9955-42E6-B14F-7981EBD3F389}.MONO28-Debug|Any CPU.ActiveCfg = Debug|Any CPU
		{F70E9E7E-9955-42E6-B14F-7981EBD3F389}.MONO28-Debug|Any CPU.Build.0 = Debug|Any CPU
		{F70E9E7E-9955-42E6-B14F-7981EBD3F389}.MONO28-Debug|Mixed Platforms.ActiveCfg = Debug|Any CPU
		{F70E9E7E-9955-42E6-B14F-7981EBD3F389}.MONO28-Debug|Mixed Platforms.Build.0 = Debug|Any CPU
		{F70E9E7E-9955-42E6-B14F-7981EBD3F389}.MONO28-Debug|x86.ActiveCfg = Debug|Any CPU
		{F70E9E7E-9955-42E6-B14F-7981EBD3F389}.MONO28-Release|Any CPU.ActiveCfg = Release|Any CPU
		{F70E9E7E-9955-42E6-B14F-7981EBD3F389}.MONO28-Release|Any CPU.Build.0 = Release|Any CPU
		{F70E9E7E-9955-42E6-B14F-7981EBD3F389}.MONO28-Release|Mixed Platforms.ActiveCfg = Release|Any CPU
		{F70E9E7E-9955-42E6-B14F-7981EBD3F389}.MONO28-Release|Mixed Platforms.Build.0 = Release|Any CPU
		{F70E9E7E-9955-42E6-B14F-7981EBD3F389}.MONO28-Release|x86.ActiveCfg = Release|Any CPU
		{F70E9E7E-9955-42E6-B14F-7981EBD3F389}.NET40-Debug|Any CPU.ActiveCfg = Debug|Any CPU
		{F70E9E7E-9955-42E6-B14F-7981EBD3F389}.NET40-Debug|Any CPU.Build.0 = Debug|Any CPU
		{F70E9E7E-9955-42E6-B14F-7981EBD3F389}.NET40-Debug|Mixed Platforms.ActiveCfg = Debug|Any CPU
		{F70E9E7E-9955-42E6-B14F-7981EBD3F389}.NET40-Debug|Mixed Platforms.Build.0 = Debug|Any CPU
		{F70E9E7E-9955-42E6-B14F-7981EBD3F389}.NET40-Debug|x86.ActiveCfg = Debug|Any CPU
		{F70E9E7E-9955-42E6-B14F-7981EBD3F389}.NET40-Release|Any CPU.ActiveCfg = Release|Any CPU
		{F70E9E7E-9955-42E6-B14F-7981EBD3F389}.NET40-Release|Any CPU.Build.0 = Release|Any CPU
		{F70E9E7E-9955-42E6-B14F-7981EBD3F389}.NET40-Release|Mixed Platforms.ActiveCfg = Release|Any CPU
		{F70E9E7E-9955-42E6-B14F-7981EBD3F389}.NET40-Release|Mixed Platforms.Build.0 = Release|Any CPU
		{F70E9E7E-9955-42E6-B14F-7981EBD3F389}.NET40-Release|x86.ActiveCfg = Release|Any CPU
		{F70E9E7E-9955-42E6-B14F-7981EBD3F389}.Release|Any CPU.ActiveCfg = Release|Any CPU
		{F70E9E7E-9955-42E6-B14F-7981EBD3F389}.Release|Any CPU.Build.0 = Release|Any CPU
		{F70E9E7E-9955-42E6-B14F-7981EBD3F389}.Release|Mixed Platforms.ActiveCfg = Release|Any CPU
		{F70E9E7E-9955-42E6-B14F-7981EBD3F389}.Release|Mixed Platforms.Build.0 = Release|Any CPU
		{F70E9E7E-9955-42E6-B14F-7981EBD3F389}.Release|x86.ActiveCfg = Release|Any CPU
	EndGlobalSection
	GlobalSection(SolutionProperties) = preSolution
		HideSolutionNode = FALSE
	EndGlobalSection
	GlobalSection(NestedProjects) = preSolution
		{84BCA422-D499-44A4-8AD3-5039238B77BE} = {382D966B-30DE-4849-ADBB-7286C248B287}
		{A0731A18-51AF-43FE-9CB5-C13F870DC1BA} = {382D966B-30DE-4849-ADBB-7286C248B287}
		{D0F1F4F2-48B0-4C46-83E4-8909C92846C9} = {60349639-F39F-4556-8898-E64AEC0B22A4}
		{A9D55E13-01F2-49B5-97C7-336E44B218F4} = {60349639-F39F-4556-8898-E64AEC0B22A4}
		{B3C51C43-5E58-4CEE-8F02-9CFD3981BCCF} = {60349639-F39F-4556-8898-E64AEC0B22A4}
		{A5388E06-87EF-4894-B22A-4716839A165C} = {60349639-F39F-4556-8898-E64AEC0B22A4}
		{F70E9E7E-9955-42E6-B14F-7981EBD3F389} = {60349639-F39F-4556-8898-E64AEC0B22A4}
		{8DF9E981-2558-4EFD-A455-5459F36A9B03} = {FF1223B6-11F6-4EDB-AC3E-5DDF93B23C96}
		{FB716680-F72C-4A77-84C9-C5A3A30DD909} = {FF1223B6-11F6-4EDB-AC3E-5DDF93B23C96}
		{51FC792E-69D3-41C4-937E-4ABAC181D918} = {FF1223B6-11F6-4EDB-AC3E-5DDF93B23C96}
		{10FDDA68-3450-4179-819A-248D9D628454} = {2F740D6F-95A0-44EE-8E2C-33EC3761EC25}
		{6A43A495-8E52-4AF7-AFE3-51CA88900B18} = {2F740D6F-95A0-44EE-8E2C-33EC3761EC25}
		{FF8A9176-C810-4DA8-8470-DC925B2DEC3E} = {2F740D6F-95A0-44EE-8E2C-33EC3761EC25}
		{702F84E9-CAD2-4B64-A4C5-F915BAD4A729} = {1FDBC6CA-942F-45B1-B841-B0808D16E1DE}
		{EBA1D22A-F8D5-4884-9297-2C10AD2663E7} = {1FDBC6CA-942F-45B1-B841-B0808D16E1DE}
		{34B74905-DF66-4BF7-958B-62C50ED1203C} = {1FDBC6CA-942F-45B1-B841-B0808D16E1DE}
	EndGlobalSection
EndGlobal
