
Microsoft Visual Studio Solution File, Format Version 11.00
# Visual Studio 2010
Project("{F2A71F9B-5D33-465A-A702-920D77279786}") = "Castle.MonoRail.Routing", "src\Castle.MonoRail.Routing\Castle.MonoRail.Routing.fsproj", "{DCA948DE-DA1A-4ED9-9D9D-E41667342CE3}"
EndProject
Project("{FAE04EC0-301F-11D3-BF4B-00C04F79EFBC}") = "Castle.MonoRail.Routing.Tests", "tests\Castle.MonoRail.Routing.Tests\Castle.MonoRail.Routing.Tests.csproj", "{08B002CB-CD29-44CA-8E13-2497803E2EC2}"
EndProject
Project("{2150E333-8FDC-42A3-9474-1A3956D46DE8}") = "Solution Items", "Solution Items", "{43DAFD81-5DE6-40A8-9BFB-7368FE5B6493}"
	ProjectSection(SolutionItems) = preProject
		Local.testsettings = Local.testsettings
		RoutingFS.vsmdi = RoutingFS.vsmdi
		TraceAndTestImpact.testsettings = TraceAndTestImpact.testsettings
	EndProjectSection
EndProject
Global
	GlobalSection(TestCaseManagementSettings) = postSolution
		CategoryFile = RoutingFS.vsmdi
	EndGlobalSection
	GlobalSection(SolutionConfigurationPlatforms) = preSolution
		Debug|Any CPU = Debug|Any CPU
		Release|Any CPU = Release|Any CPU
	EndGlobalSection
	GlobalSection(ProjectConfigurationPlatforms) = postSolution
		{DCA948DE-DA1A-4ED9-9D9D-E41667342CE3}.Debug|Any CPU.ActiveCfg = Debug|Any CPU
		{DCA948DE-DA1A-4ED9-9D9D-E41667342CE3}.Debug|Any CPU.Build.0 = Debug|Any CPU
		{DCA948DE-DA1A-4ED9-9D9D-E41667342CE3}.Release|Any CPU.ActiveCfg = Release|Any CPU
		{DCA948DE-DA1A-4ED9-9D9D-E41667342CE3}.Release|Any CPU.Build.0 = Release|Any CPU
		{08B002CB-CD29-44CA-8E13-2497803E2EC2}.Debug|Any CPU.ActiveCfg = Debug|Any CPU
		{08B002CB-CD29-44CA-8E13-2497803E2EC2}.Debug|Any CPU.Build.0 = Debug|Any CPU
		{08B002CB-CD29-44CA-8E13-2497803E2EC2}.Release|Any CPU.ActiveCfg = Release|Any CPU
		{08B002CB-CD29-44CA-8E13-2497803E2EC2}.Release|Any CPU.Build.0 = Release|Any CPU
	EndGlobalSection
	GlobalSection(SolutionProperties) = preSolution
		HideSolutionNode = FALSE
	EndGlobalSection
EndGlobal
