
Microsoft Visual Studio Solution File, Format Version 11.00
# Visual Studio 2010
Project("{F2A71F9B-5D33-465A-A702-920D77279786}") = "Castle.MonoRail.Routing", "src\Castle.MonoRail.Routing\Castle.MonoRail.Routing.fsproj", "{DCA948DE-DA1A-4ED9-9D9D-E41667342CE3}"
EndProject
Project("{FAE04EC0-301F-11D3-BF4B-00C04F79EFBC}") = "Castle.MonoRail.Routing.Tests", "tests\Castle.MonoRail.Routing.Tests\Castle.MonoRail.Routing.Tests.csproj", "{08B002CB-CD29-44CA-8E13-2497803E2EC2}"
EndProject
Project("{2150E333-8FDC-42A3-9474-1A3956D46DE8}") = "Solution Items", "Solution Items", "{43DAFD81-5DE6-40A8-9BFB-7368FE5B6493}"
	ProjectSection(SolutionItems) = preProject
		Local.testsettings = Local.testsettings
		RoutingFS.vsmdi = RoutingFS.vsmdi
		TraceAndTestImpact.testsettings = TraceAndTestImpact.testsettings
	EndProjectSection
EndProject
Project("{FAE04EC0-301F-11D3-BF4B-00C04F79EFBC}") = "PerfComp1", "PerfComp1\PerfComp1.csproj", "{78CB23B0-A732-4796-A46B-0BE7F46376E0}"
EndProject
Project("{FAE04EC0-301F-11D3-BF4B-00C04F79EFBC}") = "WebApplication1", "WebApplication1\WebApplication1.csproj", "{A0731A18-51AF-43FE-9CB5-C13F870DC1BA}"
EndProject
Global
	GlobalSection(TestCaseManagementSettings) = postSolution
		CategoryFile = RoutingFS.vsmdi
	EndGlobalSection
	GlobalSection(SolutionConfigurationPlatforms) = preSolution
		Debug|Any CPU = Debug|Any CPU
		Debug|Mixed Platforms = Debug|Mixed Platforms
		Debug|x86 = Debug|x86
		Release|Any CPU = Release|Any CPU
		Release|Mixed Platforms = Release|Mixed Platforms
		Release|x86 = Release|x86
	EndGlobalSection
	GlobalSection(ProjectConfigurationPlatforms) = postSolution
		{DCA948DE-DA1A-4ED9-9D9D-E41667342CE3}.Debug|Any CPU.ActiveCfg = Debug|Any CPU
		{DCA948DE-DA1A-4ED9-9D9D-E41667342CE3}.Debug|Any CPU.Build.0 = Debug|Any CPU
		{DCA948DE-DA1A-4ED9-9D9D-E41667342CE3}.Debug|Mixed Platforms.ActiveCfg = Debug|Any CPU
		{DCA948DE-DA1A-4ED9-9D9D-E41667342CE3}.Debug|Mixed Platforms.Build.0 = Debug|Any CPU
		{DCA948DE-DA1A-4ED9-9D9D-E41667342CE3}.Debug|x86.ActiveCfg = Debug|Any CPU
		{DCA948DE-DA1A-4ED9-9D9D-E41667342CE3}.Release|Any CPU.ActiveCfg = Release|Any CPU
		{DCA948DE-DA1A-4ED9-9D9D-E41667342CE3}.Release|Any CPU.Build.0 = Release|Any CPU
		{DCA948DE-DA1A-4ED9-9D9D-E41667342CE3}.Release|Mixed Platforms.ActiveCfg = Release|Any CPU
		{DCA948DE-DA1A-4ED9-9D9D-E41667342CE3}.Release|Mixed Platforms.Build.0 = Release|Any CPU
		{DCA948DE-DA1A-4ED9-9D9D-E41667342CE3}.Release|x86.ActiveCfg = Release|Any CPU
		{08B002CB-CD29-44CA-8E13-2497803E2EC2}.Debug|Any CPU.ActiveCfg = Debug|Any CPU
		{08B002CB-CD29-44CA-8E13-2497803E2EC2}.Debug|Any CPU.Build.0 = Debug|Any CPU
		{08B002CB-CD29-44CA-8E13-2497803E2EC2}.Debug|Mixed Platforms.ActiveCfg = Debug|Any CPU
		{08B002CB-CD29-44CA-8E13-2497803E2EC2}.Debug|Mixed Platforms.Build.0 = Debug|Any CPU
		{08B002CB-CD29-44CA-8E13-2497803E2EC2}.Debug|x86.ActiveCfg = Debug|Any CPU
		{08B002CB-CD29-44CA-8E13-2497803E2EC2}.Release|Any CPU.ActiveCfg = Release|Any CPU
		{08B002CB-CD29-44CA-8E13-2497803E2EC2}.Release|Any CPU.Build.0 = Release|Any CPU
		{08B002CB-CD29-44CA-8E13-2497803E2EC2}.Release|Mixed Platforms.ActiveCfg = Release|Any CPU
		{08B002CB-CD29-44CA-8E13-2497803E2EC2}.Release|Mixed Platforms.Build.0 = Release|Any CPU
		{08B002CB-CD29-44CA-8E13-2497803E2EC2}.Release|x86.ActiveCfg = Release|Any CPU
		{78CB23B0-A732-4796-A46B-0BE7F46376E0}.Debug|Any CPU.ActiveCfg = Debug|x86
		{78CB23B0-A732-4796-A46B-0BE7F46376E0}.Debug|Any CPU.Build.0 = Debug|x86
		{78CB23B0-A732-4796-A46B-0BE7F46376E0}.Debug|Mixed Platforms.ActiveCfg = Debug|x86
		{78CB23B0-A732-4796-A46B-0BE7F46376E0}.Debug|Mixed Platforms.Build.0 = Debug|x86
		{78CB23B0-A732-4796-A46B-0BE7F46376E0}.Debug|x86.ActiveCfg = Debug|x86
		{78CB23B0-A732-4796-A46B-0BE7F46376E0}.Debug|x86.Build.0 = Debug|x86
		{78CB23B0-A732-4796-A46B-0BE7F46376E0}.Release|Any CPU.ActiveCfg = Release|x86
		{78CB23B0-A732-4796-A46B-0BE7F46376E0}.Release|Any CPU.Build.0 = Release|x86
		{78CB23B0-A732-4796-A46B-0BE7F46376E0}.Release|Mixed Platforms.ActiveCfg = Release|x86
		{78CB23B0-A732-4796-A46B-0BE7F46376E0}.Release|Mixed Platforms.Build.0 = Release|x86
		{78CB23B0-A732-4796-A46B-0BE7F46376E0}.Release|x86.ActiveCfg = Release|x86
		{78CB23B0-A732-4796-A46B-0BE7F46376E0}.Release|x86.Build.0 = Release|x86
		{A0731A18-51AF-43FE-9CB5-C13F870DC1BA}.Debug|Any CPU.ActiveCfg = Debug|Any CPU
		{A0731A18-51AF-43FE-9CB5-C13F870DC1BA}.Debug|Any CPU.Build.0 = Debug|Any CPU
		{A0731A18-51AF-43FE-9CB5-C13F870DC1BA}.Debug|Mixed Platforms.ActiveCfg = Debug|Any CPU
		{A0731A18-51AF-43FE-9CB5-C13F870DC1BA}.Debug|Mixed Platforms.Build.0 = Debug|Any CPU
		{A0731A18-51AF-43FE-9CB5-C13F870DC1BA}.Debug|x86.ActiveCfg = Debug|Any CPU
		{A0731A18-51AF-43FE-9CB5-C13F870DC1BA}.Release|Any CPU.ActiveCfg = Release|Any CPU
		{A0731A18-51AF-43FE-9CB5-C13F870DC1BA}.Release|Any CPU.Build.0 = Release|Any CPU
		{A0731A18-51AF-43FE-9CB5-C13F870DC1BA}.Release|Mixed Platforms.ActiveCfg = Release|Any CPU
		{A0731A18-51AF-43FE-9CB5-C13F870DC1BA}.Release|Mixed Platforms.Build.0 = Release|Any CPU
		{A0731A18-51AF-43FE-9CB5-C13F870DC1BA}.Release|x86.ActiveCfg = Release|Any CPU
	EndGlobalSection
	GlobalSection(SolutionProperties) = preSolution
		HideSolutionNode = FALSE
	EndGlobalSection
EndGlobal
