
Microsoft Visual Studio Solution File, Format Version 11.00
# Visual Studio 2010
Project("{F2A71F9B-5D33-465A-A702-920D77279786}") = "Castle.MonoRail.Routing", "src\Castle.MonoRail.Routing\Castle.MonoRail.Routing.fsproj", "{DCA948DE-DA1A-4ED9-9D9D-E41667342CE3}"
EndProject
Project("{FAE04EC0-301F-11D3-BF4B-00C04F79EFBC}") = "Castle.MonoRail.Routing.Tests", "tests\Castle.MonoRail.Routing.Tests\Castle.MonoRail.Routing.Tests.csproj", "{08B002CB-CD29-44CA-8E13-2497803E2EC2}"
EndProject
Project("{2150E333-8FDC-42A3-9474-1A3956D46DE8}") = "Solution Items", "Solution Items", "{43DAFD81-5DE6-40A8-9BFB-7368FE5B6493}"
	ProjectSection(SolutionItems) = preProject
		ComponentsPerScope.fsx = ComponentsPerScope.fsx
		ListAllExports.fsx = ListAllExports.fsx
		Local.testsettings = Local.testsettings
		RoutingFS.vsmdi = RoutingFS.vsmdi
		TODO.txt = TODO.txt
		TraceAndTestImpact.testsettings = TraceAndTestImpact.testsettings
	EndProjectSection
EndProject
Project("{FAE04EC0-301F-11D3-BF4B-00C04F79EFBC}") = "PerfComp1", "PerfComp1\PerfComp1.csproj", "{78CB23B0-A732-4796-A46B-0BE7F46376E0}"
EndProject
Project("{FAE04EC0-301F-11D3-BF4B-00C04F79EFBC}") = "WebApplication1", "WebApplication1\WebApplication1.csproj", "{A0731A18-51AF-43FE-9CB5-C13F870DC1BA}"
EndProject
Project("{F2A71F9B-5D33-465A-A702-920D77279786}") = "Castle.MonoRail", "src\Castle.MonoRail\Castle.MonoRail.fsproj", "{8C35651E-A56E-4771-95CA-E312AA318538}"
EndProject
Project("{FAE04EC0-301F-11D3-BF4B-00C04F79EFBC}") = "Castle.MonoRail.Tests", "tests\Castle.MonoRail.Tests\Castle.MonoRail.Tests.csproj", "{D0F1F4F2-48B0-4C46-83E4-8909C92846C9}"
EndProject
Project("{F2A71F9B-5D33-465A-A702-920D77279786}") = "Castle.MonoRail.Generator", "src\Castle.MonoRail.Generator\Castle.MonoRail.Generator.fsproj", "{C9BBA850-23EF-4D22-B25E-C35D50C625E6}"
EndProject
Project("{F2A71F9B-5D33-465A-A702-920D77279786}") = "WebApplication1Mod1", "WebApplication1Mod1\WebApplication1Mod1.fsproj", "{84BCA422-D499-44A4-8AD3-5039238B77BE}"
EndProject
Project("{F2A71F9B-5D33-465A-A702-920D77279786}") = "Castle.MonoRail.ViewEngines.Razor", "src\Castle.MonoRail.ViewEngines.Razor\Castle.MonoRail.ViewEngines.Razor.fsproj", "{2AAA45D5-FD1B-406A-B0CC-9EA12DA6BC10}"
EndProject
Project("{F2A71F9B-5D33-465A-A702-920D77279786}") = "Castle.MonoRail.Extension.Windsor", "Extensions\WindsorIntegration\src\Castle.MonoRail.Extension.Windsor\Castle.MonoRail.Extension.Windsor.fsproj", "{26F17283-2253-4FFA-8A11-116BFA71A3B2}"
EndProject
Project("{F2A71F9B-5D33-465A-A702-920D77279786}") = "Castle.Blade", "src\Castle.Blade\src\Castle.Blade\Castle.Blade.fsproj", "{51FC792E-69D3-41C4-937E-4ABAC181D918}"
EndProject
Project("{F2A71F9B-5D33-465A-A702-920D77279786}") = "Castle.Blade.Web", "src\Castle.Blade\src\Castle.Blade.Web\Castle.Blade.Web.fsproj", "{8DF9E981-2558-4EFD-A455-5459F36A9B03}"
EndProject
Project("{F2A71F9B-5D33-465A-A702-920D77279786}") = "Castle.MonoRail.ViewEngines.Blade", "src\Castle.MonoRail.ViewEngines.Blade\Castle.MonoRail.ViewEngines.Blade.fsproj", "{53C04B7D-F909-406B-9B0D-BB72CE68E646}"
EndProject
Global
	GlobalSection(TestCaseManagementSettings) = postSolution
		CategoryFile = RoutingFS.vsmdi
	EndGlobalSection
	GlobalSection(SolutionConfigurationPlatforms) = preSolution
		Debug|Any CPU = Debug|Any CPU
		Debug|Mixed Platforms = Debug|Mixed Platforms
		Debug|x86 = Debug|x86
		MONO28-Debug|Any CPU = MONO28-Debug|Any CPU
		MONO28-Debug|Mixed Platforms = MONO28-Debug|Mixed Platforms
		MONO28-Debug|x86 = MONO28-Debug|x86
		MONO28-Release|Any CPU = MONO28-Release|Any CPU
		MONO28-Release|Mixed Platforms = MONO28-Release|Mixed Platforms
		MONO28-Release|x86 = MONO28-Release|x86
		NET40-Debug|Any CPU = NET40-Debug|Any CPU
		NET40-Debug|Mixed Platforms = NET40-Debug|Mixed Platforms
		NET40-Debug|x86 = NET40-Debug|x86
		NET40-Release|Any CPU = NET40-Release|Any CPU
		NET40-Release|Mixed Platforms = NET40-Release|Mixed Platforms
		NET40-Release|x86 = NET40-Release|x86
		Release|Any CPU = Release|Any CPU
		Release|Mixed Platforms = Release|Mixed Platforms
		Release|x86 = Release|x86
	EndGlobalSection
	GlobalSection(ProjectConfigurationPlatforms) = postSolution
		{DCA948DE-DA1A-4ED9-9D9D-E41667342CE3}.Debug|Any CPU.ActiveCfg = Debug|Any CPU
		{DCA948DE-DA1A-4ED9-9D9D-E41667342CE3}.Debug|Any CPU.Build.0 = Debug|Any CPU
		{DCA948DE-DA1A-4ED9-9D9D-E41667342CE3}.Debug|Mixed Platforms.ActiveCfg = Debug|Any CPU
		{DCA948DE-DA1A-4ED9-9D9D-E41667342CE3}.Debug|Mixed Platforms.Build.0 = Debug|Any CPU
		{DCA948DE-DA1A-4ED9-9D9D-E41667342CE3}.Debug|x86.ActiveCfg = Debug|Any CPU
		{DCA948DE-DA1A-4ED9-9D9D-E41667342CE3}.MONO28-Debug|Any CPU.ActiveCfg = Debug|Any CPU
		{DCA948DE-DA1A-4ED9-9D9D-E41667342CE3}.MONO28-Debug|Any CPU.Build.0 = Debug|Any CPU
		{DCA948DE-DA1A-4ED9-9D9D-E41667342CE3}.MONO28-Debug|Mixed Platforms.ActiveCfg = Debug|Any CPU
		{DCA948DE-DA1A-4ED9-9D9D-E41667342CE3}.MONO28-Debug|Mixed Platforms.Build.0 = Debug|Any CPU
		{DCA948DE-DA1A-4ED9-9D9D-E41667342CE3}.MONO28-Debug|x86.ActiveCfg = Debug|Any CPU
		{DCA948DE-DA1A-4ED9-9D9D-E41667342CE3}.MONO28-Release|Any CPU.ActiveCfg = Release|Any CPU
		{DCA948DE-DA1A-4ED9-9D9D-E41667342CE3}.MONO28-Release|Any CPU.Build.0 = Release|Any CPU
		{DCA948DE-DA1A-4ED9-9D9D-E41667342CE3}.MONO28-Release|Mixed Platforms.ActiveCfg = Release|Any CPU
		{DCA948DE-DA1A-4ED9-9D9D-E41667342CE3}.MONO28-Release|Mixed Platforms.Build.0 = Release|Any CPU
		{DCA948DE-DA1A-4ED9-9D9D-E41667342CE3}.MONO28-Release|x86.ActiveCfg = Release|Any CPU
		{DCA948DE-DA1A-4ED9-9D9D-E41667342CE3}.NET40-Debug|Any CPU.ActiveCfg = Debug|Any CPU
		{DCA948DE-DA1A-4ED9-9D9D-E41667342CE3}.NET40-Debug|Any CPU.Build.0 = Debug|Any CPU
		{DCA948DE-DA1A-4ED9-9D9D-E41667342CE3}.NET40-Debug|Mixed Platforms.ActiveCfg = Debug|Any CPU
		{DCA948DE-DA1A-4ED9-9D9D-E41667342CE3}.NET40-Debug|Mixed Platforms.Build.0 = Debug|Any CPU
		{DCA948DE-DA1A-4ED9-9D9D-E41667342CE3}.NET40-Debug|x86.ActiveCfg = Debug|Any CPU
		{DCA948DE-DA1A-4ED9-9D9D-E41667342CE3}.NET40-Release|Any CPU.ActiveCfg = Release|Any CPU
		{DCA948DE-DA1A-4ED9-9D9D-E41667342CE3}.NET40-Release|Any CPU.Build.0 = Release|Any CPU
		{DCA948DE-DA1A-4ED9-9D9D-E41667342CE3}.NET40-Release|Mixed Platforms.ActiveCfg = Release|Any CPU
		{DCA948DE-DA1A-4ED9-9D9D-E41667342CE3}.NET40-Release|Mixed Platforms.Build.0 = Release|Any CPU
		{DCA948DE-DA1A-4ED9-9D9D-E41667342CE3}.NET40-Release|x86.ActiveCfg = Release|Any CPU
		{DCA948DE-DA1A-4ED9-9D9D-E41667342CE3}.Release|Any CPU.ActiveCfg = Release|Any CPU
		{DCA948DE-DA1A-4ED9-9D9D-E41667342CE3}.Release|Any CPU.Build.0 = Release|Any CPU
		{DCA948DE-DA1A-4ED9-9D9D-E41667342CE3}.Release|Mixed Platforms.ActiveCfg = Release|Any CPU
		{DCA948DE-DA1A-4ED9-9D9D-E41667342CE3}.Release|Mixed Platforms.Build.0 = Release|Any CPU
		{DCA948DE-DA1A-4ED9-9D9D-E41667342CE3}.Release|x86.ActiveCfg = Release|Any CPU
		{08B002CB-CD29-44CA-8E13-2497803E2EC2}.Debug|Any CPU.ActiveCfg = Debug|Any CPU
		{08B002CB-CD29-44CA-8E13-2497803E2EC2}.Debug|Any CPU.Build.0 = Debug|Any CPU
		{08B002CB-CD29-44CA-8E13-2497803E2EC2}.Debug|Mixed Platforms.ActiveCfg = Debug|Any CPU
		{08B002CB-CD29-44CA-8E13-2497803E2EC2}.Debug|Mixed Platforms.Build.0 = Debug|Any CPU
		{08B002CB-CD29-44CA-8E13-2497803E2EC2}.Debug|x86.ActiveCfg = Debug|Any CPU
		{08B002CB-CD29-44CA-8E13-2497803E2EC2}.MONO28-Debug|Any CPU.ActiveCfg = Debug|Any CPU
		{08B002CB-CD29-44CA-8E13-2497803E2EC2}.MONO28-Debug|Any CPU.Build.0 = Debug|Any CPU
		{08B002CB-CD29-44CA-8E13-2497803E2EC2}.MONO28-Debug|Mixed Platforms.ActiveCfg = Debug|Any CPU
		{08B002CB-CD29-44CA-8E13-2497803E2EC2}.MONO28-Debug|Mixed Platforms.Build.0 = Debug|Any CPU
		{08B002CB-CD29-44CA-8E13-2497803E2EC2}.MONO28-Debug|x86.ActiveCfg = Debug|Any CPU
		{08B002CB-CD29-44CA-8E13-2497803E2EC2}.MONO28-Release|Any CPU.ActiveCfg = Release|Any CPU
		{08B002CB-CD29-44CA-8E13-2497803E2EC2}.MONO28-Release|Any CPU.Build.0 = Release|Any CPU
		{08B002CB-CD29-44CA-8E13-2497803E2EC2}.MONO28-Release|Mixed Platforms.ActiveCfg = Release|Any CPU
		{08B002CB-CD29-44CA-8E13-2497803E2EC2}.MONO28-Release|Mixed Platforms.Build.0 = Release|Any CPU
		{08B002CB-CD29-44CA-8E13-2497803E2EC2}.MONO28-Release|x86.ActiveCfg = Release|Any CPU
		{08B002CB-CD29-44CA-8E13-2497803E2EC2}.NET40-Debug|Any CPU.ActiveCfg = Debug|Any CPU
		{08B002CB-CD29-44CA-8E13-2497803E2EC2}.NET40-Debug|Any CPU.Build.0 = Debug|Any CPU
		{08B002CB-CD29-44CA-8E13-2497803E2EC2}.NET40-Debug|Mixed Platforms.ActiveCfg = Debug|Any CPU
		{08B002CB-CD29-44CA-8E13-2497803E2EC2}.NET40-Debug|Mixed Platforms.Build.0 = Debug|Any CPU
		{08B002CB-CD29-44CA-8E13-2497803E2EC2}.NET40-Debug|x86.ActiveCfg = Debug|Any CPU
		{08B002CB-CD29-44CA-8E13-2497803E2EC2}.NET40-Release|Any CPU.ActiveCfg = Release|Any CPU
		{08B002CB-CD29-44CA-8E13-2497803E2EC2}.NET40-Release|Any CPU.Build.0 = Release|Any CPU
		{08B002CB-CD29-44CA-8E13-2497803E2EC2}.NET40-Release|Mixed Platforms.ActiveCfg = Release|Any CPU
		{08B002CB-CD29-44CA-8E13-2497803E2EC2}.NET40-Release|Mixed Platforms.Build.0 = Release|Any CPU
		{08B002CB-CD29-44CA-8E13-2497803E2EC2}.NET40-Release|x86.ActiveCfg = Release|Any CPU
		{08B002CB-CD29-44CA-8E13-2497803E2EC2}.Release|Any CPU.ActiveCfg = Release|Any CPU
		{08B002CB-CD29-44CA-8E13-2497803E2EC2}.Release|Any CPU.Build.0 = Release|Any CPU
		{08B002CB-CD29-44CA-8E13-2497803E2EC2}.Release|Mixed Platforms.ActiveCfg = Release|Any CPU
		{08B002CB-CD29-44CA-8E13-2497803E2EC2}.Release|Mixed Platforms.Build.0 = Release|Any CPU
		{08B002CB-CD29-44CA-8E13-2497803E2EC2}.Release|x86.ActiveCfg = Release|Any CPU
		{78CB23B0-A732-4796-A46B-0BE7F46376E0}.Debug|Any CPU.ActiveCfg = Debug|x86
		{78CB23B0-A732-4796-A46B-0BE7F46376E0}.Debug|Any CPU.Build.0 = Debug|x86
		{78CB23B0-A732-4796-A46B-0BE7F46376E0}.Debug|Mixed Platforms.ActiveCfg = Debug|x86
		{78CB23B0-A732-4796-A46B-0BE7F46376E0}.Debug|Mixed Platforms.Build.0 = Debug|x86
		{78CB23B0-A732-4796-A46B-0BE7F46376E0}.Debug|x86.ActiveCfg = Debug|x86
		{78CB23B0-A732-4796-A46B-0BE7F46376E0}.Debug|x86.Build.0 = Debug|x86
		{78CB23B0-A732-4796-A46B-0BE7F46376E0}.MONO28-Debug|Any CPU.ActiveCfg = Debug|x86
		{78CB23B0-A732-4796-A46B-0BE7F46376E0}.MONO28-Debug|Mixed Platforms.ActiveCfg = Debug|x86
		{78CB23B0-A732-4796-A46B-0BE7F46376E0}.MONO28-Debug|Mixed Platforms.Build.0 = Debug|x86
		{78CB23B0-A732-4796-A46B-0BE7F46376E0}.MONO28-Debug|x86.ActiveCfg = Debug|x86
		{78CB23B0-A732-4796-A46B-0BE7F46376E0}.MONO28-Debug|x86.Build.0 = Debug|x86
		{78CB23B0-A732-4796-A46B-0BE7F46376E0}.MONO28-Release|Any CPU.ActiveCfg = Release|x86
		{78CB23B0-A732-4796-A46B-0BE7F46376E0}.MONO28-Release|Mixed Platforms.ActiveCfg = Release|x86
		{78CB23B0-A732-4796-A46B-0BE7F46376E0}.MONO28-Release|Mixed Platforms.Build.0 = Release|x86
		{78CB23B0-A732-4796-A46B-0BE7F46376E0}.MONO28-Release|x86.ActiveCfg = Release|x86
		{78CB23B0-A732-4796-A46B-0BE7F46376E0}.MONO28-Release|x86.Build.0 = Release|x86
		{78CB23B0-A732-4796-A46B-0BE7F46376E0}.NET40-Debug|Any CPU.ActiveCfg = Debug|x86
		{78CB23B0-A732-4796-A46B-0BE7F46376E0}.NET40-Debug|Mixed Platforms.ActiveCfg = Debug|x86
		{78CB23B0-A732-4796-A46B-0BE7F46376E0}.NET40-Debug|Mixed Platforms.Build.0 = Debug|x86
		{78CB23B0-A732-4796-A46B-0BE7F46376E0}.NET40-Debug|x86.ActiveCfg = Debug|x86
		{78CB23B0-A732-4796-A46B-0BE7F46376E0}.NET40-Debug|x86.Build.0 = Debug|x86
		{78CB23B0-A732-4796-A46B-0BE7F46376E0}.NET40-Release|Any CPU.ActiveCfg = Release|x86
		{78CB23B0-A732-4796-A46B-0BE7F46376E0}.NET40-Release|Mixed Platforms.ActiveCfg = Release|x86
		{78CB23B0-A732-4796-A46B-0BE7F46376E0}.NET40-Release|Mixed Platforms.Build.0 = Release|x86
		{78CB23B0-A732-4796-A46B-0BE7F46376E0}.NET40-Release|x86.ActiveCfg = Release|x86
		{78CB23B0-A732-4796-A46B-0BE7F46376E0}.NET40-Release|x86.Build.0 = Release|x86
		{78CB23B0-A732-4796-A46B-0BE7F46376E0}.Release|Any CPU.ActiveCfg = Release|x86
		{78CB23B0-A732-4796-A46B-0BE7F46376E0}.Release|Any CPU.Build.0 = Release|x86
		{78CB23B0-A732-4796-A46B-0BE7F46376E0}.Release|Mixed Platforms.ActiveCfg = Release|x86
		{78CB23B0-A732-4796-A46B-0BE7F46376E0}.Release|Mixed Platforms.Build.0 = Release|x86
		{78CB23B0-A732-4796-A46B-0BE7F46376E0}.Release|x86.ActiveCfg = Release|x86
		{78CB23B0-A732-4796-A46B-0BE7F46376E0}.Release|x86.Build.0 = Release|x86
		{A0731A18-51AF-43FE-9CB5-C13F870DC1BA}.Debug|Any CPU.ActiveCfg = Debug|Any CPU
		{A0731A18-51AF-43FE-9CB5-C13F870DC1BA}.Debug|Any CPU.Build.0 = Debug|Any CPU
		{A0731A18-51AF-43FE-9CB5-C13F870DC1BA}.Debug|Mixed Platforms.ActiveCfg = Debug|Any CPU
		{A0731A18-51AF-43FE-9CB5-C13F870DC1BA}.Debug|Mixed Platforms.Build.0 = Debug|Any CPU
		{A0731A18-51AF-43FE-9CB5-C13F870DC1BA}.Debug|x86.ActiveCfg = Debug|Any CPU
		{A0731A18-51AF-43FE-9CB5-C13F870DC1BA}.MONO28-Debug|Any CPU.ActiveCfg = Debug|Any CPU
		{A0731A18-51AF-43FE-9CB5-C13F870DC1BA}.MONO28-Debug|Any CPU.Build.0 = Debug|Any CPU
		{A0731A18-51AF-43FE-9CB5-C13F870DC1BA}.MONO28-Debug|Mixed Platforms.ActiveCfg = Debug|Any CPU
		{A0731A18-51AF-43FE-9CB5-C13F870DC1BA}.MONO28-Debug|Mixed Platforms.Build.0 = Debug|Any CPU
		{A0731A18-51AF-43FE-9CB5-C13F870DC1BA}.MONO28-Debug|x86.ActiveCfg = Debug|Any CPU
		{A0731A18-51AF-43FE-9CB5-C13F870DC1BA}.MONO28-Release|Any CPU.ActiveCfg = Release|Any CPU
		{A0731A18-51AF-43FE-9CB5-C13F870DC1BA}.MONO28-Release|Any CPU.Build.0 = Release|Any CPU
		{A0731A18-51AF-43FE-9CB5-C13F870DC1BA}.MONO28-Release|Mixed Platforms.ActiveCfg = Release|Any CPU
		{A0731A18-51AF-43FE-9CB5-C13F870DC1BA}.MONO28-Release|Mixed Platforms.Build.0 = Release|Any CPU
		{A0731A18-51AF-43FE-9CB5-C13F870DC1BA}.MONO28-Release|x86.ActiveCfg = Release|Any CPU
		{A0731A18-51AF-43FE-9CB5-C13F870DC1BA}.NET40-Debug|Any CPU.ActiveCfg = Debug|Any CPU
		{A0731A18-51AF-43FE-9CB5-C13F870DC1BA}.NET40-Debug|Any CPU.Build.0 = Debug|Any CPU
		{A0731A18-51AF-43FE-9CB5-C13F870DC1BA}.NET40-Debug|Mixed Platforms.ActiveCfg = Debug|Any CPU
		{A0731A18-51AF-43FE-9CB5-C13F870DC1BA}.NET40-Debug|Mixed Platforms.Build.0 = Debug|Any CPU
		{A0731A18-51AF-43FE-9CB5-C13F870DC1BA}.NET40-Debug|x86.ActiveCfg = Debug|Any CPU
		{A0731A18-51AF-43FE-9CB5-C13F870DC1BA}.NET40-Release|Any CPU.ActiveCfg = Release|Any CPU
		{A0731A18-51AF-43FE-9CB5-C13F870DC1BA}.NET40-Release|Any CPU.Build.0 = Release|Any CPU
		{A0731A18-51AF-43FE-9CB5-C13F870DC1BA}.NET40-Release|Mixed Platforms.ActiveCfg = Release|Any CPU
		{A0731A18-51AF-43FE-9CB5-C13F870DC1BA}.NET40-Release|Mixed Platforms.Build.0 = Release|Any CPU
		{A0731A18-51AF-43FE-9CB5-C13F870DC1BA}.NET40-Release|x86.ActiveCfg = Release|Any CPU
		{A0731A18-51AF-43FE-9CB5-C13F870DC1BA}.Release|Any CPU.ActiveCfg = Release|Any CPU
		{A0731A18-51AF-43FE-9CB5-C13F870DC1BA}.Release|Any CPU.Build.0 = Release|Any CPU
		{A0731A18-51AF-43FE-9CB5-C13F870DC1BA}.Release|Mixed Platforms.ActiveCfg = Release|Any CPU
		{A0731A18-51AF-43FE-9CB5-C13F870DC1BA}.Release|Mixed Platforms.Build.0 = Release|Any CPU
		{A0731A18-51AF-43FE-9CB5-C13F870DC1BA}.Release|x86.ActiveCfg = Release|Any CPU
		{8C35651E-A56E-4771-95CA-E312AA318538}.Debug|Any CPU.ActiveCfg = Debug|Any CPU
		{8C35651E-A56E-4771-95CA-E312AA318538}.Debug|Any CPU.Build.0 = Debug|Any CPU
		{8C35651E-A56E-4771-95CA-E312AA318538}.Debug|Mixed Platforms.ActiveCfg = Debug|Any CPU
		{8C35651E-A56E-4771-95CA-E312AA318538}.Debug|Mixed Platforms.Build.0 = Debug|Any CPU
		{8C35651E-A56E-4771-95CA-E312AA318538}.Debug|x86.ActiveCfg = Debug|Any CPU
		{8C35651E-A56E-4771-95CA-E312AA318538}.MONO28-Debug|Any CPU.ActiveCfg = Debug|Any CPU
		{8C35651E-A56E-4771-95CA-E312AA318538}.MONO28-Debug|Any CPU.Build.0 = Debug|Any CPU
		{8C35651E-A56E-4771-95CA-E312AA318538}.MONO28-Debug|Mixed Platforms.ActiveCfg = Debug|Any CPU
		{8C35651E-A56E-4771-95CA-E312AA318538}.MONO28-Debug|Mixed Platforms.Build.0 = Debug|Any CPU
		{8C35651E-A56E-4771-95CA-E312AA318538}.MONO28-Debug|x86.ActiveCfg = Debug|Any CPU
		{8C35651E-A56E-4771-95CA-E312AA318538}.MONO28-Release|Any CPU.ActiveCfg = Release|Any CPU
		{8C35651E-A56E-4771-95CA-E312AA318538}.MONO28-Release|Any CPU.Build.0 = Release|Any CPU
		{8C35651E-A56E-4771-95CA-E312AA318538}.MONO28-Release|Mixed Platforms.ActiveCfg = Release|Any CPU
		{8C35651E-A56E-4771-95CA-E312AA318538}.MONO28-Release|Mixed Platforms.Build.0 = Release|Any CPU
		{8C35651E-A56E-4771-95CA-E312AA318538}.MONO28-Release|x86.ActiveCfg = Release|Any CPU
		{8C35651E-A56E-4771-95CA-E312AA318538}.NET40-Debug|Any CPU.ActiveCfg = Debug|Any CPU
		{8C35651E-A56E-4771-95CA-E312AA318538}.NET40-Debug|Any CPU.Build.0 = Debug|Any CPU
		{8C35651E-A56E-4771-95CA-E312AA318538}.NET40-Debug|Mixed Platforms.ActiveCfg = Debug|Any CPU
		{8C35651E-A56E-4771-95CA-E312AA318538}.NET40-Debug|Mixed Platforms.Build.0 = Debug|Any CPU
		{8C35651E-A56E-4771-95CA-E312AA318538}.NET40-Debug|x86.ActiveCfg = Debug|Any CPU
		{8C35651E-A56E-4771-95CA-E312AA318538}.NET40-Release|Any CPU.ActiveCfg = Release|Any CPU
		{8C35651E-A56E-4771-95CA-E312AA318538}.NET40-Release|Any CPU.Build.0 = Release|Any CPU
		{8C35651E-A56E-4771-95CA-E312AA318538}.NET40-Release|Mixed Platforms.ActiveCfg = Release|Any CPU
		{8C35651E-A56E-4771-95CA-E312AA318538}.NET40-Release|Mixed Platforms.Build.0 = Release|Any CPU
		{8C35651E-A56E-4771-95CA-E312AA318538}.NET40-Release|x86.ActiveCfg = Release|Any CPU
		{8C35651E-A56E-4771-95CA-E312AA318538}.Release|Any CPU.ActiveCfg = Release|Any CPU
		{8C35651E-A56E-4771-95CA-E312AA318538}.Release|Any CPU.Build.0 = Release|Any CPU
		{8C35651E-A56E-4771-95CA-E312AA318538}.Release|Mixed Platforms.ActiveCfg = Release|Any CPU
		{8C35651E-A56E-4771-95CA-E312AA318538}.Release|Mixed Platforms.Build.0 = Release|Any CPU
		{8C35651E-A56E-4771-95CA-E312AA318538}.Release|x86.ActiveCfg = Release|Any CPU
		{D0F1F4F2-48B0-4C46-83E4-8909C92846C9}.Debug|Any CPU.ActiveCfg = MONO28-Debug|Any CPU
		{D0F1F4F2-48B0-4C46-83E4-8909C92846C9}.Debug|Any CPU.Build.0 = MONO28-Debug|Any CPU
		{D0F1F4F2-48B0-4C46-83E4-8909C92846C9}.Debug|Mixed Platforms.ActiveCfg = NET40-Debug|Any CPU
		{D0F1F4F2-48B0-4C46-83E4-8909C92846C9}.Debug|Mixed Platforms.Build.0 = NET40-Debug|Any CPU
		{D0F1F4F2-48B0-4C46-83E4-8909C92846C9}.Debug|x86.ActiveCfg = MONO28-Release|Any CPU
		{D0F1F4F2-48B0-4C46-83E4-8909C92846C9}.MONO28-Debug|Any CPU.ActiveCfg = MONO28-Debug|Any CPU
		{D0F1F4F2-48B0-4C46-83E4-8909C92846C9}.MONO28-Debug|Any CPU.Build.0 = MONO28-Debug|Any CPU
		{D0F1F4F2-48B0-4C46-83E4-8909C92846C9}.MONO28-Debug|Mixed Platforms.ActiveCfg = MONO28-Debug|Any CPU
		{D0F1F4F2-48B0-4C46-83E4-8909C92846C9}.MONO28-Debug|Mixed Platforms.Build.0 = MONO28-Debug|Any CPU
		{D0F1F4F2-48B0-4C46-83E4-8909C92846C9}.MONO28-Debug|x86.ActiveCfg = MONO28-Debug|Any CPU
		{D0F1F4F2-48B0-4C46-83E4-8909C92846C9}.MONO28-Release|Any CPU.ActiveCfg = MONO28-Release|Any CPU
		{D0F1F4F2-48B0-4C46-83E4-8909C92846C9}.MONO28-Release|Any CPU.Build.0 = MONO28-Release|Any CPU
		{D0F1F4F2-48B0-4C46-83E4-8909C92846C9}.MONO28-Release|Mixed Platforms.ActiveCfg = MONO28-Release|Any CPU
		{D0F1F4F2-48B0-4C46-83E4-8909C92846C9}.MONO28-Release|Mixed Platforms.Build.0 = MONO28-Release|Any CPU
		{D0F1F4F2-48B0-4C46-83E4-8909C92846C9}.MONO28-Release|x86.ActiveCfg = MONO28-Release|Any CPU
		{D0F1F4F2-48B0-4C46-83E4-8909C92846C9}.NET40-Debug|Any CPU.ActiveCfg = NET40-Debug|Any CPU
		{D0F1F4F2-48B0-4C46-83E4-8909C92846C9}.NET40-Debug|Any CPU.Build.0 = NET40-Debug|Any CPU
		{D0F1F4F2-48B0-4C46-83E4-8909C92846C9}.NET40-Debug|Mixed Platforms.ActiveCfg = NET40-Debug|Any CPU
		{D0F1F4F2-48B0-4C46-83E4-8909C92846C9}.NET40-Debug|Mixed Platforms.Build.0 = NET40-Debug|Any CPU
		{D0F1F4F2-48B0-4C46-83E4-8909C92846C9}.NET40-Debug|x86.ActiveCfg = NET40-Debug|Any CPU
		{D0F1F4F2-48B0-4C46-83E4-8909C92846C9}.NET40-Release|Any CPU.ActiveCfg = NET40-Release|Any CPU
		{D0F1F4F2-48B0-4C46-83E4-8909C92846C9}.NET40-Release|Any CPU.Build.0 = NET40-Release|Any CPU
		{D0F1F4F2-48B0-4C46-83E4-8909C92846C9}.NET40-Release|Mixed Platforms.ActiveCfg = NET40-Release|Any CPU
		{D0F1F4F2-48B0-4C46-83E4-8909C92846C9}.NET40-Release|Mixed Platforms.Build.0 = NET40-Release|Any CPU
		{D0F1F4F2-48B0-4C46-83E4-8909C92846C9}.NET40-Release|x86.ActiveCfg = NET40-Release|Any CPU
		{D0F1F4F2-48B0-4C46-83E4-8909C92846C9}.Release|Any CPU.ActiveCfg = MONO28-Release|Any CPU
		{D0F1F4F2-48B0-4C46-83E4-8909C92846C9}.Release|Any CPU.Build.0 = MONO28-Release|Any CPU
		{D0F1F4F2-48B0-4C46-83E4-8909C92846C9}.Release|Mixed Platforms.ActiveCfg = MONO28-Release|Any CPU
		{D0F1F4F2-48B0-4C46-83E4-8909C92846C9}.Release|Mixed Platforms.Build.0 = MONO28-Release|Any CPU
		{D0F1F4F2-48B0-4C46-83E4-8909C92846C9}.Release|x86.ActiveCfg = MONO28-Release|Any CPU
		{C9BBA850-23EF-4D22-B25E-C35D50C625E6}.Debug|Any CPU.ActiveCfg = Debug|x86
		{C9BBA850-23EF-4D22-B25E-C35D50C625E6}.Debug|Any CPU.Build.0 = Debug|x86
		{C9BBA850-23EF-4D22-B25E-C35D50C625E6}.Debug|Mixed Platforms.ActiveCfg = Debug|x86
		{C9BBA850-23EF-4D22-B25E-C35D50C625E6}.Debug|Mixed Platforms.Build.0 = Debug|x86
		{C9BBA850-23EF-4D22-B25E-C35D50C625E6}.Debug|x86.ActiveCfg = Debug|x86
		{C9BBA850-23EF-4D22-B25E-C35D50C625E6}.Debug|x86.Build.0 = Debug|x86
		{C9BBA850-23EF-4D22-B25E-C35D50C625E6}.MONO28-Debug|Any CPU.ActiveCfg = Debug|x86
		{C9BBA850-23EF-4D22-B25E-C35D50C625E6}.MONO28-Debug|Mixed Platforms.ActiveCfg = Debug|x86
		{C9BBA850-23EF-4D22-B25E-C35D50C625E6}.MONO28-Debug|Mixed Platforms.Build.0 = Debug|x86
		{C9BBA850-23EF-4D22-B25E-C35D50C625E6}.MONO28-Debug|x86.ActiveCfg = Debug|x86
		{C9BBA850-23EF-4D22-B25E-C35D50C625E6}.MONO28-Debug|x86.Build.0 = Debug|x86
		{C9BBA850-23EF-4D22-B25E-C35D50C625E6}.MONO28-Release|Any CPU.ActiveCfg = Release|x86
		{C9BBA850-23EF-4D22-B25E-C35D50C625E6}.MONO28-Release|Mixed Platforms.ActiveCfg = Release|x86
		{C9BBA850-23EF-4D22-B25E-C35D50C625E6}.MONO28-Release|Mixed Platforms.Build.0 = Release|x86
		{C9BBA850-23EF-4D22-B25E-C35D50C625E6}.MONO28-Release|x86.ActiveCfg = Release|x86
		{C9BBA850-23EF-4D22-B25E-C35D50C625E6}.MONO28-Release|x86.Build.0 = Release|x86
		{C9BBA850-23EF-4D22-B25E-C35D50C625E6}.NET40-Debug|Any CPU.ActiveCfg = Debug|x86
		{C9BBA850-23EF-4D22-B25E-C35D50C625E6}.NET40-Debug|Mixed Platforms.ActiveCfg = Debug|x86
		{C9BBA850-23EF-4D22-B25E-C35D50C625E6}.NET40-Debug|Mixed Platforms.Build.0 = Debug|x86
		{C9BBA850-23EF-4D22-B25E-C35D50C625E6}.NET40-Debug|x86.ActiveCfg = Debug|x86
		{C9BBA850-23EF-4D22-B25E-C35D50C625E6}.NET40-Debug|x86.Build.0 = Debug|x86
		{C9BBA850-23EF-4D22-B25E-C35D50C625E6}.NET40-Release|Any CPU.ActiveCfg = Release|x86
		{C9BBA850-23EF-4D22-B25E-C35D50C625E6}.NET40-Release|Mixed Platforms.ActiveCfg = Release|x86
		{C9BBA850-23EF-4D22-B25E-C35D50C625E6}.NET40-Release|Mixed Platforms.Build.0 = Release|x86
		{C9BBA850-23EF-4D22-B25E-C35D50C625E6}.NET40-Release|x86.ActiveCfg = Release|x86
		{C9BBA850-23EF-4D22-B25E-C35D50C625E6}.NET40-Release|x86.Build.0 = Release|x86
		{C9BBA850-23EF-4D22-B25E-C35D50C625E6}.Release|Any CPU.ActiveCfg = Release|x86
		{C9BBA850-23EF-4D22-B25E-C35D50C625E6}.Release|Any CPU.Build.0 = Release|x86
		{C9BBA850-23EF-4D22-B25E-C35D50C625E6}.Release|Mixed Platforms.ActiveCfg = Release|x86
		{C9BBA850-23EF-4D22-B25E-C35D50C625E6}.Release|Mixed Platforms.Build.0 = Release|x86
		{C9BBA850-23EF-4D22-B25E-C35D50C625E6}.Release|x86.ActiveCfg = Release|x86
		{C9BBA850-23EF-4D22-B25E-C35D50C625E6}.Release|x86.Build.0 = Release|x86
		{84BCA422-D499-44A4-8AD3-5039238B77BE}.Debug|Any CPU.ActiveCfg = Debug|Any CPU
		{84BCA422-D499-44A4-8AD3-5039238B77BE}.Debug|Any CPU.Build.0 = Debug|Any CPU
		{84BCA422-D499-44A4-8AD3-5039238B77BE}.Debug|Mixed Platforms.ActiveCfg = Debug|Any CPU
		{84BCA422-D499-44A4-8AD3-5039238B77BE}.Debug|Mixed Platforms.Build.0 = Debug|Any CPU
		{84BCA422-D499-44A4-8AD3-5039238B77BE}.Debug|x86.ActiveCfg = Debug|Any CPU
		{84BCA422-D499-44A4-8AD3-5039238B77BE}.MONO28-Debug|Any CPU.ActiveCfg = Debug|Any CPU
		{84BCA422-D499-44A4-8AD3-5039238B77BE}.MONO28-Debug|Any CPU.Build.0 = Debug|Any CPU
		{84BCA422-D499-44A4-8AD3-5039238B77BE}.MONO28-Debug|Mixed Platforms.ActiveCfg = Debug|Any CPU
		{84BCA422-D499-44A4-8AD3-5039238B77BE}.MONO28-Debug|Mixed Platforms.Build.0 = Debug|Any CPU
		{84BCA422-D499-44A4-8AD3-5039238B77BE}.MONO28-Debug|x86.ActiveCfg = Debug|Any CPU
		{84BCA422-D499-44A4-8AD3-5039238B77BE}.MONO28-Release|Any CPU.ActiveCfg = Release|Any CPU
		{84BCA422-D499-44A4-8AD3-5039238B77BE}.MONO28-Release|Any CPU.Build.0 = Release|Any CPU
		{84BCA422-D499-44A4-8AD3-5039238B77BE}.MONO28-Release|Mixed Platforms.ActiveCfg = Release|Any CPU
		{84BCA422-D499-44A4-8AD3-5039238B77BE}.MONO28-Release|Mixed Platforms.Build.0 = Release|Any CPU
		{84BCA422-D499-44A4-8AD3-5039238B77BE}.MONO28-Release|x86.ActiveCfg = Release|Any CPU
		{84BCA422-D499-44A4-8AD3-5039238B77BE}.NET40-Debug|Any CPU.ActiveCfg = Debug|Any CPU
		{84BCA422-D499-44A4-8AD3-5039238B77BE}.NET40-Debug|Any CPU.Build.0 = Debug|Any CPU
		{84BCA422-D499-44A4-8AD3-5039238B77BE}.NET40-Debug|Mixed Platforms.ActiveCfg = Debug|Any CPU
		{84BCA422-D499-44A4-8AD3-5039238B77BE}.NET40-Debug|Mixed Platforms.Build.0 = Debug|Any CPU
		{84BCA422-D499-44A4-8AD3-5039238B77BE}.NET40-Debug|x86.ActiveCfg = Debug|Any CPU
		{84BCA422-D499-44A4-8AD3-5039238B77BE}.NET40-Release|Any CPU.ActiveCfg = Release|Any CPU
		{84BCA422-D499-44A4-8AD3-5039238B77BE}.NET40-Release|Any CPU.Build.0 = Release|Any CPU
		{84BCA422-D499-44A4-8AD3-5039238B77BE}.NET40-Release|Mixed Platforms.ActiveCfg = Release|Any CPU
		{84BCA422-D499-44A4-8AD3-5039238B77BE}.NET40-Release|Mixed Platforms.Build.0 = Release|Any CPU
		{84BCA422-D499-44A4-8AD3-5039238B77BE}.NET40-Release|x86.ActiveCfg = Release|Any CPU
		{84BCA422-D499-44A4-8AD3-5039238B77BE}.Release|Any CPU.ActiveCfg = Release|Any CPU
		{84BCA422-D499-44A4-8AD3-5039238B77BE}.Release|Any CPU.Build.0 = Release|Any CPU
		{84BCA422-D499-44A4-8AD3-5039238B77BE}.Release|Mixed Platforms.ActiveCfg = Release|Any CPU
		{84BCA422-D499-44A4-8AD3-5039238B77BE}.Release|Mixed Platforms.Build.0 = Release|Any CPU
		{84BCA422-D499-44A4-8AD3-5039238B77BE}.Release|x86.ActiveCfg = Release|Any CPU
		{2AAA45D5-FD1B-406A-B0CC-9EA12DA6BC10}.Debug|Any CPU.ActiveCfg = Debug|Any CPU
		{2AAA45D5-FD1B-406A-B0CC-9EA12DA6BC10}.Debug|Any CPU.Build.0 = Debug|Any CPU
		{2AAA45D5-FD1B-406A-B0CC-9EA12DA6BC10}.Debug|Mixed Platforms.ActiveCfg = Debug|Any CPU
		{2AAA45D5-FD1B-406A-B0CC-9EA12DA6BC10}.Debug|Mixed Platforms.Build.0 = Debug|Any CPU
		{2AAA45D5-FD1B-406A-B0CC-9EA12DA6BC10}.Debug|x86.ActiveCfg = Debug|Any CPU
		{2AAA45D5-FD1B-406A-B0CC-9EA12DA6BC10}.MONO28-Debug|Any CPU.ActiveCfg = Debug|Any CPU
		{2AAA45D5-FD1B-406A-B0CC-9EA12DA6BC10}.MONO28-Debug|Any CPU.Build.0 = Debug|Any CPU
		{2AAA45D5-FD1B-406A-B0CC-9EA12DA6BC10}.MONO28-Debug|Mixed Platforms.ActiveCfg = Debug|Any CPU
		{2AAA45D5-FD1B-406A-B0CC-9EA12DA6BC10}.MONO28-Debug|Mixed Platforms.Build.0 = Debug|Any CPU
		{2AAA45D5-FD1B-406A-B0CC-9EA12DA6BC10}.MONO28-Debug|x86.ActiveCfg = Debug|Any CPU
		{2AAA45D5-FD1B-406A-B0CC-9EA12DA6BC10}.MONO28-Release|Any CPU.ActiveCfg = Release|Any CPU
		{2AAA45D5-FD1B-406A-B0CC-9EA12DA6BC10}.MONO28-Release|Any CPU.Build.0 = Release|Any CPU
		{2AAA45D5-FD1B-406A-B0CC-9EA12DA6BC10}.MONO28-Release|Mixed Platforms.ActiveCfg = Release|Any CPU
		{2AAA45D5-FD1B-406A-B0CC-9EA12DA6BC10}.MONO28-Release|Mixed Platforms.Build.0 = Release|Any CPU
		{2AAA45D5-FD1B-406A-B0CC-9EA12DA6BC10}.MONO28-Release|x86.ActiveCfg = Release|Any CPU
		{2AAA45D5-FD1B-406A-B0CC-9EA12DA6BC10}.NET40-Debug|Any CPU.ActiveCfg = Debug|Any CPU
		{2AAA45D5-FD1B-406A-B0CC-9EA12DA6BC10}.NET40-Debug|Any CPU.Build.0 = Debug|Any CPU
		{2AAA45D5-FD1B-406A-B0CC-9EA12DA6BC10}.NET40-Debug|Mixed Platforms.ActiveCfg = Debug|Any CPU
		{2AAA45D5-FD1B-406A-B0CC-9EA12DA6BC10}.NET40-Debug|Mixed Platforms.Build.0 = Debug|Any CPU
		{2AAA45D5-FD1B-406A-B0CC-9EA12DA6BC10}.NET40-Debug|x86.ActiveCfg = Debug|Any CPU
		{2AAA45D5-FD1B-406A-B0CC-9EA12DA6BC10}.NET40-Release|Any CPU.ActiveCfg = Release|Any CPU
		{2AAA45D5-FD1B-406A-B0CC-9EA12DA6BC10}.NET40-Release|Any CPU.Build.0 = Release|Any CPU
		{2AAA45D5-FD1B-406A-B0CC-9EA12DA6BC10}.NET40-Release|Mixed Platforms.ActiveCfg = Release|Any CPU
		{2AAA45D5-FD1B-406A-B0CC-9EA12DA6BC10}.NET40-Release|Mixed Platforms.Build.0 = Release|Any CPU
		{2AAA45D5-FD1B-406A-B0CC-9EA12DA6BC10}.NET40-Release|x86.ActiveCfg = Release|Any CPU
		{2AAA45D5-FD1B-406A-B0CC-9EA12DA6BC10}.Release|Any CPU.ActiveCfg = Release|Any CPU
		{2AAA45D5-FD1B-406A-B0CC-9EA12DA6BC10}.Release|Any CPU.Build.0 = Release|Any CPU
		{2AAA45D5-FD1B-406A-B0CC-9EA12DA6BC10}.Release|Mixed Platforms.ActiveCfg = Release|Any CPU
		{2AAA45D5-FD1B-406A-B0CC-9EA12DA6BC10}.Release|Mixed Platforms.Build.0 = Release|Any CPU
		{2AAA45D5-FD1B-406A-B0CC-9EA12DA6BC10}.Release|x86.ActiveCfg = Release|Any CPU
		{26F17283-2253-4FFA-8A11-116BFA71A3B2}.Debug|Any CPU.ActiveCfg = Debug|Any CPU
		{26F17283-2253-4FFA-8A11-116BFA71A3B2}.Debug|Any CPU.Build.0 = Debug|Any CPU
		{26F17283-2253-4FFA-8A11-116BFA71A3B2}.Debug|Mixed Platforms.ActiveCfg = Debug|Any CPU
		{26F17283-2253-4FFA-8A11-116BFA71A3B2}.Debug|Mixed Platforms.Build.0 = Debug|Any CPU
		{26F17283-2253-4FFA-8A11-116BFA71A3B2}.Debug|x86.ActiveCfg = Debug|Any CPU
		{26F17283-2253-4FFA-8A11-116BFA71A3B2}.MONO28-Debug|Any CPU.ActiveCfg = Debug|Any CPU
		{26F17283-2253-4FFA-8A11-116BFA71A3B2}.MONO28-Debug|Any CPU.Build.0 = Debug|Any CPU
		{26F17283-2253-4FFA-8A11-116BFA71A3B2}.MONO28-Debug|Mixed Platforms.ActiveCfg = Debug|Any CPU
		{26F17283-2253-4FFA-8A11-116BFA71A3B2}.MONO28-Debug|Mixed Platforms.Build.0 = Debug|Any CPU
		{26F17283-2253-4FFA-8A11-116BFA71A3B2}.MONO28-Debug|x86.ActiveCfg = Debug|Any CPU
		{26F17283-2253-4FFA-8A11-116BFA71A3B2}.MONO28-Release|Any CPU.ActiveCfg = Release|Any CPU
		{26F17283-2253-4FFA-8A11-116BFA71A3B2}.MONO28-Release|Any CPU.Build.0 = Release|Any CPU
		{26F17283-2253-4FFA-8A11-116BFA71A3B2}.MONO28-Release|Mixed Platforms.ActiveCfg = Release|Any CPU
		{26F17283-2253-4FFA-8A11-116BFA71A3B2}.MONO28-Release|Mixed Platforms.Build.0 = Release|Any CPU
		{26F17283-2253-4FFA-8A11-116BFA71A3B2}.MONO28-Release|x86.ActiveCfg = Release|Any CPU
		{26F17283-2253-4FFA-8A11-116BFA71A3B2}.NET40-Debug|Any CPU.ActiveCfg = Debug|Any CPU
		{26F17283-2253-4FFA-8A11-116BFA71A3B2}.NET40-Debug|Any CPU.Build.0 = Debug|Any CPU
		{26F17283-2253-4FFA-8A11-116BFA71A3B2}.NET40-Debug|Mixed Platforms.ActiveCfg = Debug|Any CPU
		{26F17283-2253-4FFA-8A11-116BFA71A3B2}.NET40-Debug|Mixed Platforms.Build.0 = Debug|Any CPU
		{26F17283-2253-4FFA-8A11-116BFA71A3B2}.NET40-Debug|x86.ActiveCfg = Debug|Any CPU
		{26F17283-2253-4FFA-8A11-116BFA71A3B2}.NET40-Release|Any CPU.ActiveCfg = Release|Any CPU
		{26F17283-2253-4FFA-8A11-116BFA71A3B2}.NET40-Release|Any CPU.Build.0 = Release|Any CPU
		{26F17283-2253-4FFA-8A11-116BFA71A3B2}.NET40-Release|Mixed Platforms.ActiveCfg = Release|Any CPU
		{26F17283-2253-4FFA-8A11-116BFA71A3B2}.NET40-Release|Mixed Platforms.Build.0 = Release|Any CPU
		{26F17283-2253-4FFA-8A11-116BFA71A3B2}.NET40-Release|x86.ActiveCfg = Release|Any CPU
		{26F17283-2253-4FFA-8A11-116BFA71A3B2}.Release|Any CPU.ActiveCfg = Release|Any CPU
		{26F17283-2253-4FFA-8A11-116BFA71A3B2}.Release|Any CPU.Build.0 = Release|Any CPU
		{26F17283-2253-4FFA-8A11-116BFA71A3B2}.Release|Mixed Platforms.ActiveCfg = Release|Any CPU
		{26F17283-2253-4FFA-8A11-116BFA71A3B2}.Release|Mixed Platforms.Build.0 = Release|Any CPU
		{26F17283-2253-4FFA-8A11-116BFA71A3B2}.Release|x86.ActiveCfg = Release|Any CPU
		{51FC792E-69D3-41C4-937E-4ABAC181D918}.Debug|Any CPU.ActiveCfg = Debug|Any CPU
		{51FC792E-69D3-41C4-937E-4ABAC181D918}.Debug|Any CPU.Build.0 = Debug|Any CPU
		{51FC792E-69D3-41C4-937E-4ABAC181D918}.Debug|Mixed Platforms.ActiveCfg = Debug|Any CPU
		{51FC792E-69D3-41C4-937E-4ABAC181D918}.Debug|Mixed Platforms.Build.0 = Debug|Any CPU
		{51FC792E-69D3-41C4-937E-4ABAC181D918}.Debug|x86.ActiveCfg = Debug|Any CPU
		{51FC792E-69D3-41C4-937E-4ABAC181D918}.MONO28-Debug|Any CPU.ActiveCfg = Debug|Any CPU
		{51FC792E-69D3-41C4-937E-4ABAC181D918}.MONO28-Debug|Any CPU.Build.0 = Debug|Any CPU
		{51FC792E-69D3-41C4-937E-4ABAC181D918}.MONO28-Debug|Mixed Platforms.ActiveCfg = Debug|Any CPU
		{51FC792E-69D3-41C4-937E-4ABAC181D918}.MONO28-Debug|Mixed Platforms.Build.0 = Debug|Any CPU
		{51FC792E-69D3-41C4-937E-4ABAC181D918}.MONO28-Debug|x86.ActiveCfg = Debug|Any CPU
		{51FC792E-69D3-41C4-937E-4ABAC181D918}.MONO28-Release|Any CPU.ActiveCfg = Release|Any CPU
		{51FC792E-69D3-41C4-937E-4ABAC181D918}.MONO28-Release|Any CPU.Build.0 = Release|Any CPU
		{51FC792E-69D3-41C4-937E-4ABAC181D918}.MONO28-Release|Mixed Platforms.ActiveCfg = Release|Any CPU
		{51FC792E-69D3-41C4-937E-4ABAC181D918}.MONO28-Release|Mixed Platforms.Build.0 = Release|Any CPU
		{51FC792E-69D3-41C4-937E-4ABAC181D918}.MONO28-Release|x86.ActiveCfg = Release|Any CPU
		{51FC792E-69D3-41C4-937E-4ABAC181D918}.NET40-Debug|Any CPU.ActiveCfg = Debug|Any CPU
		{51FC792E-69D3-41C4-937E-4ABAC181D918}.NET40-Debug|Any CPU.Build.0 = Debug|Any CPU
		{51FC792E-69D3-41C4-937E-4ABAC181D918}.NET40-Debug|Mixed Platforms.ActiveCfg = Debug|Any CPU
		{51FC792E-69D3-41C4-937E-4ABAC181D918}.NET40-Debug|Mixed Platforms.Build.0 = Debug|Any CPU
		{51FC792E-69D3-41C4-937E-4ABAC181D918}.NET40-Debug|x86.ActiveCfg = Debug|Any CPU
		{51FC792E-69D3-41C4-937E-4ABAC181D918}.NET40-Release|Any CPU.ActiveCfg = Release|Any CPU
		{51FC792E-69D3-41C4-937E-4ABAC181D918}.NET40-Release|Any CPU.Build.0 = Release|Any CPU
		{51FC792E-69D3-41C4-937E-4ABAC181D918}.NET40-Release|Mixed Platforms.ActiveCfg = Release|Any CPU
		{51FC792E-69D3-41C4-937E-4ABAC181D918}.NET40-Release|Mixed Platforms.Build.0 = Release|Any CPU
		{51FC792E-69D3-41C4-937E-4ABAC181D918}.NET40-Release|x86.ActiveCfg = Release|Any CPU
		{51FC792E-69D3-41C4-937E-4ABAC181D918}.Release|Any CPU.ActiveCfg = Release|Any CPU
		{51FC792E-69D3-41C4-937E-4ABAC181D918}.Release|Any CPU.Build.0 = Release|Any CPU
		{51FC792E-69D3-41C4-937E-4ABAC181D918}.Release|Mixed Platforms.ActiveCfg = Release|Any CPU
		{51FC792E-69D3-41C4-937E-4ABAC181D918}.Release|Mixed Platforms.Build.0 = Release|Any CPU
		{51FC792E-69D3-41C4-937E-4ABAC181D918}.Release|x86.ActiveCfg = Release|Any CPU
		{8DF9E981-2558-4EFD-A455-5459F36A9B03}.Debug|Any CPU.ActiveCfg = Debug|Any CPU
		{8DF9E981-2558-4EFD-A455-5459F36A9B03}.Debug|Any CPU.Build.0 = Debug|Any CPU
		{8DF9E981-2558-4EFD-A455-5459F36A9B03}.Debug|Mixed Platforms.ActiveCfg = Debug|Any CPU
		{8DF9E981-2558-4EFD-A455-5459F36A9B03}.Debug|Mixed Platforms.Build.0 = Debug|Any CPU
		{8DF9E981-2558-4EFD-A455-5459F36A9B03}.Debug|x86.ActiveCfg = Debug|Any CPU
		{8DF9E981-2558-4EFD-A455-5459F36A9B03}.MONO28-Debug|Any CPU.ActiveCfg = Debug|Any CPU
		{8DF9E981-2558-4EFD-A455-5459F36A9B03}.MONO28-Debug|Any CPU.Build.0 = Debug|Any CPU
		{8DF9E981-2558-4EFD-A455-5459F36A9B03}.MONO28-Debug|Mixed Platforms.ActiveCfg = Debug|Any CPU
		{8DF9E981-2558-4EFD-A455-5459F36A9B03}.MONO28-Debug|Mixed Platforms.Build.0 = Debug|Any CPU
		{8DF9E981-2558-4EFD-A455-5459F36A9B03}.MONO28-Debug|x86.ActiveCfg = Debug|Any CPU
		{8DF9E981-2558-4EFD-A455-5459F36A9B03}.MONO28-Release|Any CPU.ActiveCfg = Release|Any CPU
		{8DF9E981-2558-4EFD-A455-5459F36A9B03}.MONO28-Release|Any CPU.Build.0 = Release|Any CPU
		{8DF9E981-2558-4EFD-A455-5459F36A9B03}.MONO28-Release|Mixed Platforms.ActiveCfg = Release|Any CPU
		{8DF9E981-2558-4EFD-A455-5459F36A9B03}.MONO28-Release|Mixed Platforms.Build.0 = Release|Any CPU
		{8DF9E981-2558-4EFD-A455-5459F36A9B03}.MONO28-Release|x86.ActiveCfg = Release|Any CPU
		{8DF9E981-2558-4EFD-A455-5459F36A9B03}.NET40-Debug|Any CPU.ActiveCfg = Debug|Any CPU
		{8DF9E981-2558-4EFD-A455-5459F36A9B03}.NET40-Debug|Any CPU.Build.0 = Debug|Any CPU
		{8DF9E981-2558-4EFD-A455-5459F36A9B03}.NET40-Debug|Mixed Platforms.ActiveCfg = Debug|Any CPU
		{8DF9E981-2558-4EFD-A455-5459F36A9B03}.NET40-Debug|Mixed Platforms.Build.0 = Debug|Any CPU
		{8DF9E981-2558-4EFD-A455-5459F36A9B03}.NET40-Debug|x86.ActiveCfg = Debug|Any CPU
		{8DF9E981-2558-4EFD-A455-5459F36A9B03}.NET40-Release|Any CPU.ActiveCfg = Release|Any CPU
		{8DF9E981-2558-4EFD-A455-5459F36A9B03}.NET40-Release|Any CPU.Build.0 = Release|Any CPU
		{8DF9E981-2558-4EFD-A455-5459F36A9B03}.NET40-Release|Mixed Platforms.ActiveCfg = Release|Any CPU
		{8DF9E981-2558-4EFD-A455-5459F36A9B03}.NET40-Release|Mixed Platforms.Build.0 = Release|Any CPU
		{8DF9E981-2558-4EFD-A455-5459F36A9B03}.NET40-Release|x86.ActiveCfg = Release|Any CPU
		{8DF9E981-2558-4EFD-A455-5459F36A9B03}.Release|Any CPU.ActiveCfg = Release|Any CPU
		{8DF9E981-2558-4EFD-A455-5459F36A9B03}.Release|Any CPU.Build.0 = Release|Any CPU
		{8DF9E981-2558-4EFD-A455-5459F36A9B03}.Release|Mixed Platforms.ActiveCfg = Release|Any CPU
		{8DF9E981-2558-4EFD-A455-5459F36A9B03}.Release|Mixed Platforms.Build.0 = Release|Any CPU
		{8DF9E981-2558-4EFD-A455-5459F36A9B03}.Release|x86.ActiveCfg = Release|Any CPU
		{53C04B7D-F909-406B-9B0D-BB72CE68E646}.Debug|Any CPU.ActiveCfg = Debug|Any CPU
		{53C04B7D-F909-406B-9B0D-BB72CE68E646}.Debug|Any CPU.Build.0 = Debug|Any CPU
		{53C04B7D-F909-406B-9B0D-BB72CE68E646}.Debug|Mixed Platforms.ActiveCfg = Debug|Any CPU
		{53C04B7D-F909-406B-9B0D-BB72CE68E646}.Debug|Mixed Platforms.Build.0 = Debug|Any CPU
		{53C04B7D-F909-406B-9B0D-BB72CE68E646}.Debug|x86.ActiveCfg = Debug|Any CPU
		{53C04B7D-F909-406B-9B0D-BB72CE68E646}.MONO28-Debug|Any CPU.ActiveCfg = Debug|Any CPU
		{53C04B7D-F909-406B-9B0D-BB72CE68E646}.MONO28-Debug|Any CPU.Build.0 = Debug|Any CPU
		{53C04B7D-F909-406B-9B0D-BB72CE68E646}.MONO28-Debug|Mixed Platforms.ActiveCfg = Debug|Any CPU
		{53C04B7D-F909-406B-9B0D-BB72CE68E646}.MONO28-Debug|Mixed Platforms.Build.0 = Debug|Any CPU
		{53C04B7D-F909-406B-9B0D-BB72CE68E646}.MONO28-Debug|x86.ActiveCfg = Debug|Any CPU
		{53C04B7D-F909-406B-9B0D-BB72CE68E646}.MONO28-Release|Any CPU.ActiveCfg = Release|Any CPU
		{53C04B7D-F909-406B-9B0D-BB72CE68E646}.MONO28-Release|Any CPU.Build.0 = Release|Any CPU
		{53C04B7D-F909-406B-9B0D-BB72CE68E646}.MONO28-Release|Mixed Platforms.ActiveCfg = Release|Any CPU
		{53C04B7D-F909-406B-9B0D-BB72CE68E646}.MONO28-Release|Mixed Platforms.Build.0 = Release|Any CPU
		{53C04B7D-F909-406B-9B0D-BB72CE68E646}.MONO28-Release|x86.ActiveCfg = Release|Any CPU
		{53C04B7D-F909-406B-9B0D-BB72CE68E646}.NET40-Debug|Any CPU.ActiveCfg = Debug|Any CPU
		{53C04B7D-F909-406B-9B0D-BB72CE68E646}.NET40-Debug|Any CPU.Build.0 = Debug|Any CPU
		{53C04B7D-F909-406B-9B0D-BB72CE68E646}.NET40-Debug|Mixed Platforms.ActiveCfg = Debug|Any CPU
		{53C04B7D-F909-406B-9B0D-BB72CE68E646}.NET40-Debug|Mixed Platforms.Build.0 = Debug|Any CPU
		{53C04B7D-F909-406B-9B0D-BB72CE68E646}.NET40-Debug|x86.ActiveCfg = Debug|Any CPU
		{53C04B7D-F909-406B-9B0D-BB72CE68E646}.NET40-Release|Any CPU.ActiveCfg = Release|Any CPU
		{53C04B7D-F909-406B-9B0D-BB72CE68E646}.NET40-Release|Any CPU.Build.0 = Release|Any CPU
		{53C04B7D-F909-406B-9B0D-BB72CE68E646}.NET40-Release|Mixed Platforms.ActiveCfg = Release|Any CPU
		{53C04B7D-F909-406B-9B0D-BB72CE68E646}.NET40-Release|Mixed Platforms.Build.0 = Release|Any CPU
		{53C04B7D-F909-406B-9B0D-BB72CE68E646}.NET40-Release|x86.ActiveCfg = Release|Any CPU
		{53C04B7D-F909-406B-9B0D-BB72CE68E646}.Release|Any CPU.ActiveCfg = Release|Any CPU
		{53C04B7D-F909-406B-9B0D-BB72CE68E646}.Release|Any CPU.Build.0 = Release|Any CPU
		{53C04B7D-F909-406B-9B0D-BB72CE68E646}.Release|Mixed Platforms.ActiveCfg = Release|Any CPU
		{53C04B7D-F909-406B-9B0D-BB72CE68E646}.Release|Mixed Platforms.Build.0 = Release|Any CPU
		{53C04B7D-F909-406B-9B0D-BB72CE68E646}.Release|x86.ActiveCfg = Release|Any CPU
	EndGlobalSection
	GlobalSection(SolutionProperties) = preSolution
		HideSolutionNode = FALSE
	EndGlobalSection
EndGlobal
