
Microsoft Visual Studio Solution File, Format Version 11.00
# Visual Studio 2010
Project("{2150E333-8FDC-42A3-9474-1A3956D46DE8}") = "Build", "Build", "{65021701-2DBA-4831-A5C4-6994E5354A60}"
	ProjectSection(SolutionItems) = preProject
		buildscripts\Build.proj = buildscripts\Build.proj
		buildscripts\Castle.Common.Targets = buildscripts\Castle.Common.Targets
		Settings.proj = Settings.proj
	EndProjectSection
EndProject
Project("{FAE04EC0-301F-11D3-BF4B-00C04F79EFBC}") = "TestWebApp", "src\TestWebApp\TestWebApp.csproj", "{1DBFB1DB-9B22-4CAD-B261-535F10579D99}"
EndProject
Project("{FAE04EC0-301F-11D3-BF4B-00C04F79EFBC}") = "WpfApplication1", "WpfApplication1\WpfApplication1.csproj", "{405ACEA0-6214-426C-993D-C1A30B4AE64E}"
EndProject
Project("{FAE04EC0-301F-11D3-BF4B-00C04F79EFBC}") = "Castle.MonoRail.ViewEngines.Razor", "src\Castle.MonoRail3.ViewEngines.Razor\Castle.MonoRail.ViewEngines.Razor.csproj", "{9FBFA9D4-D597-4E4B-97CF-6B2E70438630}"
EndProject
Project("{FAE04EC0-301F-11D3-BF4B-00C04F79EFBC}") = "Castle.MonoRail", "src\Castle.MonoRail\Castle.MonoRail.csproj", "{09AD1180-DE8B-419F-81D7-B76E1747DF99}"
EndProject
Project("{FAE04EC0-301F-11D3-BF4B-00C04F79EFBC}") = "Castle.MonoRail.Tests", "src\Castle.MonoRail.Tests\Castle.MonoRail.Tests.csproj", "{D0F1F4F2-48B0-4C46-83E4-8909C92846C9}"
EndProject
Global
	GlobalSection(SolutionConfigurationPlatforms) = preSolution
		Debug|Any CPU = Debug|Any CPU
		Debug|Mixed Platforms = Debug|Mixed Platforms
		Debug|x86 = Debug|x86
		MONO28-Debug|Any CPU = MONO28-Debug|Any CPU
		MONO28-Debug|Mixed Platforms = MONO28-Debug|Mixed Platforms
		MONO28-Debug|x86 = MONO28-Debug|x86
		MONO28-Release|Any CPU = MONO28-Release|Any CPU
		MONO28-Release|Mixed Platforms = MONO28-Release|Mixed Platforms
		MONO28-Release|x86 = MONO28-Release|x86
		NET40-Debug|Any CPU = NET40-Debug|Any CPU
		NET40-Debug|Mixed Platforms = NET40-Debug|Mixed Platforms
		NET40-Debug|x86 = NET40-Debug|x86
		NET40-Release|Any CPU = NET40-Release|Any CPU
		NET40-Release|Mixed Platforms = NET40-Release|Mixed Platforms
		NET40-Release|x86 = NET40-Release|x86
		Release|Any CPU = Release|Any CPU
		Release|Mixed Platforms = Release|Mixed Platforms
		Release|x86 = Release|x86
	EndGlobalSection
	GlobalSection(ProjectConfigurationPlatforms) = postSolution
		{1DBFB1DB-9B22-4CAD-B261-535F10579D99}.Debug|Any CPU.ActiveCfg = Debug|Any CPU
		{1DBFB1DB-9B22-4CAD-B261-535F10579D99}.Debug|Any CPU.Build.0 = Debug|Any CPU
		{1DBFB1DB-9B22-4CAD-B261-535F10579D99}.Debug|Mixed Platforms.ActiveCfg = Debug|Any CPU
		{1DBFB1DB-9B22-4CAD-B261-535F10579D99}.Debug|Mixed Platforms.Build.0 = Debug|Any CPU
		{1DBFB1DB-9B22-4CAD-B261-535F10579D99}.Debug|x86.ActiveCfg = Debug|Any CPU
		{1DBFB1DB-9B22-4CAD-B261-535F10579D99}.MONO28-Debug|Any CPU.ActiveCfg = MONO28-Debug|Any CPU
		{1DBFB1DB-9B22-4CAD-B261-535F10579D99}.MONO28-Debug|Any CPU.Build.0 = MONO28-Debug|Any CPU
		{1DBFB1DB-9B22-4CAD-B261-535F10579D99}.MONO28-Debug|Mixed Platforms.ActiveCfg = MONO28-Debug|Any CPU
		{1DBFB1DB-9B22-4CAD-B261-535F10579D99}.MONO28-Debug|Mixed Platforms.Build.0 = MONO28-Debug|Any CPU
		{1DBFB1DB-9B22-4CAD-B261-535F10579D99}.MONO28-Debug|x86.ActiveCfg = MONO28-Debug|Any CPU
		{1DBFB1DB-9B22-4CAD-B261-535F10579D99}.MONO28-Release|Any CPU.ActiveCfg = MONO28-Release|Any CPU
		{1DBFB1DB-9B22-4CAD-B261-535F10579D99}.MONO28-Release|Any CPU.Build.0 = MONO28-Release|Any CPU
		{1DBFB1DB-9B22-4CAD-B261-535F10579D99}.MONO28-Release|Mixed Platforms.ActiveCfg = MONO28-Release|Any CPU
		{1DBFB1DB-9B22-4CAD-B261-535F10579D99}.MONO28-Release|Mixed Platforms.Build.0 = MONO28-Release|Any CPU
		{1DBFB1DB-9B22-4CAD-B261-535F10579D99}.MONO28-Release|x86.ActiveCfg = MONO28-Release|Any CPU
		{1DBFB1DB-9B22-4CAD-B261-535F10579D99}.NET40-Debug|Any CPU.ActiveCfg = Debug|Any CPU
		{1DBFB1DB-9B22-4CAD-B261-535F10579D99}.NET40-Debug|Any CPU.Build.0 = Debug|Any CPU
		{1DBFB1DB-9B22-4CAD-B261-535F10579D99}.NET40-Debug|Mixed Platforms.ActiveCfg = Debug|Any CPU
		{1DBFB1DB-9B22-4CAD-B261-535F10579D99}.NET40-Debug|Mixed Platforms.Build.0 = Debug|Any CPU
		{1DBFB1DB-9B22-4CAD-B261-535F10579D99}.NET40-Debug|x86.ActiveCfg = Debug|Any CPU
		{1DBFB1DB-9B22-4CAD-B261-535F10579D99}.NET40-Release|Any CPU.ActiveCfg = Release|Any CPU
		{1DBFB1DB-9B22-4CAD-B261-535F10579D99}.NET40-Release|Any CPU.Build.0 = Release|Any CPU
		{1DBFB1DB-9B22-4CAD-B261-535F10579D99}.NET40-Release|Mixed Platforms.ActiveCfg = Release|Any CPU
		{1DBFB1DB-9B22-4CAD-B261-535F10579D99}.NET40-Release|Mixed Platforms.Build.0 = Release|Any CPU
		{1DBFB1DB-9B22-4CAD-B261-535F10579D99}.NET40-Release|x86.ActiveCfg = Release|Any CPU
		{1DBFB1DB-9B22-4CAD-B261-535F10579D99}.Release|Any CPU.ActiveCfg = Release|Any CPU
		{1DBFB1DB-9B22-4CAD-B261-535F10579D99}.Release|Any CPU.Build.0 = Release|Any CPU
		{1DBFB1DB-9B22-4CAD-B261-535F10579D99}.Release|Mixed Platforms.ActiveCfg = Release|Any CPU
		{1DBFB1DB-9B22-4CAD-B261-535F10579D99}.Release|Mixed Platforms.Build.0 = Release|Any CPU
		{1DBFB1DB-9B22-4CAD-B261-535F10579D99}.Release|x86.ActiveCfg = Release|Any CPU
		{405ACEA0-6214-426C-993D-C1A30B4AE64E}.Debug|Any CPU.ActiveCfg = Debug|x86
		{405ACEA0-6214-426C-993D-C1A30B4AE64E}.Debug|Mixed Platforms.ActiveCfg = Debug|x86
		{405ACEA0-6214-426C-993D-C1A30B4AE64E}.Debug|Mixed Platforms.Build.0 = Debug|x86
		{405ACEA0-6214-426C-993D-C1A30B4AE64E}.Debug|x86.ActiveCfg = Debug|x86
		{405ACEA0-6214-426C-993D-C1A30B4AE64E}.Debug|x86.Build.0 = Debug|x86
		{405ACEA0-6214-426C-993D-C1A30B4AE64E}.MONO28-Debug|Any CPU.ActiveCfg = Debug|x86
		{405ACEA0-6214-426C-993D-C1A30B4AE64E}.MONO28-Debug|Mixed Platforms.ActiveCfg = Debug|x86
		{405ACEA0-6214-426C-993D-C1A30B4AE64E}.MONO28-Debug|Mixed Platforms.Build.0 = Debug|x86
		{405ACEA0-6214-426C-993D-C1A30B4AE64E}.MONO28-Debug|x86.ActiveCfg = Debug|x86
		{405ACEA0-6214-426C-993D-C1A30B4AE64E}.MONO28-Debug|x86.Build.0 = Debug|x86
		{405ACEA0-6214-426C-993D-C1A30B4AE64E}.MONO28-Release|Any CPU.ActiveCfg = Release|x86
		{405ACEA0-6214-426C-993D-C1A30B4AE64E}.MONO28-Release|Mixed Platforms.ActiveCfg = Release|x86
		{405ACEA0-6214-426C-993D-C1A30B4AE64E}.MONO28-Release|Mixed Platforms.Build.0 = Release|x86
		{405ACEA0-6214-426C-993D-C1A30B4AE64E}.MONO28-Release|x86.ActiveCfg = Release|x86
		{405ACEA0-6214-426C-993D-C1A30B4AE64E}.MONO28-Release|x86.Build.0 = Release|x86
		{405ACEA0-6214-426C-993D-C1A30B4AE64E}.NET40-Debug|Any CPU.ActiveCfg = Debug|x86
		{405ACEA0-6214-426C-993D-C1A30B4AE64E}.NET40-Debug|Mixed Platforms.ActiveCfg = Debug|x86
		{405ACEA0-6214-426C-993D-C1A30B4AE64E}.NET40-Debug|Mixed Platforms.Build.0 = Debug|x86
		{405ACEA0-6214-426C-993D-C1A30B4AE64E}.NET40-Debug|x86.ActiveCfg = Debug|x86
		{405ACEA0-6214-426C-993D-C1A30B4AE64E}.NET40-Debug|x86.Build.0 = Debug|x86
		{405ACEA0-6214-426C-993D-C1A30B4AE64E}.NET40-Release|Any CPU.ActiveCfg = Release|x86
		{405ACEA0-6214-426C-993D-C1A30B4AE64E}.NET40-Release|Mixed Platforms.ActiveCfg = Release|x86
		{405ACEA0-6214-426C-993D-C1A30B4AE64E}.NET40-Release|Mixed Platforms.Build.0 = Release|x86
		{405ACEA0-6214-426C-993D-C1A30B4AE64E}.NET40-Release|x86.ActiveCfg = Release|x86
		{405ACEA0-6214-426C-993D-C1A30B4AE64E}.NET40-Release|x86.Build.0 = Release|x86
		{405ACEA0-6214-426C-993D-C1A30B4AE64E}.Release|Any CPU.ActiveCfg = Release|x86
		{405ACEA0-6214-426C-993D-C1A30B4AE64E}.Release|Mixed Platforms.ActiveCfg = Release|x86
		{405ACEA0-6214-426C-993D-C1A30B4AE64E}.Release|Mixed Platforms.Build.0 = Release|x86
		{405ACEA0-6214-426C-993D-C1A30B4AE64E}.Release|x86.ActiveCfg = Release|x86
		{405ACEA0-6214-426C-993D-C1A30B4AE64E}.Release|x86.Build.0 = Release|x86
		{9FBFA9D4-D597-4E4B-97CF-6B2E70438630}.Debug|Any CPU.ActiveCfg = MONO28-Debug|Any CPU
		{9FBFA9D4-D597-4E4B-97CF-6B2E70438630}.Debug|Mixed Platforms.ActiveCfg = MONO28-Debug|Any CPU
		{9FBFA9D4-D597-4E4B-97CF-6B2E70438630}.Debug|x86.ActiveCfg = MONO28-Debug|Any CPU
		{9FBFA9D4-D597-4E4B-97CF-6B2E70438630}.MONO28-Debug|Any CPU.ActiveCfg = MONO28-Debug|Any CPU
		{9FBFA9D4-D597-4E4B-97CF-6B2E70438630}.MONO28-Debug|Any CPU.Build.0 = MONO28-Debug|Any CPU
		{9FBFA9D4-D597-4E4B-97CF-6B2E70438630}.MONO28-Debug|Mixed Platforms.ActiveCfg = MONO28-Debug|Any CPU
		{9FBFA9D4-D597-4E4B-97CF-6B2E70438630}.MONO28-Debug|Mixed Platforms.Build.0 = MONO28-Debug|Any CPU
		{9FBFA9D4-D597-4E4B-97CF-6B2E70438630}.MONO28-Debug|x86.ActiveCfg = MONO28-Debug|Any CPU
		{9FBFA9D4-D597-4E4B-97CF-6B2E70438630}.MONO28-Release|Any CPU.ActiveCfg = MONO28-Release|Any CPU
		{9FBFA9D4-D597-4E4B-97CF-6B2E70438630}.MONO28-Release|Any CPU.Build.0 = MONO28-Release|Any CPU
		{9FBFA9D4-D597-4E4B-97CF-6B2E70438630}.MONO28-Release|Mixed Platforms.ActiveCfg = MONO28-Release|Any CPU
		{9FBFA9D4-D597-4E4B-97CF-6B2E70438630}.MONO28-Release|Mixed Platforms.Build.0 = MONO28-Release|Any CPU
		{9FBFA9D4-D597-4E4B-97CF-6B2E70438630}.MONO28-Release|x86.ActiveCfg = MONO28-Release|Any CPU
		{9FBFA9D4-D597-4E4B-97CF-6B2E70438630}.NET40-Debug|Any CPU.ActiveCfg = NET40-Debug|Any CPU
		{9FBFA9D4-D597-4E4B-97CF-6B2E70438630}.NET40-Debug|Mixed Platforms.ActiveCfg = NET40-Debug|Any CPU
		{9FBFA9D4-D597-4E4B-97CF-6B2E70438630}.NET40-Debug|x86.ActiveCfg = NET40-Debug|Any CPU
		{9FBFA9D4-D597-4E4B-97CF-6B2E70438630}.NET40-Release|Any CPU.ActiveCfg = NET40-Release|Any CPU
		{9FBFA9D4-D597-4E4B-97CF-6B2E70438630}.NET40-Release|Mixed Platforms.ActiveCfg = NET40-Release|Any CPU
		{9FBFA9D4-D597-4E4B-97CF-6B2E70438630}.NET40-Release|x86.ActiveCfg = NET40-Release|Any CPU
		{9FBFA9D4-D597-4E4B-97CF-6B2E70438630}.Release|Any CPU.ActiveCfg = MONO28-Release|Any CPU
		{9FBFA9D4-D597-4E4B-97CF-6B2E70438630}.Release|Mixed Platforms.ActiveCfg = MONO28-Debug|Any CPU
		{9FBFA9D4-D597-4E4B-97CF-6B2E70438630}.Release|x86.ActiveCfg = MONO28-Debug|Any CPU
		{09AD1180-DE8B-419F-81D7-B76E1747DF99}.Debug|Any CPU.ActiveCfg = MONO28-Debug|Any CPU
		{09AD1180-DE8B-419F-81D7-B76E1747DF99}.Debug|Any CPU.Build.0 = MONO28-Debug|Any CPU
		{09AD1180-DE8B-419F-81D7-B76E1747DF99}.Debug|Mixed Platforms.ActiveCfg = MONO28-Debug|Any CPU
		{09AD1180-DE8B-419F-81D7-B76E1747DF99}.Debug|Mixed Platforms.Build.0 = MONO28-Debug|Any CPU
		{09AD1180-DE8B-419F-81D7-B76E1747DF99}.Debug|x86.ActiveCfg = MONO28-Debug|Any CPU
		{09AD1180-DE8B-419F-81D7-B76E1747DF99}.MONO28-Debug|Any CPU.ActiveCfg = MONO28-Debug|Any CPU
		{09AD1180-DE8B-419F-81D7-B76E1747DF99}.MONO28-Debug|Any CPU.Build.0 = MONO28-Debug|Any CPU
		{09AD1180-DE8B-419F-81D7-B76E1747DF99}.MONO28-Debug|Mixed Platforms.ActiveCfg = MONO28-Debug|Any CPU
		{09AD1180-DE8B-419F-81D7-B76E1747DF99}.MONO28-Debug|Mixed Platforms.Build.0 = MONO28-Debug|Any CPU
		{09AD1180-DE8B-419F-81D7-B76E1747DF99}.MONO28-Debug|x86.ActiveCfg = MONO28-Debug|Any CPU
		{09AD1180-DE8B-419F-81D7-B76E1747DF99}.MONO28-Release|Any CPU.ActiveCfg = MONO28-Release|Any CPU
		{09AD1180-DE8B-419F-81D7-B76E1747DF99}.MONO28-Release|Any CPU.Build.0 = MONO28-Release|Any CPU
		{09AD1180-DE8B-419F-81D7-B76E1747DF99}.MONO28-Release|Mixed Platforms.ActiveCfg = MONO28-Release|Any CPU
		{09AD1180-DE8B-419F-81D7-B76E1747DF99}.MONO28-Release|Mixed Platforms.Build.0 = MONO28-Release|Any CPU
		{09AD1180-DE8B-419F-81D7-B76E1747DF99}.MONO28-Release|x86.ActiveCfg = MONO28-Release|Any CPU
		{09AD1180-DE8B-419F-81D7-B76E1747DF99}.NET40-Debug|Any CPU.ActiveCfg = NET40-Debug|Any CPU
		{09AD1180-DE8B-419F-81D7-B76E1747DF99}.NET40-Debug|Any CPU.Build.0 = NET40-Debug|Any CPU
		{09AD1180-DE8B-419F-81D7-B76E1747DF99}.NET40-Debug|Mixed Platforms.ActiveCfg = NET40-Debug|Any CPU
		{09AD1180-DE8B-419F-81D7-B76E1747DF99}.NET40-Debug|Mixed Platforms.Build.0 = NET40-Debug|Any CPU
		{09AD1180-DE8B-419F-81D7-B76E1747DF99}.NET40-Debug|x86.ActiveCfg = NET40-Debug|Any CPU
		{09AD1180-DE8B-419F-81D7-B76E1747DF99}.NET40-Release|Any CPU.ActiveCfg = NET40-Release|Any CPU
		{09AD1180-DE8B-419F-81D7-B76E1747DF99}.NET40-Release|Any CPU.Build.0 = NET40-Release|Any CPU
		{09AD1180-DE8B-419F-81D7-B76E1747DF99}.NET40-Release|Mixed Platforms.ActiveCfg = NET40-Release|Any CPU
		{09AD1180-DE8B-419F-81D7-B76E1747DF99}.NET40-Release|Mixed Platforms.Build.0 = NET40-Release|Any CPU
		{09AD1180-DE8B-419F-81D7-B76E1747DF99}.NET40-Release|x86.ActiveCfg = NET40-Release|Any CPU
		{09AD1180-DE8B-419F-81D7-B76E1747DF99}.Release|Any CPU.ActiveCfg = MONO28-Release|Any CPU
		{09AD1180-DE8B-419F-81D7-B76E1747DF99}.Release|Any CPU.Build.0 = MONO28-Release|Any CPU
		{09AD1180-DE8B-419F-81D7-B76E1747DF99}.Release|Mixed Platforms.ActiveCfg = MONO28-Debug|Any CPU
		{09AD1180-DE8B-419F-81D7-B76E1747DF99}.Release|Mixed Platforms.Build.0 = MONO28-Debug|Any CPU
		{09AD1180-DE8B-419F-81D7-B76E1747DF99}.Release|x86.ActiveCfg = MONO28-Debug|Any CPU
		{D0F1F4F2-48B0-4C46-83E4-8909C92846C9}.Debug|Any CPU.ActiveCfg = MONO28-Debug|Any CPU
		{D0F1F4F2-48B0-4C46-83E4-8909C92846C9}.Debug|Any CPU.Build.0 = MONO28-Debug|Any CPU
		{D0F1F4F2-48B0-4C46-83E4-8909C92846C9}.Debug|Mixed Platforms.ActiveCfg = MONO28-Debug|Any CPU
		{D0F1F4F2-48B0-4C46-83E4-8909C92846C9}.Debug|Mixed Platforms.Build.0 = MONO28-Debug|Any CPU
		{D0F1F4F2-48B0-4C46-83E4-8909C92846C9}.Debug|x86.ActiveCfg = MONO28-Debug|Any CPU
		{D0F1F4F2-48B0-4C46-83E4-8909C92846C9}.MONO28-Debug|Any CPU.ActiveCfg = MONO28-Debug|Any CPU
		{D0F1F4F2-48B0-4C46-83E4-8909C92846C9}.MONO28-Debug|Any CPU.Build.0 = MONO28-Debug|Any CPU
		{D0F1F4F2-48B0-4C46-83E4-8909C92846C9}.MONO28-Debug|Mixed Platforms.ActiveCfg = MONO28-Debug|Any CPU
		{D0F1F4F2-48B0-4C46-83E4-8909C92846C9}.MONO28-Debug|Mixed Platforms.Build.0 = MONO28-Debug|Any CPU
		{D0F1F4F2-48B0-4C46-83E4-8909C92846C9}.MONO28-Debug|x86.ActiveCfg = MONO28-Debug|Any CPU
		{D0F1F4F2-48B0-4C46-83E4-8909C92846C9}.MONO28-Release|Any CPU.ActiveCfg = MONO28-Release|Any CPU
		{D0F1F4F2-48B0-4C46-83E4-8909C92846C9}.MONO28-Release|Any CPU.Build.0 = MONO28-Release|Any CPU
		{D0F1F4F2-48B0-4C46-83E4-8909C92846C9}.MONO28-Release|Mixed Platforms.ActiveCfg = MONO28-Release|Any CPU
		{D0F1F4F2-48B0-4C46-83E4-8909C92846C9}.MONO28-Release|Mixed Platforms.Build.0 = MONO28-Release|Any CPU
		{D0F1F4F2-48B0-4C46-83E4-8909C92846C9}.MONO28-Release|x86.ActiveCfg = MONO28-Release|Any CPU
		{D0F1F4F2-48B0-4C46-83E4-8909C92846C9}.NET40-Debug|Any CPU.ActiveCfg = NET40-Debug|Any CPU
		{D0F1F4F2-48B0-4C46-83E4-8909C92846C9}.NET40-Debug|Any CPU.Build.0 = NET40-Debug|Any CPU
		{D0F1F4F2-48B0-4C46-83E4-8909C92846C9}.NET40-Debug|Mixed Platforms.ActiveCfg = NET40-Debug|Any CPU
		{D0F1F4F2-48B0-4C46-83E4-8909C92846C9}.NET40-Debug|Mixed Platforms.Build.0 = NET40-Debug|Any CPU
		{D0F1F4F2-48B0-4C46-83E4-8909C92846C9}.NET40-Debug|x86.ActiveCfg = NET40-Debug|Any CPU
		{D0F1F4F2-48B0-4C46-83E4-8909C92846C9}.NET40-Release|Any CPU.ActiveCfg = NET40-Release|Any CPU
		{D0F1F4F2-48B0-4C46-83E4-8909C92846C9}.NET40-Release|Any CPU.Build.0 = NET40-Release|Any CPU
		{D0F1F4F2-48B0-4C46-83E4-8909C92846C9}.NET40-Release|Mixed Platforms.ActiveCfg = NET40-Release|Any CPU
		{D0F1F4F2-48B0-4C46-83E4-8909C92846C9}.NET40-Release|Mixed Platforms.Build.0 = NET40-Release|Any CPU
		{D0F1F4F2-48B0-4C46-83E4-8909C92846C9}.NET40-Release|x86.ActiveCfg = NET40-Release|Any CPU
		{D0F1F4F2-48B0-4C46-83E4-8909C92846C9}.Release|Any CPU.ActiveCfg = MONO28-Release|Any CPU
		{D0F1F4F2-48B0-4C46-83E4-8909C92846C9}.Release|Any CPU.Build.0 = MONO28-Release|Any CPU
		{D0F1F4F2-48B0-4C46-83E4-8909C92846C9}.Release|Mixed Platforms.ActiveCfg = MONO28-Debug|Any CPU
		{D0F1F4F2-48B0-4C46-83E4-8909C92846C9}.Release|Mixed Platforms.Build.0 = MONO28-Debug|Any CPU
		{D0F1F4F2-48B0-4C46-83E4-8909C92846C9}.Release|x86.ActiveCfg = MONO28-Debug|Any CPU
	EndGlobalSection
	GlobalSection(SolutionProperties) = preSolution
		HideSolutionNode = FALSE
	EndGlobalSection
EndGlobal
