
Microsoft Visual Studio Solution File, Format Version 11.00
# Visual Studio 2010
Project("{F2A71F9B-5D33-465A-A702-920D77279786}") = "Castle.Blade", "src\Castle.Blade\Castle.Blade.fsproj", "{D5FC69CC-49E6-4EAE-BD25-C6F96EFA683E}"
EndProject
Project("{FAE04EC0-301F-11D3-BF4B-00C04F79EFBC}") = "Castle.Blade.Tests", "Castle.Blade.Tests\Castle.Blade.Tests.csproj", "{FB716680-F72C-4A77-84C9-C5A3A30DD909}"
EndProject
Project("{F2A71F9B-5D33-465A-A702-920D77279786}") = "Castle.Blade.Web", "src\Castle.Blade.Web\Castle.Blade.Web.fsproj", "{8DF9E981-2558-4EFD-A455-5459F36A9B03}"
EndProject
Global
	GlobalSection(SolutionConfigurationPlatforms) = preSolution
		Debug|Any CPU = Debug|Any CPU
		Debug|Mixed Platforms = Debug|Mixed Platforms
		Debug|x86 = Debug|x86
		Release|Any CPU = Release|Any CPU
		Release|Mixed Platforms = Release|Mixed Platforms
		Release|x86 = Release|x86
	EndGlobalSection
	GlobalSection(ProjectConfigurationPlatforms) = postSolution
		{D5FC69CC-49E6-4EAE-BD25-C6F96EFA683E}.Debug|Any CPU.ActiveCfg = Debug|Any CPU
		{D5FC69CC-49E6-4EAE-BD25-C6F96EFA683E}.Debug|Any CPU.Build.0 = Debug|Any CPU
		{D5FC69CC-49E6-4EAE-BD25-C6F96EFA683E}.Debug|Mixed Platforms.ActiveCfg = Debug|Any CPU
		{D5FC69CC-49E6-4EAE-BD25-C6F96EFA683E}.Debug|Mixed Platforms.Build.0 = Debug|Any CPU
		{D5FC69CC-49E6-4EAE-BD25-C6F96EFA683E}.Debug|x86.ActiveCfg = Debug|Any CPU
		{D5FC69CC-49E6-4EAE-BD25-C6F96EFA683E}.Release|Any CPU.ActiveCfg = Release|Any CPU
		{D5FC69CC-49E6-4EAE-BD25-C6F96EFA683E}.Release|Any CPU.Build.0 = Release|Any CPU
		{D5FC69CC-49E6-4EAE-BD25-C6F96EFA683E}.Release|Mixed Platforms.ActiveCfg = Release|Any CPU
		{D5FC69CC-49E6-4EAE-BD25-C6F96EFA683E}.Release|Mixed Platforms.Build.0 = Release|Any CPU
		{D5FC69CC-49E6-4EAE-BD25-C6F96EFA683E}.Release|x86.ActiveCfg = Release|Any CPU
		{FDA547F3-E3F5-42EF-A9FB-F0B4AA07827C}.Debug|Any CPU.ActiveCfg = Debug|x86
		{FDA547F3-E3F5-42EF-A9FB-F0B4AA07827C}.Debug|Mixed Platforms.ActiveCfg = Debug|x86
		{FDA547F3-E3F5-42EF-A9FB-F0B4AA07827C}.Debug|x86.ActiveCfg = Debug|x86
		{FDA547F3-E3F5-42EF-A9FB-F0B4AA07827C}.Debug|x86.Build.0 = Debug|x86
		{FDA547F3-E3F5-42EF-A9FB-F0B4AA07827C}.Release|Any CPU.ActiveCfg = Release|x86
		{FDA547F3-E3F5-42EF-A9FB-F0B4AA07827C}.Release|Mixed Platforms.ActiveCfg = Release|x86
		{FDA547F3-E3F5-42EF-A9FB-F0B4AA07827C}.Release|Mixed Platforms.Build.0 = Release|x86
		{FDA547F3-E3F5-42EF-A9FB-F0B4AA07827C}.Release|x86.ActiveCfg = Release|x86
		{FDA547F3-E3F5-42EF-A9FB-F0B4AA07827C}.Release|x86.Build.0 = Release|x86
		{51FC792E-69D3-41C4-937E-4ABAC181D918}.Debug|Any CPU.ActiveCfg = Debug|Any CPU
		{51FC792E-69D3-41C4-937E-4ABAC181D918}.Debug|Any CPU.Build.0 = Debug|Any CPU
		{51FC792E-69D3-41C4-937E-4ABAC181D918}.Debug|Mixed Platforms.ActiveCfg = Debug|Any CPU
		{51FC792E-69D3-41C4-937E-4ABAC181D918}.Debug|Mixed Platforms.Build.0 = Debug|Any CPU
		{51FC792E-69D3-41C4-937E-4ABAC181D918}.Debug|x86.ActiveCfg = Debug|Any CPU
		{51FC792E-69D3-41C4-937E-4ABAC181D918}.Release|Any CPU.ActiveCfg = Release|Any CPU
		{51FC792E-69D3-41C4-937E-4ABAC181D918}.Release|Any CPU.Build.0 = Release|Any CPU
		{51FC792E-69D3-41C4-937E-4ABAC181D918}.Release|Mixed Platforms.ActiveCfg = Release|Any CPU
		{51FC792E-69D3-41C4-937E-4ABAC181D918}.Release|Mixed Platforms.Build.0 = Release|Any CPU
		{51FC792E-69D3-41C4-937E-4ABAC181D918}.Release|x86.ActiveCfg = Release|Any CPU
		{FB716680-F72C-4A77-84C9-C5A3A30DD909}.Debug|Any CPU.ActiveCfg = Debug|x86
		{FB716680-F72C-4A77-84C9-C5A3A30DD909}.Debug|Mixed Platforms.ActiveCfg = Debug|x86
		{FB716680-F72C-4A77-84C9-C5A3A30DD909}.Debug|Mixed Platforms.Build.0 = Debug|x86
		{FB716680-F72C-4A77-84C9-C5A3A30DD909}.Debug|x86.ActiveCfg = Debug|x86
		{FB716680-F72C-4A77-84C9-C5A3A30DD909}.Debug|x86.Build.0 = Debug|x86
		{FB716680-F72C-4A77-84C9-C5A3A30DD909}.Release|Any CPU.ActiveCfg = Release|x86
		{FB716680-F72C-4A77-84C9-C5A3A30DD909}.Release|Mixed Platforms.ActiveCfg = Release|x86
		{FB716680-F72C-4A77-84C9-C5A3A30DD909}.Release|Mixed Platforms.Build.0 = Release|x86
		{FB716680-F72C-4A77-84C9-C5A3A30DD909}.Release|x86.ActiveCfg = Release|x86
		{FB716680-F72C-4A77-84C9-C5A3A30DD909}.Release|x86.Build.0 = Release|x86
		{8DF9E981-2558-4EFD-A455-5459F36A9B03}.Debug|Any CPU.ActiveCfg = Debug|Any CPU
		{8DF9E981-2558-4EFD-A455-5459F36A9B03}.Debug|Any CPU.Build.0 = Debug|Any CPU
		{8DF9E981-2558-4EFD-A455-5459F36A9B03}.Debug|Mixed Platforms.ActiveCfg = Debug|Any CPU
		{8DF9E981-2558-4EFD-A455-5459F36A9B03}.Debug|Mixed Platforms.Build.0 = Debug|Any CPU
		{8DF9E981-2558-4EFD-A455-5459F36A9B03}.Debug|x86.ActiveCfg = Debug|Any CPU
		{8DF9E981-2558-4EFD-A455-5459F36A9B03}.Release|Any CPU.ActiveCfg = Release|Any CPU
		{8DF9E981-2558-4EFD-A455-5459F36A9B03}.Release|Any CPU.Build.0 = Release|Any CPU
		{8DF9E981-2558-4EFD-A455-5459F36A9B03}.Release|Mixed Platforms.ActiveCfg = Release|Any CPU
		{8DF9E981-2558-4EFD-A455-5459F36A9B03}.Release|Mixed Platforms.Build.0 = Release|Any CPU
		{8DF9E981-2558-4EFD-A455-5459F36A9B03}.Release|x86.ActiveCfg = Release|Any CPU
	EndGlobalSection
	GlobalSection(SolutionProperties) = preSolution
		HideSolutionNode = FALSE
	EndGlobalSection
EndGlobal
