Microsoft Visual Studio Solution File, Format Version 12.00
# Visual Studio 2013
VisualStudioVersion = 12.0.30110.0
MinimumVisualStudioVersion = 10.0.40219.1
Project("{2150E333-8FDC-42A3-9474-1A3956D46DE8}") = "_Solution Items", "_Solution Items", "{69461FDF-3FA6-4ABE-BB5B-80DEA06225E0}"
	ProjectSection(SolutionItems) = preProject
		Changes.txt = Changes.txt
		License.txt = License.txt
		monorail_configuration_ref.txt = monorail_configuration_ref.txt
		monorail_container_behavior.txt = monorail_container_behavior.txt
		Readme.txt = Readme.txt
		Settings.proj = Settings.proj
	EndProjectSection
	ProjectSection(FolderStartupServices) = postProject
		{B4F97281-0DBD-4835-9ED8-7DFB966E87FF} = {B4F97281-0DBD-4835-9ED8-7DFB966E87FF}
	EndProjectSection
EndProject
Project("{2150E333-8FDC-42A3-9474-1A3956D46DE8}") = "Core", "Core", "{3C5EC9DD-79E4-4C13-ADAE-DA7416E6DAEA}"
	ProjectSection(FolderStartupServices) = postProject
		{B4F97281-0DBD-4835-9ED8-7DFB966E87FF} = {B4F97281-0DBD-4835-9ED8-7DFB966E87FF}
	EndProjectSection
EndProject
Project("{2150E333-8FDC-42A3-9474-1A3956D46DE8}") = "Test Sites", "Test Sites", "{A287E189-50B7-4EA3-A683-135F9F54ACF9}"
	ProjectSection(FolderStartupServices) = postProject
		{B4F97281-0DBD-4835-9ED8-7DFB966E87FF} = {B4F97281-0DBD-4835-9ED8-7DFB966E87FF}
	EndProjectSection
EndProject
Project("{2150E333-8FDC-42A3-9474-1A3956D46DE8}") = "Tests", "Tests", "{FE6CCE8D-3C80-4299-A8F1-FF2B4FC812C7}"
	ProjectSection(FolderStartupServices) = postProject
		{B4F97281-0DBD-4835-9ED8-7DFB966E87FF} = {B4F97281-0DBD-4835-9ED8-7DFB966E87FF}
	EndProjectSection
EndProject
Project("{2150E333-8FDC-42A3-9474-1A3956D46DE8}") = "Extensions", "Extensions", "{4CA9E7D1-3BEF-4B35-A771-EFBD1FC52BD6}"
	ProjectSection(FolderStartupServices) = postProject
		{B4F97281-0DBD-4835-9ED8-7DFB966E87FF} = {B4F97281-0DBD-4835-9ED8-7DFB966E87FF}
	EndProjectSection
EndProject
Project("{2150E333-8FDC-42A3-9474-1A3956D46DE8}") = "ViewEngines", "ViewEngines", "{2A065720-7939-49FF-A9E1-6DCC3ED71F18}"
	ProjectSection(FolderStartupServices) = postProject
		{B4F97281-0DBD-4835-9ED8-7DFB966E87FF} = {B4F97281-0DBD-4835-9ED8-7DFB966E87FF}
	EndProjectSection
EndProject
Project("{2150E333-8FDC-42A3-9474-1A3956D46DE8}") = "AspView", "AspView", "{D06F17E4-BFA6-4FFE-81CD-42CF3B901D84}"
EndProject
Project("{FAE04EC0-301F-11D3-BF4B-00C04F79EFBC}") = "Castle.MonoRail.Framework", "src\Castle.MonoRail.Framework\Castle.MonoRail.Framework.csproj", "{EC393863-333E-49CE-94A6-654B9F323954}"
EndProject
Project("{FAE04EC0-301F-11D3-BF4B-00C04F79EFBC}") = "Castle.MonoRail.Framework.Tests", "src\Castle.MonoRail.Framework.Tests\Castle.MonoRail.Framework.Tests.csproj", "{844F5EC4-9224-42A9-986D-CE645AC970F2}"
EndProject
Project("{FAE04EC0-301F-11D3-BF4B-00C04F79EFBC}") = "Castle.MonoRail.Framework.Views.NVelocity", "src\Castle.MonoRail.Framework.Views.NVelocity\Castle.MonoRail.Framework.Views.NVelocity.csproj", "{ECCA4D19-65D7-4EED-B8EC-56AF79F41E69}"
EndProject
Project("{FAE04EC0-301F-11D3-BF4B-00C04F79EFBC}") = "Castle.MonoRail.WindsorExtension", "src\Castle.MonoRail.WindsorExtension\Castle.MonoRail.WindsorExtension.csproj", "{6C51A1E3-7F20-4696-BFD6-829134678341}"
EndProject
Project("{FAE04EC0-301F-11D3-BF4B-00C04F79EFBC}") = "Castle.MonoRail.ActiveRecordSupport", "src\Castle.MonoRail.ActiveRecordSupport\Castle.MonoRail.ActiveRecordSupport.csproj", "{2409063E-BE05-4596-A677-758096D1C759}"
EndProject
Project("{FAE04EC0-301F-11D3-BF4B-00C04F79EFBC}") = "TestSiteARSupport", "src\TestSiteARSupport\TestSiteARSupport.csproj", "{26AA3359-6571-4575-845D-ED05E4EDB586}"
EndProject
Project("{FAE04EC0-301F-11D3-BF4B-00C04F79EFBC}") = "Castle.MonoRail.Views.Brail.Tests", "src\Castle.MonoRail.Views.Brail.Tests\Castle.MonoRail.Views.Brail.Tests.csproj", "{3FBEADBB-692E-44CF-A06F-B4E7F2DE27D0}"
EndProject
Project("{FAE04EC0-301F-11D3-BF4B-00C04F79EFBC}") = "TestSiteBrail", "src\TestSiteBrail\TestSiteBrail.csproj", "{B39CC8B7-1391-40AF-9DA3-BF294CB16383}"
EndProject
Project("{FAE04EC0-301F-11D3-BF4B-00C04F79EFBC}") = "Castle.MonoRail.ActiveRecordSupport.Tests", "src\Castle.MonoRail.ActiveRecordSupport.Tests\Castle.MonoRail.ActiveRecordSupport.Tests.csproj", "{86CAA470-BFAC-4D14-B4C2-C5BEFE3AD003}"
EndProject
Project("{FAE04EC0-301F-11D3-BF4B-00C04F79EFBC}") = "Castle.MonoRail.Views.Brail", "src\Castle.MonoRail.Views.Brail\Castle.MonoRail.Views.Brail.csproj", "{CC39D6D0-2467-4DD5-A53E-92D580B60038}"
EndProject
Project("{FAE04EC0-301F-11D3-BF4B-00C04F79EFBC}") = "Castle.MonoRail.Views.AspView", "src\Castle.MonoRail.Views.AspView\Castle.MonoRail.Views.AspView.csproj", "{CB573557-9BB1-4F5B-916C-0AD002B8B2BA}"
EndProject
Project("{FAE04EC0-301F-11D3-BF4B-00C04F79EFBC}") = "Castle.MonoRail.Views.AspView.VCompile", "src\Castle.MonoRail.Views.AspView.VCompile\Castle.MonoRail.Views.AspView.VCompile.csproj", "{282AF314-99F7-4D07-A9DA-ABBF6964F1B1}"
EndProject
Project("{FAE04EC0-301F-11D3-BF4B-00C04F79EFBC}") = "Castle.MonoRail.Views.AspView.Tests", "src\Castle.MonoRail.Views.AspView.Tests\Castle.MonoRail.Views.AspView.Tests.csproj", "{F3B5820A-56AE-49F8-8497-3F77FE027A0E}"
EndProject
Project("{FAE04EC0-301F-11D3-BF4B-00C04F79EFBC}") = "Castle.MonoRail.Framework.Views.NVelocity.Tests", "src\Castle.MonoRail.Framework.Views.NVelocity.Tests\Castle.MonoRail.Framework.Views.NVelocity.Tests.csproj", "{7FB1D2DC-5CA8-410C-9B9A-3DE517B3BE3A}"
EndProject
Project("{FAE04EC0-301F-11D3-BF4B-00C04F79EFBC}") = "TestSiteNVelocity", "src\TestSiteNVelocity\TestSiteNVelocity.csproj", "{824EC872-2992-4518-8C41-4F87640D752A}"
EndProject
Project("{FAE04EC0-301F-11D3-BF4B-00C04F79EFBC}") = "Castle.Components.Binder", "src\Castle.Components.Binder\Castle.Components.Binder.csproj", "{98F19522-C9B8-400D-8A12-DABB3DA9411D}"
EndProject
Project("{FAE04EC0-301F-11D3-BF4B-00C04F79EFBC}") = "Castle.Components.Pagination", "src\Castle.Components.Pagination\Castle.Components.Pagination.csproj", "{03FF90E2-1DDC-4E60-BDEA-86BF9B31130C}"
EndProject
Project("{FAE04EC0-301F-11D3-BF4B-00C04F79EFBC}") = "Castle.Components.Validator", "src\Castle.Components.Validator\Castle.Components.Validator.csproj", "{4C945D49-02E9-43F2-9202-E7A6E7C56E77}"
EndProject
Project("{FAE04EC0-301F-11D3-BF4B-00C04F79EFBC}") = "Castle.Components.Binder.Tests", "src\Castle.Components.Binder.Tests\Castle.Components.Binder.Tests.csproj", "{57ED99CE-404E-4029-A98A-2159E2E70E22}"
EndProject
Project("{FAE04EC0-301F-11D3-BF4B-00C04F79EFBC}") = "Castle.Components.Pagination.Tests", "src\Castle.Components.Pagination.Tests\Castle.Components.Pagination.Tests.csproj", "{B6512835-8CA7-44C0-9D2B-C2884D7D2DCF}"
EndProject
Project("{FAE04EC0-301F-11D3-BF4B-00C04F79EFBC}") = "Castle.Components.Validator.Tests", "src\Castle.Components.Validator.Tests\Castle.Components.Validator.Tests.csproj", "{50BE4C5D-4535-4449-AB5B-8DF92F005386}"
EndProject
Global
	GlobalSection(SolutionConfigurationPlatforms) = preSolution
		MONO26-Debug|Any CPU = MONO26-Debug|Any CPU
		MONO26-Release|Any CPU = MONO26-Release|Any CPU
		MONO28-Debug|Any CPU = MONO28-Debug|Any CPU
		MONO28-Release|Any CPU = MONO28-Release|Any CPU
		NET35-Debug|Any CPU = NET35-Debug|Any CPU
		NET35-Release|Any CPU = NET35-Release|Any CPU
		NET40-Debug|Any CPU = NET40-Debug|Any CPU
		NET40-Release|Any CPU = NET40-Release|Any CPU
		NET45-Debug|Any CPU = NET45-Debug|Any CPU
		NET45-Release|Any CPU = NET45-Release|Any CPU
		SL30-Debug|Any CPU = SL30-Debug|Any CPU
		SL30-Release|Any CPU = SL30-Release|Any CPU
		SL40-Debug|Any CPU = SL40-Debug|Any CPU
		SL40-Release|Any CPU = SL40-Release|Any CPU
	EndGlobalSection
	GlobalSection(ProjectConfigurationPlatforms) = postSolution
		{EC393863-333E-49CE-94A6-654B9F323954}.MONO26-Debug|Any CPU.ActiveCfg = MONO26-Debug|Any CPU
		{EC393863-333E-49CE-94A6-654B9F323954}.MONO26-Debug|Any CPU.Build.0 = MONO26-Debug|Any CPU
		{EC393863-333E-49CE-94A6-654B9F323954}.MONO26-Release|Any CPU.ActiveCfg = MONO26-Release|Any CPU
		{EC393863-333E-49CE-94A6-654B9F323954}.MONO26-Release|Any CPU.Build.0 = MONO26-Release|Any CPU
		{EC393863-333E-49CE-94A6-654B9F323954}.MONO28-Debug|Any CPU.ActiveCfg = MONO28-Debug|Any CPU
		{EC393863-333E-49CE-94A6-654B9F323954}.MONO28-Debug|Any CPU.Build.0 = MONO28-Debug|Any CPU
		{EC393863-333E-49CE-94A6-654B9F323954}.MONO28-Release|Any CPU.ActiveCfg = MONO28-Release|Any CPU
		{EC393863-333E-49CE-94A6-654B9F323954}.MONO28-Release|Any CPU.Build.0 = MONO28-Release|Any CPU
		{EC393863-333E-49CE-94A6-654B9F323954}.NET35-Debug|Any CPU.ActiveCfg = NET35-Debug|Any CPU
		{EC393863-333E-49CE-94A6-654B9F323954}.NET35-Debug|Any CPU.Build.0 = NET35-Debug|Any CPU
		{EC393863-333E-49CE-94A6-654B9F323954}.NET35-Release|Any CPU.ActiveCfg = NET35-Release|Any CPU
		{EC393863-333E-49CE-94A6-654B9F323954}.NET35-Release|Any CPU.Build.0 = NET35-Release|Any CPU
		{EC393863-333E-49CE-94A6-654B9F323954}.NET40-Debug|Any CPU.ActiveCfg = NET40-Debug|Any CPU
		{EC393863-333E-49CE-94A6-654B9F323954}.NET40-Debug|Any CPU.Build.0 = NET40-Debug|Any CPU
		{EC393863-333E-49CE-94A6-654B9F323954}.NET40-Release|Any CPU.ActiveCfg = NET40-Release|Any CPU
		{EC393863-333E-49CE-94A6-654B9F323954}.NET40-Release|Any CPU.Build.0 = NET40-Release|Any CPU
		{EC393863-333E-49CE-94A6-654B9F323954}.NET45-Debug|Any CPU.ActiveCfg = NET40-Release|Any CPU
		{EC393863-333E-49CE-94A6-654B9F323954}.NET45-Debug|Any CPU.Build.0 = NET40-Release|Any CPU
		{EC393863-333E-49CE-94A6-654B9F323954}.NET45-Release|Any CPU.ActiveCfg = NET40-Release|Any CPU
		{EC393863-333E-49CE-94A6-654B9F323954}.NET45-Release|Any CPU.Build.0 = NET40-Release|Any CPU
		{EC393863-333E-49CE-94A6-654B9F323954}.SL30-Debug|Any CPU.ActiveCfg = SL30-Debug|Any CPU
		{EC393863-333E-49CE-94A6-654B9F323954}.SL30-Debug|Any CPU.Build.0 = SL30-Debug|Any CPU
		{EC393863-333E-49CE-94A6-654B9F323954}.SL30-Release|Any CPU.ActiveCfg = SL30-Release|Any CPU
		{EC393863-333E-49CE-94A6-654B9F323954}.SL30-Release|Any CPU.Build.0 = SL30-Release|Any CPU
		{EC393863-333E-49CE-94A6-654B9F323954}.SL40-Debug|Any CPU.ActiveCfg = SL40-Debug|Any CPU
		{EC393863-333E-49CE-94A6-654B9F323954}.SL40-Debug|Any CPU.Build.0 = SL40-Debug|Any CPU
		{EC393863-333E-49CE-94A6-654B9F323954}.SL40-Release|Any CPU.ActiveCfg = SL40-Release|Any CPU
		{EC393863-333E-49CE-94A6-654B9F323954}.SL40-Release|Any CPU.Build.0 = SL40-Release|Any CPU
		{844F5EC4-9224-42A9-986D-CE645AC970F2}.MONO26-Debug|Any CPU.ActiveCfg = MONO26-Debug|Any CPU
		{844F5EC4-9224-42A9-986D-CE645AC970F2}.MONO26-Debug|Any CPU.Build.0 = MONO26-Debug|Any CPU
		{844F5EC4-9224-42A9-986D-CE645AC970F2}.MONO26-Release|Any CPU.ActiveCfg = MONO26-Release|Any CPU
		{844F5EC4-9224-42A9-986D-CE645AC970F2}.MONO26-Release|Any CPU.Build.0 = MONO26-Release|Any CPU
		{844F5EC4-9224-42A9-986D-CE645AC970F2}.MONO28-Debug|Any CPU.ActiveCfg = MONO28-Debug|Any CPU
		{844F5EC4-9224-42A9-986D-CE645AC970F2}.MONO28-Debug|Any CPU.Build.0 = MONO28-Debug|Any CPU
		{844F5EC4-9224-42A9-986D-CE645AC970F2}.MONO28-Release|Any CPU.ActiveCfg = MONO28-Release|Any CPU
		{844F5EC4-9224-42A9-986D-CE645AC970F2}.MONO28-Release|Any CPU.Build.0 = MONO28-Release|Any CPU
		{844F5EC4-9224-42A9-986D-CE645AC970F2}.NET35-Debug|Any CPU.ActiveCfg = NET35-Debug|Any CPU
		{844F5EC4-9224-42A9-986D-CE645AC970F2}.NET35-Debug|Any CPU.Build.0 = NET35-Debug|Any CPU
		{844F5EC4-9224-42A9-986D-CE645AC970F2}.NET35-Release|Any CPU.ActiveCfg = NET35-Release|Any CPU
		{844F5EC4-9224-42A9-986D-CE645AC970F2}.NET35-Release|Any CPU.Build.0 = NET35-Release|Any CPU
		{844F5EC4-9224-42A9-986D-CE645AC970F2}.NET40-Debug|Any CPU.ActiveCfg = NET40-Debug|Any CPU
		{844F5EC4-9224-42A9-986D-CE645AC970F2}.NET40-Debug|Any CPU.Build.0 = NET40-Debug|Any CPU
		{844F5EC4-9224-42A9-986D-CE645AC970F2}.NET40-Release|Any CPU.ActiveCfg = NET40-Release|Any CPU
		{844F5EC4-9224-42A9-986D-CE645AC970F2}.NET40-Release|Any CPU.Build.0 = NET40-Release|Any CPU
		{844F5EC4-9224-42A9-986D-CE645AC970F2}.NET45-Debug|Any CPU.ActiveCfg = NET40-Release|Any CPU
		{844F5EC4-9224-42A9-986D-CE645AC970F2}.NET45-Debug|Any CPU.Build.0 = NET40-Release|Any CPU
		{844F5EC4-9224-42A9-986D-CE645AC970F2}.NET45-Release|Any CPU.ActiveCfg = NET40-Release|Any CPU
		{844F5EC4-9224-42A9-986D-CE645AC970F2}.NET45-Release|Any CPU.Build.0 = NET40-Release|Any CPU
		{844F5EC4-9224-42A9-986D-CE645AC970F2}.SL30-Debug|Any CPU.ActiveCfg = SL30-Debug|Any CPU
		{844F5EC4-9224-42A9-986D-CE645AC970F2}.SL30-Debug|Any CPU.Build.0 = SL30-Debug|Any CPU
		{844F5EC4-9224-42A9-986D-CE645AC970F2}.SL30-Release|Any CPU.ActiveCfg = SL30-Release|Any CPU
		{844F5EC4-9224-42A9-986D-CE645AC970F2}.SL30-Release|Any CPU.Build.0 = SL30-Release|Any CPU
		{844F5EC4-9224-42A9-986D-CE645AC970F2}.SL40-Debug|Any CPU.ActiveCfg = SL40-Debug|Any CPU
		{844F5EC4-9224-42A9-986D-CE645AC970F2}.SL40-Debug|Any CPU.Build.0 = SL40-Debug|Any CPU
		{844F5EC4-9224-42A9-986D-CE645AC970F2}.SL40-Release|Any CPU.ActiveCfg = SL40-Release|Any CPU
		{844F5EC4-9224-42A9-986D-CE645AC970F2}.SL40-Release|Any CPU.Build.0 = SL40-Release|Any CPU
		{ECCA4D19-65D7-4EED-B8EC-56AF79F41E69}.MONO26-Debug|Any CPU.ActiveCfg = MONO26-Debug|Any CPU
		{ECCA4D19-65D7-4EED-B8EC-56AF79F41E69}.MONO26-Debug|Any CPU.Build.0 = MONO26-Debug|Any CPU
		{ECCA4D19-65D7-4EED-B8EC-56AF79F41E69}.MONO26-Release|Any CPU.ActiveCfg = MONO26-Release|Any CPU
		{ECCA4D19-65D7-4EED-B8EC-56AF79F41E69}.MONO26-Release|Any CPU.Build.0 = MONO26-Release|Any CPU
		{ECCA4D19-65D7-4EED-B8EC-56AF79F41E69}.MONO28-Debug|Any CPU.ActiveCfg = MONO28-Debug|Any CPU
		{ECCA4D19-65D7-4EED-B8EC-56AF79F41E69}.MONO28-Debug|Any CPU.Build.0 = MONO28-Debug|Any CPU
		{ECCA4D19-65D7-4EED-B8EC-56AF79F41E69}.MONO28-Release|Any CPU.ActiveCfg = MONO28-Release|Any CPU
		{ECCA4D19-65D7-4EED-B8EC-56AF79F41E69}.MONO28-Release|Any CPU.Build.0 = MONO28-Release|Any CPU
		{ECCA4D19-65D7-4EED-B8EC-56AF79F41E69}.NET35-Debug|Any CPU.ActiveCfg = NET35-Debug|Any CPU
		{ECCA4D19-65D7-4EED-B8EC-56AF79F41E69}.NET35-Debug|Any CPU.Build.0 = NET35-Debug|Any CPU
		{ECCA4D19-65D7-4EED-B8EC-56AF79F41E69}.NET35-Release|Any CPU.ActiveCfg = NET35-Release|Any CPU
		{ECCA4D19-65D7-4EED-B8EC-56AF79F41E69}.NET35-Release|Any CPU.Build.0 = NET35-Release|Any CPU
		{ECCA4D19-65D7-4EED-B8EC-56AF79F41E69}.NET40-Debug|Any CPU.ActiveCfg = NET40-Debug|Any CPU
		{ECCA4D19-65D7-4EED-B8EC-56AF79F41E69}.NET40-Debug|Any CPU.Build.0 = NET40-Debug|Any CPU
		{ECCA4D19-65D7-4EED-B8EC-56AF79F41E69}.NET40-Release|Any CPU.ActiveCfg = NET40-Release|Any CPU
		{ECCA4D19-65D7-4EED-B8EC-56AF79F41E69}.NET40-Release|Any CPU.Build.0 = NET40-Release|Any CPU
		{ECCA4D19-65D7-4EED-B8EC-56AF79F41E69}.NET45-Debug|Any CPU.ActiveCfg = NET40-Release|Any CPU
		{ECCA4D19-65D7-4EED-B8EC-56AF79F41E69}.NET45-Debug|Any CPU.Build.0 = NET40-Release|Any CPU
		{ECCA4D19-65D7-4EED-B8EC-56AF79F41E69}.NET45-Release|Any CPU.ActiveCfg = NET40-Release|Any CPU
		{ECCA4D19-65D7-4EED-B8EC-56AF79F41E69}.NET45-Release|Any CPU.Build.0 = NET40-Release|Any CPU
		{ECCA4D19-65D7-4EED-B8EC-56AF79F41E69}.SL30-Debug|Any CPU.ActiveCfg = SL30-Debug|Any CPU
		{ECCA4D19-65D7-4EED-B8EC-56AF79F41E69}.SL30-Debug|Any CPU.Build.0 = SL30-Debug|Any CPU
		{ECCA4D19-65D7-4EED-B8EC-56AF79F41E69}.SL30-Release|Any CPU.ActiveCfg = SL30-Release|Any CPU
		{ECCA4D19-65D7-4EED-B8EC-56AF79F41E69}.SL30-Release|Any CPU.Build.0 = SL30-Release|Any CPU
		{ECCA4D19-65D7-4EED-B8EC-56AF79F41E69}.SL40-Debug|Any CPU.ActiveCfg = SL40-Debug|Any CPU
		{ECCA4D19-65D7-4EED-B8EC-56AF79F41E69}.SL40-Debug|Any CPU.Build.0 = SL40-Debug|Any CPU
		{ECCA4D19-65D7-4EED-B8EC-56AF79F41E69}.SL40-Release|Any CPU.ActiveCfg = SL40-Release|Any CPU
		{ECCA4D19-65D7-4EED-B8EC-56AF79F41E69}.SL40-Release|Any CPU.Build.0 = SL40-Release|Any CPU
		{6C51A1E3-7F20-4696-BFD6-829134678341}.MONO26-Debug|Any CPU.ActiveCfg = MONO26-Debug|Any CPU
		{6C51A1E3-7F20-4696-BFD6-829134678341}.MONO26-Debug|Any CPU.Build.0 = MONO26-Debug|Any CPU
		{6C51A1E3-7F20-4696-BFD6-829134678341}.MONO26-Release|Any CPU.ActiveCfg = MONO26-Release|Any CPU
		{6C51A1E3-7F20-4696-BFD6-829134678341}.MONO26-Release|Any CPU.Build.0 = MONO26-Release|Any CPU
		{6C51A1E3-7F20-4696-BFD6-829134678341}.MONO28-Debug|Any CPU.ActiveCfg = MONO28-Debug|Any CPU
		{6C51A1E3-7F20-4696-BFD6-829134678341}.MONO28-Debug|Any CPU.Build.0 = MONO28-Debug|Any CPU
		{6C51A1E3-7F20-4696-BFD6-829134678341}.MONO28-Release|Any CPU.ActiveCfg = MONO28-Release|Any CPU
		{6C51A1E3-7F20-4696-BFD6-829134678341}.MONO28-Release|Any CPU.Build.0 = MONO28-Release|Any CPU
		{6C51A1E3-7F20-4696-BFD6-829134678341}.NET35-Debug|Any CPU.ActiveCfg = NET35-Debug|Any CPU
		{6C51A1E3-7F20-4696-BFD6-829134678341}.NET35-Debug|Any CPU.Build.0 = NET35-Debug|Any CPU
		{6C51A1E3-7F20-4696-BFD6-829134678341}.NET35-Release|Any CPU.ActiveCfg = NET35-Release|Any CPU
		{6C51A1E3-7F20-4696-BFD6-829134678341}.NET35-Release|Any CPU.Build.0 = NET35-Release|Any CPU
		{6C51A1E3-7F20-4696-BFD6-829134678341}.NET40-Debug|Any CPU.ActiveCfg = NET40-Debug|Any CPU
		{6C51A1E3-7F20-4696-BFD6-829134678341}.NET40-Debug|Any CPU.Build.0 = NET40-Debug|Any CPU
		{6C51A1E3-7F20-4696-BFD6-829134678341}.NET40-Release|Any CPU.ActiveCfg = NET40-Release|Any CPU
		{6C51A1E3-7F20-4696-BFD6-829134678341}.NET40-Release|Any CPU.Build.0 = NET40-Release|Any CPU
		{6C51A1E3-7F20-4696-BFD6-829134678341}.NET45-Debug|Any CPU.ActiveCfg = NET40-Release|Any CPU
		{6C51A1E3-7F20-4696-BFD6-829134678341}.NET45-Debug|Any CPU.Build.0 = NET40-Release|Any CPU
		{6C51A1E3-7F20-4696-BFD6-829134678341}.NET45-Release|Any CPU.ActiveCfg = NET40-Release|Any CPU
		{6C51A1E3-7F20-4696-BFD6-829134678341}.NET45-Release|Any CPU.Build.0 = NET40-Release|Any CPU
		{6C51A1E3-7F20-4696-BFD6-829134678341}.SL30-Debug|Any CPU.ActiveCfg = SL30-Debug|Any CPU
		{6C51A1E3-7F20-4696-BFD6-829134678341}.SL30-Debug|Any CPU.Build.0 = SL30-Debug|Any CPU
		{6C51A1E3-7F20-4696-BFD6-829134678341}.SL30-Release|Any CPU.ActiveCfg = SL30-Release|Any CPU
		{6C51A1E3-7F20-4696-BFD6-829134678341}.SL30-Release|Any CPU.Build.0 = SL30-Release|Any CPU
		{6C51A1E3-7F20-4696-BFD6-829134678341}.SL40-Debug|Any CPU.ActiveCfg = SL40-Debug|Any CPU
		{6C51A1E3-7F20-4696-BFD6-829134678341}.SL40-Debug|Any CPU.Build.0 = SL40-Debug|Any CPU
		{6C51A1E3-7F20-4696-BFD6-829134678341}.SL40-Release|Any CPU.ActiveCfg = SL40-Release|Any CPU
		{6C51A1E3-7F20-4696-BFD6-829134678341}.SL40-Release|Any CPU.Build.0 = SL40-Release|Any CPU
		{2409063E-BE05-4596-A677-758096D1C759}.MONO26-Debug|Any CPU.ActiveCfg = MONO26-Debug|Any CPU
		{2409063E-BE05-4596-A677-758096D1C759}.MONO26-Debug|Any CPU.Build.0 = MONO26-Debug|Any CPU
		{2409063E-BE05-4596-A677-758096D1C759}.MONO26-Release|Any CPU.ActiveCfg = MONO26-Release|Any CPU
		{2409063E-BE05-4596-A677-758096D1C759}.MONO26-Release|Any CPU.Build.0 = MONO26-Release|Any CPU
		{2409063E-BE05-4596-A677-758096D1C759}.MONO28-Debug|Any CPU.ActiveCfg = MONO28-Debug|Any CPU
		{2409063E-BE05-4596-A677-758096D1C759}.MONO28-Debug|Any CPU.Build.0 = MONO28-Debug|Any CPU
		{2409063E-BE05-4596-A677-758096D1C759}.MONO28-Release|Any CPU.ActiveCfg = MONO28-Release|Any CPU
		{2409063E-BE05-4596-A677-758096D1C759}.MONO28-Release|Any CPU.Build.0 = MONO28-Release|Any CPU
		{2409063E-BE05-4596-A677-758096D1C759}.NET35-Debug|Any CPU.ActiveCfg = NET35-Debug|Any CPU
		{2409063E-BE05-4596-A677-758096D1C759}.NET35-Debug|Any CPU.Build.0 = NET35-Debug|Any CPU
		{2409063E-BE05-4596-A677-758096D1C759}.NET35-Release|Any CPU.ActiveCfg = NET35-Release|Any CPU
		{2409063E-BE05-4596-A677-758096D1C759}.NET35-Release|Any CPU.Build.0 = NET35-Release|Any CPU
		{2409063E-BE05-4596-A677-758096D1C759}.NET40-Debug|Any CPU.ActiveCfg = NET40-Debug|Any CPU
		{2409063E-BE05-4596-A677-758096D1C759}.NET40-Debug|Any CPU.Build.0 = NET40-Debug|Any CPU
		{2409063E-BE05-4596-A677-758096D1C759}.NET40-Release|Any CPU.ActiveCfg = NET40-Release|Any CPU
		{2409063E-BE05-4596-A677-758096D1C759}.NET40-Release|Any CPU.Build.0 = NET40-Release|Any CPU
		{2409063E-BE05-4596-A677-758096D1C759}.NET45-Debug|Any CPU.ActiveCfg = NET40-Release|Any CPU
		{2409063E-BE05-4596-A677-758096D1C759}.NET45-Debug|Any CPU.Build.0 = NET40-Release|Any CPU
		{2409063E-BE05-4596-A677-758096D1C759}.NET45-Release|Any CPU.ActiveCfg = NET40-Release|Any CPU
		{2409063E-BE05-4596-A677-758096D1C759}.NET45-Release|Any CPU.Build.0 = NET40-Release|Any CPU
		{2409063E-BE05-4596-A677-758096D1C759}.SL30-Debug|Any CPU.ActiveCfg = SL30-Debug|Any CPU
		{2409063E-BE05-4596-A677-758096D1C759}.SL30-Debug|Any CPU.Build.0 = SL30-Debug|Any CPU
		{2409063E-BE05-4596-A677-758096D1C759}.SL30-Release|Any CPU.ActiveCfg = SL30-Release|Any CPU
		{2409063E-BE05-4596-A677-758096D1C759}.SL30-Release|Any CPU.Build.0 = SL30-Release|Any CPU
		{2409063E-BE05-4596-A677-758096D1C759}.SL40-Debug|Any CPU.ActiveCfg = SL40-Debug|Any CPU
		{2409063E-BE05-4596-A677-758096D1C759}.SL40-Debug|Any CPU.Build.0 = SL40-Debug|Any CPU
		{2409063E-BE05-4596-A677-758096D1C759}.SL40-Release|Any CPU.ActiveCfg = SL40-Release|Any CPU
		{2409063E-BE05-4596-A677-758096D1C759}.SL40-Release|Any CPU.Build.0 = SL40-Release|Any CPU
		{26AA3359-6571-4575-845D-ED05E4EDB586}.MONO26-Debug|Any CPU.ActiveCfg = MONO26-Debug|Any CPU
		{26AA3359-6571-4575-845D-ED05E4EDB586}.MONO26-Debug|Any CPU.Build.0 = MONO26-Debug|Any CPU
		{26AA3359-6571-4575-845D-ED05E4EDB586}.MONO26-Release|Any CPU.ActiveCfg = MONO26-Release|Any CPU
		{26AA3359-6571-4575-845D-ED05E4EDB586}.MONO26-Release|Any CPU.Build.0 = MONO26-Release|Any CPU
		{26AA3359-6571-4575-845D-ED05E4EDB586}.MONO28-Debug|Any CPU.ActiveCfg = MONO28-Debug|Any CPU
		{26AA3359-6571-4575-845D-ED05E4EDB586}.MONO28-Debug|Any CPU.Build.0 = MONO28-Debug|Any CPU
		{26AA3359-6571-4575-845D-ED05E4EDB586}.MONO28-Release|Any CPU.ActiveCfg = MONO28-Release|Any CPU
		{26AA3359-6571-4575-845D-ED05E4EDB586}.MONO28-Release|Any CPU.Build.0 = MONO28-Release|Any CPU
		{26AA3359-6571-4575-845D-ED05E4EDB586}.NET35-Debug|Any CPU.ActiveCfg = NET35-Debug|Any CPU
		{26AA3359-6571-4575-845D-ED05E4EDB586}.NET35-Debug|Any CPU.Build.0 = NET35-Debug|Any CPU
		{26AA3359-6571-4575-845D-ED05E4EDB586}.NET35-Release|Any CPU.ActiveCfg = NET35-Release|Any CPU
		{26AA3359-6571-4575-845D-ED05E4EDB586}.NET35-Release|Any CPU.Build.0 = NET35-Release|Any CPU
		{26AA3359-6571-4575-845D-ED05E4EDB586}.NET40-Debug|Any CPU.ActiveCfg = NET40-Debug|Any CPU
		{26AA3359-6571-4575-845D-ED05E4EDB586}.NET40-Debug|Any CPU.Build.0 = NET40-Debug|Any CPU
		{26AA3359-6571-4575-845D-ED05E4EDB586}.NET40-Release|Any CPU.ActiveCfg = NET40-Release|Any CPU
		{26AA3359-6571-4575-845D-ED05E4EDB586}.NET40-Release|Any CPU.Build.0 = NET40-Release|Any CPU
		{26AA3359-6571-4575-845D-ED05E4EDB586}.NET45-Debug|Any CPU.ActiveCfg = NET40-Release|Any CPU
		{26AA3359-6571-4575-845D-ED05E4EDB586}.NET45-Debug|Any CPU.Build.0 = NET40-Release|Any CPU
		{26AA3359-6571-4575-845D-ED05E4EDB586}.NET45-Release|Any CPU.ActiveCfg = Release|Any CPU
		{26AA3359-6571-4575-845D-ED05E4EDB586}.NET45-Release|Any CPU.Build.0 = Release|Any CPU
		{26AA3359-6571-4575-845D-ED05E4EDB586}.SL30-Debug|Any CPU.ActiveCfg = SL30-Debug|Any CPU
		{26AA3359-6571-4575-845D-ED05E4EDB586}.SL30-Debug|Any CPU.Build.0 = SL30-Debug|Any CPU
		{26AA3359-6571-4575-845D-ED05E4EDB586}.SL30-Release|Any CPU.ActiveCfg = SL30-Release|Any CPU
		{26AA3359-6571-4575-845D-ED05E4EDB586}.SL30-Release|Any CPU.Build.0 = SL30-Release|Any CPU
		{26AA3359-6571-4575-845D-ED05E4EDB586}.SL40-Debug|Any CPU.ActiveCfg = SL40-Debug|Any CPU
		{26AA3359-6571-4575-845D-ED05E4EDB586}.SL40-Debug|Any CPU.Build.0 = SL40-Debug|Any CPU
		{26AA3359-6571-4575-845D-ED05E4EDB586}.SL40-Release|Any CPU.ActiveCfg = SL40-Release|Any CPU
		{26AA3359-6571-4575-845D-ED05E4EDB586}.SL40-Release|Any CPU.Build.0 = SL40-Release|Any CPU
		{3FBEADBB-692E-44CF-A06F-B4E7F2DE27D0}.MONO26-Debug|Any CPU.ActiveCfg = MONO26-Debug|Any CPU
		{3FBEADBB-692E-44CF-A06F-B4E7F2DE27D0}.MONO26-Debug|Any CPU.Build.0 = MONO26-Debug|Any CPU
		{3FBEADBB-692E-44CF-A06F-B4E7F2DE27D0}.MONO26-Release|Any CPU.ActiveCfg = MONO26-Release|Any CPU
		{3FBEADBB-692E-44CF-A06F-B4E7F2DE27D0}.MONO26-Release|Any CPU.Build.0 = MONO26-Release|Any CPU
		{3FBEADBB-692E-44CF-A06F-B4E7F2DE27D0}.MONO28-Debug|Any CPU.ActiveCfg = MONO28-Debug|Any CPU
		{3FBEADBB-692E-44CF-A06F-B4E7F2DE27D0}.MONO28-Debug|Any CPU.Build.0 = MONO28-Debug|Any CPU
		{3FBEADBB-692E-44CF-A06F-B4E7F2DE27D0}.MONO28-Release|Any CPU.ActiveCfg = MONO28-Release|Any CPU
		{3FBEADBB-692E-44CF-A06F-B4E7F2DE27D0}.MONO28-Release|Any CPU.Build.0 = MONO28-Release|Any CPU
		{3FBEADBB-692E-44CF-A06F-B4E7F2DE27D0}.NET35-Debug|Any CPU.ActiveCfg = NET35-Debug|Any CPU
		{3FBEADBB-692E-44CF-A06F-B4E7F2DE27D0}.NET35-Debug|Any CPU.Build.0 = NET35-Debug|Any CPU
		{3FBEADBB-692E-44CF-A06F-B4E7F2DE27D0}.NET35-Release|Any CPU.ActiveCfg = NET35-Release|Any CPU
		{3FBEADBB-692E-44CF-A06F-B4E7F2DE27D0}.NET35-Release|Any CPU.Build.0 = NET35-Release|Any CPU
		{3FBEADBB-692E-44CF-A06F-B4E7F2DE27D0}.NET40-Debug|Any CPU.ActiveCfg = NET40-Debug|Any CPU
		{3FBEADBB-692E-44CF-A06F-B4E7F2DE27D0}.NET40-Debug|Any CPU.Build.0 = NET40-Debug|Any CPU
		{3FBEADBB-692E-44CF-A06F-B4E7F2DE27D0}.NET40-Release|Any CPU.ActiveCfg = NET40-Release|Any CPU
		{3FBEADBB-692E-44CF-A06F-B4E7F2DE27D0}.NET40-Release|Any CPU.Build.0 = NET40-Release|Any CPU
		{3FBEADBB-692E-44CF-A06F-B4E7F2DE27D0}.NET45-Debug|Any CPU.ActiveCfg = NET40-Release|Any CPU
		{3FBEADBB-692E-44CF-A06F-B4E7F2DE27D0}.NET45-Debug|Any CPU.Build.0 = NET40-Release|Any CPU
		{3FBEADBB-692E-44CF-A06F-B4E7F2DE27D0}.NET45-Release|Any CPU.ActiveCfg = NET40-Release|Any CPU
		{3FBEADBB-692E-44CF-A06F-B4E7F2DE27D0}.NET45-Release|Any CPU.Build.0 = NET40-Release|Any CPU
		{3FBEADBB-692E-44CF-A06F-B4E7F2DE27D0}.SL30-Debug|Any CPU.ActiveCfg = SL30-Debug|Any CPU
		{3FBEADBB-692E-44CF-A06F-B4E7F2DE27D0}.SL30-Debug|Any CPU.Build.0 = SL30-Debug|Any CPU
		{3FBEADBB-692E-44CF-A06F-B4E7F2DE27D0}.SL30-Release|Any CPU.ActiveCfg = SL30-Release|Any CPU
		{3FBEADBB-692E-44CF-A06F-B4E7F2DE27D0}.SL30-Release|Any CPU.Build.0 = SL30-Release|Any CPU
		{3FBEADBB-692E-44CF-A06F-B4E7F2DE27D0}.SL40-Debug|Any CPU.ActiveCfg = SL40-Debug|Any CPU
		{3FBEADBB-692E-44CF-A06F-B4E7F2DE27D0}.SL40-Debug|Any CPU.Build.0 = SL40-Debug|Any CPU
		{3FBEADBB-692E-44CF-A06F-B4E7F2DE27D0}.SL40-Release|Any CPU.ActiveCfg = SL40-Release|Any CPU
		{3FBEADBB-692E-44CF-A06F-B4E7F2DE27D0}.SL40-Release|Any CPU.Build.0 = SL40-Release|Any CPU
		{B39CC8B7-1391-40AF-9DA3-BF294CB16383}.MONO26-Debug|Any CPU.ActiveCfg = MONO26-Debug|Any CPU
		{B39CC8B7-1391-40AF-9DA3-BF294CB16383}.MONO26-Debug|Any CPU.Build.0 = MONO26-Debug|Any CPU
		{B39CC8B7-1391-40AF-9DA3-BF294CB16383}.MONO26-Release|Any CPU.ActiveCfg = MONO26-Release|Any CPU
		{B39CC8B7-1391-40AF-9DA3-BF294CB16383}.MONO26-Release|Any CPU.Build.0 = MONO26-Release|Any CPU
		{B39CC8B7-1391-40AF-9DA3-BF294CB16383}.MONO28-Debug|Any CPU.ActiveCfg = MONO28-Debug|Any CPU
		{B39CC8B7-1391-40AF-9DA3-BF294CB16383}.MONO28-Debug|Any CPU.Build.0 = MONO28-Debug|Any CPU
		{B39CC8B7-1391-40AF-9DA3-BF294CB16383}.MONO28-Release|Any CPU.ActiveCfg = MONO28-Release|Any CPU
		{B39CC8B7-1391-40AF-9DA3-BF294CB16383}.MONO28-Release|Any CPU.Build.0 = MONO28-Release|Any CPU
		{B39CC8B7-1391-40AF-9DA3-BF294CB16383}.NET35-Debug|Any CPU.ActiveCfg = NET35-Debug|Any CPU
		{B39CC8B7-1391-40AF-9DA3-BF294CB16383}.NET35-Debug|Any CPU.Build.0 = NET35-Debug|Any CPU
		{B39CC8B7-1391-40AF-9DA3-BF294CB16383}.NET35-Release|Any CPU.ActiveCfg = NET35-Release|Any CPU
		{B39CC8B7-1391-40AF-9DA3-BF294CB16383}.NET35-Release|Any CPU.Build.0 = NET35-Release|Any CPU
		{B39CC8B7-1391-40AF-9DA3-BF294CB16383}.NET40-Debug|Any CPU.ActiveCfg = NET40-Debug|Any CPU
		{B39CC8B7-1391-40AF-9DA3-BF294CB16383}.NET40-Debug|Any CPU.Build.0 = NET40-Debug|Any CPU
		{B39CC8B7-1391-40AF-9DA3-BF294CB16383}.NET40-Release|Any CPU.ActiveCfg = NET40-Release|Any CPU
		{B39CC8B7-1391-40AF-9DA3-BF294CB16383}.NET40-Release|Any CPU.Build.0 = NET40-Release|Any CPU
		{B39CC8B7-1391-40AF-9DA3-BF294CB16383}.NET45-Debug|Any CPU.ActiveCfg = NET40-Release|Any CPU
		{B39CC8B7-1391-40AF-9DA3-BF294CB16383}.NET45-Debug|Any CPU.Build.0 = NET40-Release|Any CPU
		{B39CC8B7-1391-40AF-9DA3-BF294CB16383}.NET45-Release|Any CPU.ActiveCfg = Release|Any CPU
		{B39CC8B7-1391-40AF-9DA3-BF294CB16383}.NET45-Release|Any CPU.Build.0 = Release|Any CPU
		{B39CC8B7-1391-40AF-9DA3-BF294CB16383}.SL30-Debug|Any CPU.ActiveCfg = SL30-Debug|Any CPU
		{B39CC8B7-1391-40AF-9DA3-BF294CB16383}.SL30-Debug|Any CPU.Build.0 = SL30-Debug|Any CPU
		{B39CC8B7-1391-40AF-9DA3-BF294CB16383}.SL30-Release|Any CPU.ActiveCfg = SL30-Release|Any CPU
		{B39CC8B7-1391-40AF-9DA3-BF294CB16383}.SL30-Release|Any CPU.Build.0 = SL30-Release|Any CPU
		{B39CC8B7-1391-40AF-9DA3-BF294CB16383}.SL40-Debug|Any CPU.ActiveCfg = SL40-Debug|Any CPU
		{B39CC8B7-1391-40AF-9DA3-BF294CB16383}.SL40-Debug|Any CPU.Build.0 = SL40-Debug|Any CPU
		{B39CC8B7-1391-40AF-9DA3-BF294CB16383}.SL40-Release|Any CPU.ActiveCfg = SL40-Release|Any CPU
		{B39CC8B7-1391-40AF-9DA3-BF294CB16383}.SL40-Release|Any CPU.Build.0 = SL40-Release|Any CPU
		{86CAA470-BFAC-4D14-B4C2-C5BEFE3AD003}.MONO26-Debug|Any CPU.ActiveCfg = MONO26-Debug|Any CPU
		{86CAA470-BFAC-4D14-B4C2-C5BEFE3AD003}.MONO26-Debug|Any CPU.Build.0 = MONO26-Debug|Any CPU
		{86CAA470-BFAC-4D14-B4C2-C5BEFE3AD003}.MONO26-Release|Any CPU.ActiveCfg = MONO26-Release|Any CPU
		{86CAA470-BFAC-4D14-B4C2-C5BEFE3AD003}.MONO26-Release|Any CPU.Build.0 = MONO26-Release|Any CPU
		{86CAA470-BFAC-4D14-B4C2-C5BEFE3AD003}.MONO28-Debug|Any CPU.ActiveCfg = MONO28-Debug|Any CPU
		{86CAA470-BFAC-4D14-B4C2-C5BEFE3AD003}.MONO28-Debug|Any CPU.Build.0 = MONO28-Debug|Any CPU
		{86CAA470-BFAC-4D14-B4C2-C5BEFE3AD003}.MONO28-Release|Any CPU.ActiveCfg = MONO28-Release|Any CPU
		{86CAA470-BFAC-4D14-B4C2-C5BEFE3AD003}.MONO28-Release|Any CPU.Build.0 = MONO28-Release|Any CPU
		{86CAA470-BFAC-4D14-B4C2-C5BEFE3AD003}.NET35-Debug|Any CPU.ActiveCfg = NET35-Debug|Any CPU
		{86CAA470-BFAC-4D14-B4C2-C5BEFE3AD003}.NET35-Debug|Any CPU.Build.0 = NET35-Debug|Any CPU
		{86CAA470-BFAC-4D14-B4C2-C5BEFE3AD003}.NET35-Release|Any CPU.ActiveCfg = NET35-Release|Any CPU
		{86CAA470-BFAC-4D14-B4C2-C5BEFE3AD003}.NET35-Release|Any CPU.Build.0 = NET35-Release|Any CPU
		{86CAA470-BFAC-4D14-B4C2-C5BEFE3AD003}.NET40-Debug|Any CPU.ActiveCfg = NET40-Debug|Any CPU
		{86CAA470-BFAC-4D14-B4C2-C5BEFE3AD003}.NET40-Debug|Any CPU.Build.0 = NET40-Debug|Any CPU
		{86CAA470-BFAC-4D14-B4C2-C5BEFE3AD003}.NET40-Release|Any CPU.ActiveCfg = NET40-Release|Any CPU
		{86CAA470-BFAC-4D14-B4C2-C5BEFE3AD003}.NET40-Release|Any CPU.Build.0 = NET40-Release|Any CPU
		{86CAA470-BFAC-4D14-B4C2-C5BEFE3AD003}.NET45-Debug|Any CPU.ActiveCfg = NET40-Release|Any CPU
		{86CAA470-BFAC-4D14-B4C2-C5BEFE3AD003}.NET45-Debug|Any CPU.Build.0 = NET40-Release|Any CPU
		{86CAA470-BFAC-4D14-B4C2-C5BEFE3AD003}.NET45-Release|Any CPU.ActiveCfg = NET40-Release|Any CPU
		{86CAA470-BFAC-4D14-B4C2-C5BEFE3AD003}.NET45-Release|Any CPU.Build.0 = NET40-Release|Any CPU
		{86CAA470-BFAC-4D14-B4C2-C5BEFE3AD003}.SL30-Debug|Any CPU.ActiveCfg = SL30-Debug|Any CPU
		{86CAA470-BFAC-4D14-B4C2-C5BEFE3AD003}.SL30-Debug|Any CPU.Build.0 = SL30-Debug|Any CPU
		{86CAA470-BFAC-4D14-B4C2-C5BEFE3AD003}.SL30-Release|Any CPU.ActiveCfg = SL30-Release|Any CPU
		{86CAA470-BFAC-4D14-B4C2-C5BEFE3AD003}.SL30-Release|Any CPU.Build.0 = SL30-Release|Any CPU
		{86CAA470-BFAC-4D14-B4C2-C5BEFE3AD003}.SL40-Debug|Any CPU.ActiveCfg = SL40-Debug|Any CPU
		{86CAA470-BFAC-4D14-B4C2-C5BEFE3AD003}.SL40-Debug|Any CPU.Build.0 = SL40-Debug|Any CPU
		{86CAA470-BFAC-4D14-B4C2-C5BEFE3AD003}.SL40-Release|Any CPU.ActiveCfg = SL40-Release|Any CPU
		{86CAA470-BFAC-4D14-B4C2-C5BEFE3AD003}.SL40-Release|Any CPU.Build.0 = SL40-Release|Any CPU
		{CC39D6D0-2467-4DD5-A53E-92D580B60038}.MONO26-Debug|Any CPU.ActiveCfg = MONO26-Debug|Any CPU
		{CC39D6D0-2467-4DD5-A53E-92D580B60038}.MONO26-Debug|Any CPU.Build.0 = MONO26-Debug|Any CPU
		{CC39D6D0-2467-4DD5-A53E-92D580B60038}.MONO26-Release|Any CPU.ActiveCfg = MONO26-Release|Any CPU
		{CC39D6D0-2467-4DD5-A53E-92D580B60038}.MONO26-Release|Any CPU.Build.0 = MONO26-Release|Any CPU
		{CC39D6D0-2467-4DD5-A53E-92D580B60038}.MONO28-Debug|Any CPU.ActiveCfg = MONO28-Debug|Any CPU
		{CC39D6D0-2467-4DD5-A53E-92D580B60038}.MONO28-Debug|Any CPU.Build.0 = MONO28-Debug|Any CPU
		{CC39D6D0-2467-4DD5-A53E-92D580B60038}.MONO28-Release|Any CPU.ActiveCfg = MONO28-Release|Any CPU
		{CC39D6D0-2467-4DD5-A53E-92D580B60038}.MONO28-Release|Any CPU.Build.0 = MONO28-Release|Any CPU
		{CC39D6D0-2467-4DD5-A53E-92D580B60038}.NET35-Debug|Any CPU.ActiveCfg = NET35-Debug|Any CPU
		{CC39D6D0-2467-4DD5-A53E-92D580B60038}.NET35-Debug|Any CPU.Build.0 = NET35-Debug|Any CPU
		{CC39D6D0-2467-4DD5-A53E-92D580B60038}.NET35-Release|Any CPU.ActiveCfg = NET35-Release|Any CPU
		{CC39D6D0-2467-4DD5-A53E-92D580B60038}.NET35-Release|Any CPU.Build.0 = NET35-Release|Any CPU
		{CC39D6D0-2467-4DD5-A53E-92D580B60038}.NET40-Debug|Any CPU.ActiveCfg = NET40-Debug|Any CPU
		{CC39D6D0-2467-4DD5-A53E-92D580B60038}.NET40-Debug|Any CPU.Build.0 = NET40-Debug|Any CPU
		{CC39D6D0-2467-4DD5-A53E-92D580B60038}.NET40-Release|Any CPU.ActiveCfg = NET40-Release|Any CPU
		{CC39D6D0-2467-4DD5-A53E-92D580B60038}.NET40-Release|Any CPU.Build.0 = NET40-Release|Any CPU
		{CC39D6D0-2467-4DD5-A53E-92D580B60038}.NET45-Debug|Any CPU.ActiveCfg = NET40-Release|Any CPU
		{CC39D6D0-2467-4DD5-A53E-92D580B60038}.NET45-Debug|Any CPU.Build.0 = NET40-Release|Any CPU
		{CC39D6D0-2467-4DD5-A53E-92D580B60038}.NET45-Release|Any CPU.ActiveCfg = NET40-Release|Any CPU
		{CC39D6D0-2467-4DD5-A53E-92D580B60038}.NET45-Release|Any CPU.Build.0 = NET40-Release|Any CPU
		{CC39D6D0-2467-4DD5-A53E-92D580B60038}.SL30-Debug|Any CPU.ActiveCfg = SL30-Debug|Any CPU
		{CC39D6D0-2467-4DD5-A53E-92D580B60038}.SL30-Debug|Any CPU.Build.0 = SL30-Debug|Any CPU
		{CC39D6D0-2467-4DD5-A53E-92D580B60038}.SL30-Release|Any CPU.ActiveCfg = SL30-Release|Any CPU
		{CC39D6D0-2467-4DD5-A53E-92D580B60038}.SL30-Release|Any CPU.Build.0 = SL30-Release|Any CPU
		{CC39D6D0-2467-4DD5-A53E-92D580B60038}.SL40-Debug|Any CPU.ActiveCfg = SL40-Debug|Any CPU
		{CC39D6D0-2467-4DD5-A53E-92D580B60038}.SL40-Debug|Any CPU.Build.0 = SL40-Debug|Any CPU
		{CC39D6D0-2467-4DD5-A53E-92D580B60038}.SL40-Release|Any CPU.ActiveCfg = SL40-Release|Any CPU
		{CC39D6D0-2467-4DD5-A53E-92D580B60038}.SL40-Release|Any CPU.Build.0 = SL40-Release|Any CPU
		{CB573557-9BB1-4F5B-916C-0AD002B8B2BA}.MONO26-Debug|Any CPU.ActiveCfg = MONO26-Debug|Any CPU
		{CB573557-9BB1-4F5B-916C-0AD002B8B2BA}.MONO26-Debug|Any CPU.Build.0 = MONO26-Debug|Any CPU
		{CB573557-9BB1-4F5B-916C-0AD002B8B2BA}.MONO26-Release|Any CPU.ActiveCfg = MONO26-Release|Any CPU
		{CB573557-9BB1-4F5B-916C-0AD002B8B2BA}.MONO26-Release|Any CPU.Build.0 = MONO26-Release|Any CPU
		{CB573557-9BB1-4F5B-916C-0AD002B8B2BA}.MONO28-Debug|Any CPU.ActiveCfg = MONO28-Debug|Any CPU
		{CB573557-9BB1-4F5B-916C-0AD002B8B2BA}.MONO28-Debug|Any CPU.Build.0 = MONO28-Debug|Any CPU
		{CB573557-9BB1-4F5B-916C-0AD002B8B2BA}.MONO28-Release|Any CPU.ActiveCfg = MONO28-Release|Any CPU
		{CB573557-9BB1-4F5B-916C-0AD002B8B2BA}.MONO28-Release|Any CPU.Build.0 = MONO28-Release|Any CPU
		{CB573557-9BB1-4F5B-916C-0AD002B8B2BA}.NET35-Debug|Any CPU.ActiveCfg = NET35-Debug|Any CPU
		{CB573557-9BB1-4F5B-916C-0AD002B8B2BA}.NET35-Debug|Any CPU.Build.0 = NET35-Debug|Any CPU
		{CB573557-9BB1-4F5B-916C-0AD002B8B2BA}.NET35-Release|Any CPU.ActiveCfg = NET35-Release|Any CPU
		{CB573557-9BB1-4F5B-916C-0AD002B8B2BA}.NET35-Release|Any CPU.Build.0 = NET35-Release|Any CPU
		{CB573557-9BB1-4F5B-916C-0AD002B8B2BA}.NET40-Debug|Any CPU.ActiveCfg = NET40-Debug|Any CPU
		{CB573557-9BB1-4F5B-916C-0AD002B8B2BA}.NET40-Debug|Any CPU.Build.0 = NET40-Debug|Any CPU
		{CB573557-9BB1-4F5B-916C-0AD002B8B2BA}.NET40-Release|Any CPU.ActiveCfg = NET40-Release|Any CPU
		{CB573557-9BB1-4F5B-916C-0AD002B8B2BA}.NET40-Release|Any CPU.Build.0 = NET40-Release|Any CPU
		{CB573557-9BB1-4F5B-916C-0AD002B8B2BA}.NET45-Debug|Any CPU.ActiveCfg = NET40-Release|Any CPU
		{CB573557-9BB1-4F5B-916C-0AD002B8B2BA}.NET45-Debug|Any CPU.Build.0 = NET40-Release|Any CPU
		{CB573557-9BB1-4F5B-916C-0AD002B8B2BA}.NET45-Release|Any CPU.ActiveCfg = NET40-Release|Any CPU
		{CB573557-9BB1-4F5B-916C-0AD002B8B2BA}.NET45-Release|Any CPU.Build.0 = NET40-Release|Any CPU
		{CB573557-9BB1-4F5B-916C-0AD002B8B2BA}.SL30-Debug|Any CPU.ActiveCfg = SL30-Debug|Any CPU
		{CB573557-9BB1-4F5B-916C-0AD002B8B2BA}.SL30-Debug|Any CPU.Build.0 = SL30-Debug|Any CPU
		{CB573557-9BB1-4F5B-916C-0AD002B8B2BA}.SL30-Release|Any CPU.ActiveCfg = SL30-Release|Any CPU
		{CB573557-9BB1-4F5B-916C-0AD002B8B2BA}.SL30-Release|Any CPU.Build.0 = SL30-Release|Any CPU
		{CB573557-9BB1-4F5B-916C-0AD002B8B2BA}.SL40-Debug|Any CPU.ActiveCfg = SL40-Debug|Any CPU
		{CB573557-9BB1-4F5B-916C-0AD002B8B2BA}.SL40-Debug|Any CPU.Build.0 = SL40-Debug|Any CPU
		{CB573557-9BB1-4F5B-916C-0AD002B8B2BA}.SL40-Release|Any CPU.ActiveCfg = SL40-Release|Any CPU
		{CB573557-9BB1-4F5B-916C-0AD002B8B2BA}.SL40-Release|Any CPU.Build.0 = SL40-Release|Any CPU
		{282AF314-99F7-4D07-A9DA-ABBF6964F1B1}.MONO26-Debug|Any CPU.ActiveCfg = MONO26-Debug|Any CPU
		{282AF314-99F7-4D07-A9DA-ABBF6964F1B1}.MONO26-Debug|Any CPU.Build.0 = MONO26-Debug|Any CPU
		{282AF314-99F7-4D07-A9DA-ABBF6964F1B1}.MONO26-Release|Any CPU.ActiveCfg = MONO26-Release|Any CPU
		{282AF314-99F7-4D07-A9DA-ABBF6964F1B1}.MONO26-Release|Any CPU.Build.0 = MONO26-Release|Any CPU
		{282AF314-99F7-4D07-A9DA-ABBF6964F1B1}.MONO28-Debug|Any CPU.ActiveCfg = MONO28-Debug|Any CPU
		{282AF314-99F7-4D07-A9DA-ABBF6964F1B1}.MONO28-Debug|Any CPU.Build.0 = MONO28-Debug|Any CPU
		{282AF314-99F7-4D07-A9DA-ABBF6964F1B1}.MONO28-Release|Any CPU.ActiveCfg = MONO28-Release|Any CPU
		{282AF314-99F7-4D07-A9DA-ABBF6964F1B1}.MONO28-Release|Any CPU.Build.0 = MONO28-Release|Any CPU
		{282AF314-99F7-4D07-A9DA-ABBF6964F1B1}.NET35-Debug|Any CPU.ActiveCfg = NET35-Debug|Any CPU
		{282AF314-99F7-4D07-A9DA-ABBF6964F1B1}.NET35-Debug|Any CPU.Build.0 = NET35-Debug|Any CPU
		{282AF314-99F7-4D07-A9DA-ABBF6964F1B1}.NET35-Release|Any CPU.ActiveCfg = NET35-Release|Any CPU
		{282AF314-99F7-4D07-A9DA-ABBF6964F1B1}.NET35-Release|Any CPU.Build.0 = NET35-Release|Any CPU
		{282AF314-99F7-4D07-A9DA-ABBF6964F1B1}.NET40-Debug|Any CPU.ActiveCfg = NET40-Debug|Any CPU
		{282AF314-99F7-4D07-A9DA-ABBF6964F1B1}.NET40-Debug|Any CPU.Build.0 = NET40-Debug|Any CPU
		{282AF314-99F7-4D07-A9DA-ABBF6964F1B1}.NET40-Release|Any CPU.ActiveCfg = NET40-Release|Any CPU
		{282AF314-99F7-4D07-A9DA-ABBF6964F1B1}.NET40-Release|Any CPU.Build.0 = NET40-Release|Any CPU
		{282AF314-99F7-4D07-A9DA-ABBF6964F1B1}.NET45-Debug|Any CPU.ActiveCfg = NET40-Release|Any CPU
		{282AF314-99F7-4D07-A9DA-ABBF6964F1B1}.NET45-Debug|Any CPU.Build.0 = NET40-Release|Any CPU
		{282AF314-99F7-4D07-A9DA-ABBF6964F1B1}.NET45-Release|Any CPU.ActiveCfg = NET40-Release|Any CPU
		{282AF314-99F7-4D07-A9DA-ABBF6964F1B1}.NET45-Release|Any CPU.Build.0 = NET40-Release|Any CPU
		{282AF314-99F7-4D07-A9DA-ABBF6964F1B1}.SL30-Debug|Any CPU.ActiveCfg = SL30-Debug|Any CPU
		{282AF314-99F7-4D07-A9DA-ABBF6964F1B1}.SL30-Debug|Any CPU.Build.0 = SL30-Debug|Any CPU
		{282AF314-99F7-4D07-A9DA-ABBF6964F1B1}.SL30-Release|Any CPU.ActiveCfg = SL30-Release|Any CPU
		{282AF314-99F7-4D07-A9DA-ABBF6964F1B1}.SL30-Release|Any CPU.Build.0 = SL30-Release|Any CPU
		{282AF314-99F7-4D07-A9DA-ABBF6964F1B1}.SL40-Debug|Any CPU.ActiveCfg = SL40-Debug|Any CPU
		{282AF314-99F7-4D07-A9DA-ABBF6964F1B1}.SL40-Debug|Any CPU.Build.0 = SL40-Debug|Any CPU
		{282AF314-99F7-4D07-A9DA-ABBF6964F1B1}.SL40-Release|Any CPU.ActiveCfg = SL40-Release|Any CPU
		{282AF314-99F7-4D07-A9DA-ABBF6964F1B1}.SL40-Release|Any CPU.Build.0 = SL40-Release|Any CPU
		{F3B5820A-56AE-49F8-8497-3F77FE027A0E}.MONO26-Debug|Any CPU.ActiveCfg = MONO26-Debug|Any CPU
		{F3B5820A-56AE-49F8-8497-3F77FE027A0E}.MONO26-Debug|Any CPU.Build.0 = MONO26-Debug|Any CPU
		{F3B5820A-56AE-49F8-8497-3F77FE027A0E}.MONO26-Release|Any CPU.ActiveCfg = MONO26-Release|Any CPU
		{F3B5820A-56AE-49F8-8497-3F77FE027A0E}.MONO26-Release|Any CPU.Build.0 = MONO26-Release|Any CPU
		{F3B5820A-56AE-49F8-8497-3F77FE027A0E}.MONO28-Debug|Any CPU.ActiveCfg = MONO28-Debug|Any CPU
		{F3B5820A-56AE-49F8-8497-3F77FE027A0E}.MONO28-Debug|Any CPU.Build.0 = MONO28-Debug|Any CPU
		{F3B5820A-56AE-49F8-8497-3F77FE027A0E}.MONO28-Release|Any CPU.ActiveCfg = MONO28-Release|Any CPU
		{F3B5820A-56AE-49F8-8497-3F77FE027A0E}.MONO28-Release|Any CPU.Build.0 = MONO28-Release|Any CPU
		{F3B5820A-56AE-49F8-8497-3F77FE027A0E}.NET35-Debug|Any CPU.ActiveCfg = NET35-Debug|Any CPU
		{F3B5820A-56AE-49F8-8497-3F77FE027A0E}.NET35-Debug|Any CPU.Build.0 = NET35-Debug|Any CPU
		{F3B5820A-56AE-49F8-8497-3F77FE027A0E}.NET35-Release|Any CPU.ActiveCfg = NET35-Release|Any CPU
		{F3B5820A-56AE-49F8-8497-3F77FE027A0E}.NET35-Release|Any CPU.Build.0 = NET35-Release|Any CPU
		{F3B5820A-56AE-49F8-8497-3F77FE027A0E}.NET40-Debug|Any CPU.ActiveCfg = NET40-Debug|Any CPU
		{F3B5820A-56AE-49F8-8497-3F77FE027A0E}.NET40-Debug|Any CPU.Build.0 = NET40-Debug|Any CPU
		{F3B5820A-56AE-49F8-8497-3F77FE027A0E}.NET40-Release|Any CPU.ActiveCfg = NET40-Release|Any CPU
		{F3B5820A-56AE-49F8-8497-3F77FE027A0E}.NET40-Release|Any CPU.Build.0 = NET40-Release|Any CPU
		{F3B5820A-56AE-49F8-8497-3F77FE027A0E}.NET45-Debug|Any CPU.ActiveCfg = NET40-Release|Any CPU
		{F3B5820A-56AE-49F8-8497-3F77FE027A0E}.NET45-Debug|Any CPU.Build.0 = NET40-Release|Any CPU
		{F3B5820A-56AE-49F8-8497-3F77FE027A0E}.NET45-Release|Any CPU.ActiveCfg = NET40-Release|Any CPU
		{F3B5820A-56AE-49F8-8497-3F77FE027A0E}.NET45-Release|Any CPU.Build.0 = NET40-Release|Any CPU
		{F3B5820A-56AE-49F8-8497-3F77FE027A0E}.SL30-Debug|Any CPU.ActiveCfg = SL30-Debug|Any CPU
		{F3B5820A-56AE-49F8-8497-3F77FE027A0E}.SL30-Debug|Any CPU.Build.0 = SL30-Debug|Any CPU
		{F3B5820A-56AE-49F8-8497-3F77FE027A0E}.SL30-Release|Any CPU.ActiveCfg = SL30-Release|Any CPU
		{F3B5820A-56AE-49F8-8497-3F77FE027A0E}.SL30-Release|Any CPU.Build.0 = SL30-Release|Any CPU
		{F3B5820A-56AE-49F8-8497-3F77FE027A0E}.SL40-Debug|Any CPU.ActiveCfg = SL40-Debug|Any CPU
		{F3B5820A-56AE-49F8-8497-3F77FE027A0E}.SL40-Debug|Any CPU.Build.0 = SL40-Debug|Any CPU
		{F3B5820A-56AE-49F8-8497-3F77FE027A0E}.SL40-Release|Any CPU.ActiveCfg = SL40-Release|Any CPU
		{F3B5820A-56AE-49F8-8497-3F77FE027A0E}.SL40-Release|Any CPU.Build.0 = SL40-Release|Any CPU
		{7FB1D2DC-5CA8-410C-9B9A-3DE517B3BE3A}.MONO26-Debug|Any CPU.ActiveCfg = MONO26-Debug|Any CPU
		{7FB1D2DC-5CA8-410C-9B9A-3DE517B3BE3A}.MONO26-Debug|Any CPU.Build.0 = MONO26-Debug|Any CPU
		{7FB1D2DC-5CA8-410C-9B9A-3DE517B3BE3A}.MONO26-Release|Any CPU.ActiveCfg = MONO26-Release|Any CPU
		{7FB1D2DC-5CA8-410C-9B9A-3DE517B3BE3A}.MONO26-Release|Any CPU.Build.0 = MONO26-Release|Any CPU
		{7FB1D2DC-5CA8-410C-9B9A-3DE517B3BE3A}.MONO28-Debug|Any CPU.ActiveCfg = MONO28-Debug|Any CPU
		{7FB1D2DC-5CA8-410C-9B9A-3DE517B3BE3A}.MONO28-Debug|Any CPU.Build.0 = MONO28-Debug|Any CPU
		{7FB1D2DC-5CA8-410C-9B9A-3DE517B3BE3A}.MONO28-Release|Any CPU.ActiveCfg = MONO28-Release|Any CPU
		{7FB1D2DC-5CA8-410C-9B9A-3DE517B3BE3A}.MONO28-Release|Any CPU.Build.0 = MONO28-Release|Any CPU
		{7FB1D2DC-5CA8-410C-9B9A-3DE517B3BE3A}.NET35-Debug|Any CPU.ActiveCfg = NET35-Debug|Any CPU
		{7FB1D2DC-5CA8-410C-9B9A-3DE517B3BE3A}.NET35-Debug|Any CPU.Build.0 = NET35-Debug|Any CPU
		{7FB1D2DC-5CA8-410C-9B9A-3DE517B3BE3A}.NET35-Release|Any CPU.ActiveCfg = NET35-Release|Any CPU
		{7FB1D2DC-5CA8-410C-9B9A-3DE517B3BE3A}.NET35-Release|Any CPU.Build.0 = NET35-Release|Any CPU
		{7FB1D2DC-5CA8-410C-9B9A-3DE517B3BE3A}.NET40-Debug|Any CPU.ActiveCfg = NET40-Debug|Any CPU
		{7FB1D2DC-5CA8-410C-9B9A-3DE517B3BE3A}.NET40-Debug|Any CPU.Build.0 = NET40-Debug|Any CPU
		{7FB1D2DC-5CA8-410C-9B9A-3DE517B3BE3A}.NET40-Release|Any CPU.ActiveCfg = NET40-Release|Any CPU
		{7FB1D2DC-5CA8-410C-9B9A-3DE517B3BE3A}.NET40-Release|Any CPU.Build.0 = NET40-Release|Any CPU
		{7FB1D2DC-5CA8-410C-9B9A-3DE517B3BE3A}.NET45-Debug|Any CPU.ActiveCfg = NET40-Release|Any CPU
		{7FB1D2DC-5CA8-410C-9B9A-3DE517B3BE3A}.NET45-Debug|Any CPU.Build.0 = NET40-Release|Any CPU
		{7FB1D2DC-5CA8-410C-9B9A-3DE517B3BE3A}.NET45-Release|Any CPU.ActiveCfg = NET40-Release|Any CPU
		{7FB1D2DC-5CA8-410C-9B9A-3DE517B3BE3A}.NET45-Release|Any CPU.Build.0 = NET40-Release|Any CPU
		{7FB1D2DC-5CA8-410C-9B9A-3DE517B3BE3A}.SL30-Debug|Any CPU.ActiveCfg = SL30-Debug|Any CPU
		{7FB1D2DC-5CA8-410C-9B9A-3DE517B3BE3A}.SL30-Debug|Any CPU.Build.0 = SL30-Debug|Any CPU
		{7FB1D2DC-5CA8-410C-9B9A-3DE517B3BE3A}.SL30-Release|Any CPU.ActiveCfg = SL30-Release|Any CPU
		{7FB1D2DC-5CA8-410C-9B9A-3DE517B3BE3A}.SL30-Release|Any CPU.Build.0 = SL30-Release|Any CPU
		{7FB1D2DC-5CA8-410C-9B9A-3DE517B3BE3A}.SL40-Debug|Any CPU.ActiveCfg = SL40-Debug|Any CPU
		{7FB1D2DC-5CA8-410C-9B9A-3DE517B3BE3A}.SL40-Debug|Any CPU.Build.0 = SL40-Debug|Any CPU
		{7FB1D2DC-5CA8-410C-9B9A-3DE517B3BE3A}.SL40-Release|Any CPU.ActiveCfg = SL40-Release|Any CPU
		{7FB1D2DC-5CA8-410C-9B9A-3DE517B3BE3A}.SL40-Release|Any CPU.Build.0 = SL40-Release|Any CPU
		{824EC872-2992-4518-8C41-4F87640D752A}.MONO26-Debug|Any CPU.ActiveCfg = MONO26-Debug|Any CPU
		{824EC872-2992-4518-8C41-4F87640D752A}.MONO26-Debug|Any CPU.Build.0 = MONO26-Debug|Any CPU
		{824EC872-2992-4518-8C41-4F87640D752A}.MONO26-Release|Any CPU.ActiveCfg = MONO26-Release|Any CPU
		{824EC872-2992-4518-8C41-4F87640D752A}.MONO26-Release|Any CPU.Build.0 = MONO26-Release|Any CPU
		{824EC872-2992-4518-8C41-4F87640D752A}.MONO28-Debug|Any CPU.ActiveCfg = MONO28-Debug|Any CPU
		{824EC872-2992-4518-8C41-4F87640D752A}.MONO28-Debug|Any CPU.Build.0 = MONO28-Debug|Any CPU
		{824EC872-2992-4518-8C41-4F87640D752A}.MONO28-Release|Any CPU.ActiveCfg = MONO28-Release|Any CPU
		{824EC872-2992-4518-8C41-4F87640D752A}.MONO28-Release|Any CPU.Build.0 = MONO28-Release|Any CPU
		{824EC872-2992-4518-8C41-4F87640D752A}.NET35-Debug|Any CPU.ActiveCfg = NET35-Debug|Any CPU
		{824EC872-2992-4518-8C41-4F87640D752A}.NET35-Debug|Any CPU.Build.0 = NET35-Debug|Any CPU
		{824EC872-2992-4518-8C41-4F87640D752A}.NET35-Release|Any CPU.ActiveCfg = NET35-Release|Any CPU
		{824EC872-2992-4518-8C41-4F87640D752A}.NET35-Release|Any CPU.Build.0 = NET35-Release|Any CPU
		{824EC872-2992-4518-8C41-4F87640D752A}.NET40-Debug|Any CPU.ActiveCfg = NET40-Debug|Any CPU
		{824EC872-2992-4518-8C41-4F87640D752A}.NET40-Debug|Any CPU.Build.0 = NET40-Debug|Any CPU
		{824EC872-2992-4518-8C41-4F87640D752A}.NET40-Release|Any CPU.ActiveCfg = NET40-Release|Any CPU
		{824EC872-2992-4518-8C41-4F87640D752A}.NET40-Release|Any CPU.Build.0 = NET40-Release|Any CPU
		{824EC872-2992-4518-8C41-4F87640D752A}.NET45-Debug|Any CPU.ActiveCfg = NET40-Release|Any CPU
		{824EC872-2992-4518-8C41-4F87640D752A}.NET45-Debug|Any CPU.Build.0 = NET40-Release|Any CPU
		{824EC872-2992-4518-8C41-4F87640D752A}.NET45-Release|Any CPU.ActiveCfg = Release|Any CPU
		{824EC872-2992-4518-8C41-4F87640D752A}.NET45-Release|Any CPU.Build.0 = Release|Any CPU
		{824EC872-2992-4518-8C41-4F87640D752A}.SL30-Debug|Any CPU.ActiveCfg = SL30-Debug|Any CPU
		{824EC872-2992-4518-8C41-4F87640D752A}.SL30-Debug|Any CPU.Build.0 = SL30-Debug|Any CPU
		{824EC872-2992-4518-8C41-4F87640D752A}.SL30-Release|Any CPU.ActiveCfg = SL30-Release|Any CPU
		{824EC872-2992-4518-8C41-4F87640D752A}.SL30-Release|Any CPU.Build.0 = SL30-Release|Any CPU
		{824EC872-2992-4518-8C41-4F87640D752A}.SL40-Debug|Any CPU.ActiveCfg = SL40-Debug|Any CPU
		{824EC872-2992-4518-8C41-4F87640D752A}.SL40-Debug|Any CPU.Build.0 = SL40-Debug|Any CPU
		{824EC872-2992-4518-8C41-4F87640D752A}.SL40-Release|Any CPU.ActiveCfg = SL40-Release|Any CPU
		{824EC872-2992-4518-8C41-4F87640D752A}.SL40-Release|Any CPU.Build.0 = SL40-Release|Any CPU
		{98F19522-C9B8-400D-8A12-DABB3DA9411D}.MONO26-Debug|Any CPU.ActiveCfg = MONO26-Debug|Any CPU
		{98F19522-C9B8-400D-8A12-DABB3DA9411D}.MONO26-Debug|Any CPU.Build.0 = MONO26-Debug|Any CPU
		{98F19522-C9B8-400D-8A12-DABB3DA9411D}.MONO26-Release|Any CPU.ActiveCfg = MONO26-Release|Any CPU
		{98F19522-C9B8-400D-8A12-DABB3DA9411D}.MONO26-Release|Any CPU.Build.0 = MONO26-Release|Any CPU
		{98F19522-C9B8-400D-8A12-DABB3DA9411D}.MONO28-Debug|Any CPU.ActiveCfg = MONO28-Debug|Any CPU
		{98F19522-C9B8-400D-8A12-DABB3DA9411D}.MONO28-Debug|Any CPU.Build.0 = MONO28-Debug|Any CPU
		{98F19522-C9B8-400D-8A12-DABB3DA9411D}.MONO28-Release|Any CPU.ActiveCfg = MONO28-Release|Any CPU
		{98F19522-C9B8-400D-8A12-DABB3DA9411D}.MONO28-Release|Any CPU.Build.0 = MONO28-Release|Any CPU
		{98F19522-C9B8-400D-8A12-DABB3DA9411D}.NET35-Debug|Any CPU.ActiveCfg = NET35-Debug|Any CPU
		{98F19522-C9B8-400D-8A12-DABB3DA9411D}.NET35-Debug|Any CPU.Build.0 = NET35-Debug|Any CPU
		{98F19522-C9B8-400D-8A12-DABB3DA9411D}.NET35-Release|Any CPU.ActiveCfg = NET35-Release|Any CPU
		{98F19522-C9B8-400D-8A12-DABB3DA9411D}.NET35-Release|Any CPU.Build.0 = NET35-Release|Any CPU
		{98F19522-C9B8-400D-8A12-DABB3DA9411D}.NET40-Debug|Any CPU.ActiveCfg = NET40-Debug|Any CPU
		{98F19522-C9B8-400D-8A12-DABB3DA9411D}.NET40-Debug|Any CPU.Build.0 = NET40-Debug|Any CPU
		{98F19522-C9B8-400D-8A12-DABB3DA9411D}.NET40-Release|Any CPU.ActiveCfg = NET40-Release|Any CPU
		{98F19522-C9B8-400D-8A12-DABB3DA9411D}.NET40-Release|Any CPU.Build.0 = NET40-Release|Any CPU
		{98F19522-C9B8-400D-8A12-DABB3DA9411D}.NET45-Debug|Any CPU.ActiveCfg = NET45-Debug|Any CPU
		{98F19522-C9B8-400D-8A12-DABB3DA9411D}.NET45-Debug|Any CPU.Build.0 = NET45-Debug|Any CPU
		{98F19522-C9B8-400D-8A12-DABB3DA9411D}.NET45-Release|Any CPU.ActiveCfg = NET45-Release|Any CPU
		{98F19522-C9B8-400D-8A12-DABB3DA9411D}.NET45-Release|Any CPU.Build.0 = NET45-Release|Any CPU
		{98F19522-C9B8-400D-8A12-DABB3DA9411D}.SL30-Debug|Any CPU.ActiveCfg = SL30-Debug|Any CPU
		{98F19522-C9B8-400D-8A12-DABB3DA9411D}.SL30-Debug|Any CPU.Build.0 = SL30-Debug|Any CPU
		{98F19522-C9B8-400D-8A12-DABB3DA9411D}.SL30-Release|Any CPU.ActiveCfg = SL30-Release|Any CPU
		{98F19522-C9B8-400D-8A12-DABB3DA9411D}.SL30-Release|Any CPU.Build.0 = SL30-Release|Any CPU
		{98F19522-C9B8-400D-8A12-DABB3DA9411D}.SL40-Debug|Any CPU.ActiveCfg = SL40-Debug|Any CPU
		{98F19522-C9B8-400D-8A12-DABB3DA9411D}.SL40-Debug|Any CPU.Build.0 = SL40-Debug|Any CPU
		{98F19522-C9B8-400D-8A12-DABB3DA9411D}.SL40-Release|Any CPU.ActiveCfg = SL40-Release|Any CPU
		{98F19522-C9B8-400D-8A12-DABB3DA9411D}.SL40-Release|Any CPU.Build.0 = SL40-Release|Any CPU
		{03FF90E2-1DDC-4E60-BDEA-86BF9B31130C}.MONO26-Debug|Any CPU.ActiveCfg = MONO26-Debug|Any CPU
		{03FF90E2-1DDC-4E60-BDEA-86BF9B31130C}.MONO26-Debug|Any CPU.Build.0 = MONO26-Debug|Any CPU
		{03FF90E2-1DDC-4E60-BDEA-86BF9B31130C}.MONO26-Release|Any CPU.ActiveCfg = MONO26-Release|Any CPU
		{03FF90E2-1DDC-4E60-BDEA-86BF9B31130C}.MONO26-Release|Any CPU.Build.0 = MONO26-Release|Any CPU
		{03FF90E2-1DDC-4E60-BDEA-86BF9B31130C}.MONO28-Debug|Any CPU.ActiveCfg = MONO28-Debug|Any CPU
		{03FF90E2-1DDC-4E60-BDEA-86BF9B31130C}.MONO28-Debug|Any CPU.Build.0 = MONO28-Debug|Any CPU
		{03FF90E2-1DDC-4E60-BDEA-86BF9B31130C}.MONO28-Release|Any CPU.ActiveCfg = MONO28-Release|Any CPU
		{03FF90E2-1DDC-4E60-BDEA-86BF9B31130C}.MONO28-Release|Any CPU.Build.0 = MONO28-Release|Any CPU
		{03FF90E2-1DDC-4E60-BDEA-86BF9B31130C}.NET35-Debug|Any CPU.ActiveCfg = NET35-Debug|Any CPU
		{03FF90E2-1DDC-4E60-BDEA-86BF9B31130C}.NET35-Debug|Any CPU.Build.0 = NET35-Debug|Any CPU
		{03FF90E2-1DDC-4E60-BDEA-86BF9B31130C}.NET35-Release|Any CPU.ActiveCfg = NET35-Release|Any CPU
		{03FF90E2-1DDC-4E60-BDEA-86BF9B31130C}.NET35-Release|Any CPU.Build.0 = NET35-Release|Any CPU
		{03FF90E2-1DDC-4E60-BDEA-86BF9B31130C}.NET40-Debug|Any CPU.ActiveCfg = NET40-Debug|Any CPU
		{03FF90E2-1DDC-4E60-BDEA-86BF9B31130C}.NET40-Debug|Any CPU.Build.0 = NET40-Debug|Any CPU
		{03FF90E2-1DDC-4E60-BDEA-86BF9B31130C}.NET40-Release|Any CPU.ActiveCfg = NET40-Release|Any CPU
		{03FF90E2-1DDC-4E60-BDEA-86BF9B31130C}.NET40-Release|Any CPU.Build.0 = NET40-Release|Any CPU
		{03FF90E2-1DDC-4E60-BDEA-86BF9B31130C}.NET45-Debug|Any CPU.ActiveCfg = NET45-Debug|Any CPU
		{03FF90E2-1DDC-4E60-BDEA-86BF9B31130C}.NET45-Debug|Any CPU.Build.0 = NET45-Debug|Any CPU
		{03FF90E2-1DDC-4E60-BDEA-86BF9B31130C}.NET45-Release|Any CPU.ActiveCfg = NET45-Release|Any CPU
		{03FF90E2-1DDC-4E60-BDEA-86BF9B31130C}.NET45-Release|Any CPU.Build.0 = NET45-Release|Any CPU
		{03FF90E2-1DDC-4E60-BDEA-86BF9B31130C}.SL30-Debug|Any CPU.ActiveCfg = SL30-Debug|Any CPU
		{03FF90E2-1DDC-4E60-BDEA-86BF9B31130C}.SL30-Debug|Any CPU.Build.0 = SL30-Debug|Any CPU
		{03FF90E2-1DDC-4E60-BDEA-86BF9B31130C}.SL30-Release|Any CPU.ActiveCfg = SL30-Release|Any CPU
		{03FF90E2-1DDC-4E60-BDEA-86BF9B31130C}.SL30-Release|Any CPU.Build.0 = SL30-Release|Any CPU
		{03FF90E2-1DDC-4E60-BDEA-86BF9B31130C}.SL40-Debug|Any CPU.ActiveCfg = SL40-Debug|Any CPU
		{03FF90E2-1DDC-4E60-BDEA-86BF9B31130C}.SL40-Debug|Any CPU.Build.0 = SL40-Debug|Any CPU
		{03FF90E2-1DDC-4E60-BDEA-86BF9B31130C}.SL40-Release|Any CPU.ActiveCfg = SL40-Release|Any CPU
		{03FF90E2-1DDC-4E60-BDEA-86BF9B31130C}.SL40-Release|Any CPU.Build.0 = SL40-Release|Any CPU
		{4C945D49-02E9-43F2-9202-E7A6E7C56E77}.MONO26-Debug|Any CPU.ActiveCfg = MONO26-Debug|Any CPU
		{4C945D49-02E9-43F2-9202-E7A6E7C56E77}.MONO26-Debug|Any CPU.Build.0 = MONO26-Debug|Any CPU
		{4C945D49-02E9-43F2-9202-E7A6E7C56E77}.MONO26-Release|Any CPU.ActiveCfg = MONO26-Release|Any CPU
		{4C945D49-02E9-43F2-9202-E7A6E7C56E77}.MONO26-Release|Any CPU.Build.0 = MONO26-Release|Any CPU
		{4C945D49-02E9-43F2-9202-E7A6E7C56E77}.MONO28-Debug|Any CPU.ActiveCfg = MONO28-Debug|Any CPU
		{4C945D49-02E9-43F2-9202-E7A6E7C56E77}.MONO28-Debug|Any CPU.Build.0 = MONO28-Debug|Any CPU
		{4C945D49-02E9-43F2-9202-E7A6E7C56E77}.MONO28-Release|Any CPU.ActiveCfg = MONO28-Release|Any CPU
		{4C945D49-02E9-43F2-9202-E7A6E7C56E77}.MONO28-Release|Any CPU.Build.0 = MONO28-Release|Any CPU
		{4C945D49-02E9-43F2-9202-E7A6E7C56E77}.NET35-Debug|Any CPU.ActiveCfg = NET35-Debug|Any CPU
		{4C945D49-02E9-43F2-9202-E7A6E7C56E77}.NET35-Debug|Any CPU.Build.0 = NET35-Debug|Any CPU
		{4C945D49-02E9-43F2-9202-E7A6E7C56E77}.NET35-Release|Any CPU.ActiveCfg = NET35-Release|Any CPU
		{4C945D49-02E9-43F2-9202-E7A6E7C56E77}.NET35-Release|Any CPU.Build.0 = NET35-Release|Any CPU
		{4C945D49-02E9-43F2-9202-E7A6E7C56E77}.NET40-Debug|Any CPU.ActiveCfg = NET40-Debug|Any CPU
		{4C945D49-02E9-43F2-9202-E7A6E7C56E77}.NET40-Debug|Any CPU.Build.0 = NET40-Debug|Any CPU
		{4C945D49-02E9-43F2-9202-E7A6E7C56E77}.NET40-Release|Any CPU.ActiveCfg = NET40-Release|Any CPU
		{4C945D49-02E9-43F2-9202-E7A6E7C56E77}.NET40-Release|Any CPU.Build.0 = NET40-Release|Any CPU
		{4C945D49-02E9-43F2-9202-E7A6E7C56E77}.NET45-Debug|Any CPU.ActiveCfg = NET45-Debug|Any CPU
		{4C945D49-02E9-43F2-9202-E7A6E7C56E77}.NET45-Debug|Any CPU.Build.0 = NET45-Debug|Any CPU
		{4C945D49-02E9-43F2-9202-E7A6E7C56E77}.NET45-Release|Any CPU.ActiveCfg = NET45-Release|Any CPU
		{4C945D49-02E9-43F2-9202-E7A6E7C56E77}.NET45-Release|Any CPU.Build.0 = NET45-Release|Any CPU
		{4C945D49-02E9-43F2-9202-E7A6E7C56E77}.SL30-Debug|Any CPU.ActiveCfg = SL30-Debug|Any CPU
		{4C945D49-02E9-43F2-9202-E7A6E7C56E77}.SL30-Debug|Any CPU.Build.0 = SL30-Debug|Any CPU
		{4C945D49-02E9-43F2-9202-E7A6E7C56E77}.SL30-Release|Any CPU.ActiveCfg = SL30-Release|Any CPU
		{4C945D49-02E9-43F2-9202-E7A6E7C56E77}.SL30-Release|Any CPU.Build.0 = SL30-Release|Any CPU
		{4C945D49-02E9-43F2-9202-E7A6E7C56E77}.SL40-Debug|Any CPU.ActiveCfg = SL40-Debug|Any CPU
		{4C945D49-02E9-43F2-9202-E7A6E7C56E77}.SL40-Debug|Any CPU.Build.0 = SL40-Debug|Any CPU
		{4C945D49-02E9-43F2-9202-E7A6E7C56E77}.SL40-Release|Any CPU.ActiveCfg = SL40-Release|Any CPU
		{4C945D49-02E9-43F2-9202-E7A6E7C56E77}.SL40-Release|Any CPU.Build.0 = SL40-Release|Any CPU
		{57ED99CE-404E-4029-A98A-2159E2E70E22}.MONO26-Debug|Any CPU.ActiveCfg = MONO26-Debug|Any CPU
		{57ED99CE-404E-4029-A98A-2159E2E70E22}.MONO26-Debug|Any CPU.Build.0 = MONO26-Debug|Any CPU
		{57ED99CE-404E-4029-A98A-2159E2E70E22}.MONO26-Release|Any CPU.ActiveCfg = MONO26-Release|Any CPU
		{57ED99CE-404E-4029-A98A-2159E2E70E22}.MONO26-Release|Any CPU.Build.0 = MONO26-Release|Any CPU
		{57ED99CE-404E-4029-A98A-2159E2E70E22}.MONO28-Debug|Any CPU.ActiveCfg = MONO28-Debug|Any CPU
		{57ED99CE-404E-4029-A98A-2159E2E70E22}.MONO28-Debug|Any CPU.Build.0 = MONO28-Debug|Any CPU
		{57ED99CE-404E-4029-A98A-2159E2E70E22}.MONO28-Release|Any CPU.ActiveCfg = MONO28-Release|Any CPU
		{57ED99CE-404E-4029-A98A-2159E2E70E22}.MONO28-Release|Any CPU.Build.0 = MONO28-Release|Any CPU
		{57ED99CE-404E-4029-A98A-2159E2E70E22}.NET35-Debug|Any CPU.ActiveCfg = NET35-Debug|Any CPU
		{57ED99CE-404E-4029-A98A-2159E2E70E22}.NET35-Debug|Any CPU.Build.0 = NET35-Debug|Any CPU
		{57ED99CE-404E-4029-A98A-2159E2E70E22}.NET35-Release|Any CPU.ActiveCfg = NET35-Release|Any CPU
		{57ED99CE-404E-4029-A98A-2159E2E70E22}.NET35-Release|Any CPU.Build.0 = NET35-Release|Any CPU
		{57ED99CE-404E-4029-A98A-2159E2E70E22}.NET40-Debug|Any CPU.ActiveCfg = NET40-Debug|Any CPU
		{57ED99CE-404E-4029-A98A-2159E2E70E22}.NET40-Debug|Any CPU.Build.0 = NET40-Debug|Any CPU
		{57ED99CE-404E-4029-A98A-2159E2E70E22}.NET40-Release|Any CPU.ActiveCfg = NET40-Release|Any CPU
		{57ED99CE-404E-4029-A98A-2159E2E70E22}.NET40-Release|Any CPU.Build.0 = NET40-Release|Any CPU
		{57ED99CE-404E-4029-A98A-2159E2E70E22}.NET45-Debug|Any CPU.ActiveCfg = NET45-Debug|Any CPU
		{57ED99CE-404E-4029-A98A-2159E2E70E22}.NET45-Debug|Any CPU.Build.0 = NET45-Debug|Any CPU
		{57ED99CE-404E-4029-A98A-2159E2E70E22}.NET45-Release|Any CPU.ActiveCfg = NET45-Release|Any CPU
		{57ED99CE-404E-4029-A98A-2159E2E70E22}.NET45-Release|Any CPU.Build.0 = NET45-Release|Any CPU
		{57ED99CE-404E-4029-A98A-2159E2E70E22}.SL30-Debug|Any CPU.ActiveCfg = SL30-Debug|Any CPU
		{57ED99CE-404E-4029-A98A-2159E2E70E22}.SL30-Debug|Any CPU.Build.0 = SL30-Debug|Any CPU
		{57ED99CE-404E-4029-A98A-2159E2E70E22}.SL30-Release|Any CPU.ActiveCfg = SL30-Release|Any CPU
		{57ED99CE-404E-4029-A98A-2159E2E70E22}.SL30-Release|Any CPU.Build.0 = SL30-Release|Any CPU
		{57ED99CE-404E-4029-A98A-2159E2E70E22}.SL40-Debug|Any CPU.ActiveCfg = SL40-Debug|Any CPU
		{57ED99CE-404E-4029-A98A-2159E2E70E22}.SL40-Debug|Any CPU.Build.0 = SL40-Debug|Any CPU
		{57ED99CE-404E-4029-A98A-2159E2E70E22}.SL40-Release|Any CPU.ActiveCfg = SL40-Release|Any CPU
		{57ED99CE-404E-4029-A98A-2159E2E70E22}.SL40-Release|Any CPU.Build.0 = SL40-Release|Any CPU
		{B6512835-8CA7-44C0-9D2B-C2884D7D2DCF}.MONO26-Debug|Any CPU.ActiveCfg = MONO26-Debug|Any CPU
		{B6512835-8CA7-44C0-9D2B-C2884D7D2DCF}.MONO26-Debug|Any CPU.Build.0 = MONO26-Debug|Any CPU
		{B6512835-8CA7-44C0-9D2B-C2884D7D2DCF}.MONO26-Release|Any CPU.ActiveCfg = MONO26-Release|Any CPU
		{B6512835-8CA7-44C0-9D2B-C2884D7D2DCF}.MONO26-Release|Any CPU.Build.0 = MONO26-Release|Any CPU
		{B6512835-8CA7-44C0-9D2B-C2884D7D2DCF}.MONO28-Debug|Any CPU.ActiveCfg = MONO28-Debug|Any CPU
		{B6512835-8CA7-44C0-9D2B-C2884D7D2DCF}.MONO28-Debug|Any CPU.Build.0 = MONO28-Debug|Any CPU
		{B6512835-8CA7-44C0-9D2B-C2884D7D2DCF}.MONO28-Release|Any CPU.ActiveCfg = MONO28-Release|Any CPU
		{B6512835-8CA7-44C0-9D2B-C2884D7D2DCF}.MONO28-Release|Any CPU.Build.0 = MONO28-Release|Any CPU
		{B6512835-8CA7-44C0-9D2B-C2884D7D2DCF}.NET35-Debug|Any CPU.ActiveCfg = NET35-Debug|Any CPU
		{B6512835-8CA7-44C0-9D2B-C2884D7D2DCF}.NET35-Debug|Any CPU.Build.0 = NET35-Debug|Any CPU
		{B6512835-8CA7-44C0-9D2B-C2884D7D2DCF}.NET35-Release|Any CPU.ActiveCfg = NET35-Release|Any CPU
		{B6512835-8CA7-44C0-9D2B-C2884D7D2DCF}.NET35-Release|Any CPU.Build.0 = NET35-Release|Any CPU
		{B6512835-8CA7-44C0-9D2B-C2884D7D2DCF}.NET40-Debug|Any CPU.ActiveCfg = NET40-Debug|Any CPU
		{B6512835-8CA7-44C0-9D2B-C2884D7D2DCF}.NET40-Debug|Any CPU.Build.0 = NET40-Debug|Any CPU
		{B6512835-8CA7-44C0-9D2B-C2884D7D2DCF}.NET40-Release|Any CPU.ActiveCfg = NET40-Release|Any CPU
		{B6512835-8CA7-44C0-9D2B-C2884D7D2DCF}.NET40-Release|Any CPU.Build.0 = NET40-Release|Any CPU
		{B6512835-8CA7-44C0-9D2B-C2884D7D2DCF}.NET45-Debug|Any CPU.ActiveCfg = NET45-Debug|Any CPU
		{B6512835-8CA7-44C0-9D2B-C2884D7D2DCF}.NET45-Debug|Any CPU.Build.0 = NET45-Debug|Any CPU
		{B6512835-8CA7-44C0-9D2B-C2884D7D2DCF}.NET45-Release|Any CPU.ActiveCfg = NET45-Release|Any CPU
		{B6512835-8CA7-44C0-9D2B-C2884D7D2DCF}.NET45-Release|Any CPU.Build.0 = NET45-Release|Any CPU
		{B6512835-8CA7-44C0-9D2B-C2884D7D2DCF}.SL30-Debug|Any CPU.ActiveCfg = SL30-Debug|Any CPU
		{B6512835-8CA7-44C0-9D2B-C2884D7D2DCF}.SL30-Debug|Any CPU.Build.0 = SL30-Debug|Any CPU
		{B6512835-8CA7-44C0-9D2B-C2884D7D2DCF}.SL30-Release|Any CPU.ActiveCfg = SL30-Release|Any CPU
		{B6512835-8CA7-44C0-9D2B-C2884D7D2DCF}.SL30-Release|Any CPU.Build.0 = SL30-Release|Any CPU
		{B6512835-8CA7-44C0-9D2B-C2884D7D2DCF}.SL40-Debug|Any CPU.ActiveCfg = SL40-Debug|Any CPU
		{B6512835-8CA7-44C0-9D2B-C2884D7D2DCF}.SL40-Debug|Any CPU.Build.0 = SL40-Debug|Any CPU
		{B6512835-8CA7-44C0-9D2B-C2884D7D2DCF}.SL40-Release|Any CPU.ActiveCfg = SL40-Release|Any CPU
		{B6512835-8CA7-44C0-9D2B-C2884D7D2DCF}.SL40-Release|Any CPU.Build.0 = SL40-Release|Any CPU
		{50BE4C5D-4535-4449-AB5B-8DF92F005386}.MONO26-Debug|Any CPU.ActiveCfg = MONO26-Debug|Any CPU
		{50BE4C5D-4535-4449-AB5B-8DF92F005386}.MONO26-Debug|Any CPU.Build.0 = MONO26-Debug|Any CPU
		{50BE4C5D-4535-4449-AB5B-8DF92F005386}.MONO26-Release|Any CPU.ActiveCfg = MONO26-Release|Any CPU
		{50BE4C5D-4535-4449-AB5B-8DF92F005386}.MONO26-Release|Any CPU.Build.0 = MONO26-Release|Any CPU
		{50BE4C5D-4535-4449-AB5B-8DF92F005386}.MONO28-Debug|Any CPU.ActiveCfg = MONO28-Debug|Any CPU
		{50BE4C5D-4535-4449-AB5B-8DF92F005386}.MONO28-Debug|Any CPU.Build.0 = MONO28-Debug|Any CPU
		{50BE4C5D-4535-4449-AB5B-8DF92F005386}.MONO28-Release|Any CPU.ActiveCfg = MONO28-Release|Any CPU
		{50BE4C5D-4535-4449-AB5B-8DF92F005386}.MONO28-Release|Any CPU.Build.0 = MONO28-Release|Any CPU
		{50BE4C5D-4535-4449-AB5B-8DF92F005386}.NET35-Debug|Any CPU.ActiveCfg = NET35-Debug|Any CPU
		{50BE4C5D-4535-4449-AB5B-8DF92F005386}.NET35-Debug|Any CPU.Build.0 = NET35-Debug|Any CPU
		{50BE4C5D-4535-4449-AB5B-8DF92F005386}.NET35-Release|Any CPU.ActiveCfg = NET35-Release|Any CPU
		{50BE4C5D-4535-4449-AB5B-8DF92F005386}.NET35-Release|Any CPU.Build.0 = NET35-Release|Any CPU
		{50BE4C5D-4535-4449-AB5B-8DF92F005386}.NET40-Debug|Any CPU.ActiveCfg = NET40-Debug|Any CPU
		{50BE4C5D-4535-4449-AB5B-8DF92F005386}.NET40-Debug|Any CPU.Build.0 = NET40-Debug|Any CPU
		{50BE4C5D-4535-4449-AB5B-8DF92F005386}.NET40-Release|Any CPU.ActiveCfg = NET40-Release|Any CPU
		{50BE4C5D-4535-4449-AB5B-8DF92F005386}.NET40-Release|Any CPU.Build.0 = NET40-Release|Any CPU
		{50BE4C5D-4535-4449-AB5B-8DF92F005386}.NET45-Debug|Any CPU.ActiveCfg = NET45-Debug|Any CPU
		{50BE4C5D-4535-4449-AB5B-8DF92F005386}.NET45-Debug|Any CPU.Build.0 = NET45-Debug|Any CPU
		{50BE4C5D-4535-4449-AB5B-8DF92F005386}.NET45-Release|Any CPU.ActiveCfg = NET45-Release|Any CPU
		{50BE4C5D-4535-4449-AB5B-8DF92F005386}.NET45-Release|Any CPU.Build.0 = NET45-Release|Any CPU
		{50BE4C5D-4535-4449-AB5B-8DF92F005386}.SL30-Debug|Any CPU.ActiveCfg = SL30-Debug|Any CPU
		{50BE4C5D-4535-4449-AB5B-8DF92F005386}.SL30-Debug|Any CPU.Build.0 = SL30-Debug|Any CPU
		{50BE4C5D-4535-4449-AB5B-8DF92F005386}.SL30-Release|Any CPU.ActiveCfg = SL30-Release|Any CPU
		{50BE4C5D-4535-4449-AB5B-8DF92F005386}.SL30-Release|Any CPU.Build.0 = SL30-Release|Any CPU
		{50BE4C5D-4535-4449-AB5B-8DF92F005386}.SL40-Debug|Any CPU.ActiveCfg = SL40-Debug|Any CPU
		{50BE4C5D-4535-4449-AB5B-8DF92F005386}.SL40-Debug|Any CPU.Build.0 = SL40-Debug|Any CPU
		{50BE4C5D-4535-4449-AB5B-8DF92F005386}.SL40-Release|Any CPU.ActiveCfg = SL40-Release|Any CPU
		{50BE4C5D-4535-4449-AB5B-8DF92F005386}.SL40-Release|Any CPU.Build.0 = SL40-Release|Any CPU
	EndGlobalSection
	GlobalSection(SolutionProperties) = preSolution
		HideSolutionNode = FALSE
	EndGlobalSection
	GlobalSection(NestedProjects) = preSolution
		{EC393863-333E-49CE-94A6-654B9F323954} = {3C5EC9DD-79E4-4C13-ADAE-DA7416E6DAEA}
		{98F19522-C9B8-400D-8A12-DABB3DA9411D} = {3C5EC9DD-79E4-4C13-ADAE-DA7416E6DAEA}
		{03FF90E2-1DDC-4E60-BDEA-86BF9B31130C} = {3C5EC9DD-79E4-4C13-ADAE-DA7416E6DAEA}
		{4C945D49-02E9-43F2-9202-E7A6E7C56E77} = {3C5EC9DD-79E4-4C13-ADAE-DA7416E6DAEA}
		{26AA3359-6571-4575-845D-ED05E4EDB586} = {A287E189-50B7-4EA3-A683-135F9F54ACF9}
		{B39CC8B7-1391-40AF-9DA3-BF294CB16383} = {A287E189-50B7-4EA3-A683-135F9F54ACF9}
		{824EC872-2992-4518-8C41-4F87640D752A} = {A287E189-50B7-4EA3-A683-135F9F54ACF9}
		{844F5EC4-9224-42A9-986D-CE645AC970F2} = {FE6CCE8D-3C80-4299-A8F1-FF2B4FC812C7}
		{3FBEADBB-692E-44CF-A06F-B4E7F2DE27D0} = {FE6CCE8D-3C80-4299-A8F1-FF2B4FC812C7}
		{86CAA470-BFAC-4D14-B4C2-C5BEFE3AD003} = {FE6CCE8D-3C80-4299-A8F1-FF2B4FC812C7}
		{F3B5820A-56AE-49F8-8497-3F77FE027A0E} = {FE6CCE8D-3C80-4299-A8F1-FF2B4FC812C7}
		{7FB1D2DC-5CA8-410C-9B9A-3DE517B3BE3A} = {FE6CCE8D-3C80-4299-A8F1-FF2B4FC812C7}
		{57ED99CE-404E-4029-A98A-2159E2E70E22} = {FE6CCE8D-3C80-4299-A8F1-FF2B4FC812C7}
		{B6512835-8CA7-44C0-9D2B-C2884D7D2DCF} = {FE6CCE8D-3C80-4299-A8F1-FF2B4FC812C7}
		{50BE4C5D-4535-4449-AB5B-8DF92F005386} = {FE6CCE8D-3C80-4299-A8F1-FF2B4FC812C7}
		{6C51A1E3-7F20-4696-BFD6-829134678341} = {4CA9E7D1-3BEF-4B35-A771-EFBD1FC52BD6}
		{2409063E-BE05-4596-A677-758096D1C759} = {4CA9E7D1-3BEF-4B35-A771-EFBD1FC52BD6}
		{D06F17E4-BFA6-4FFE-81CD-42CF3B901D84} = {2A065720-7939-49FF-A9E1-6DCC3ED71F18}
		{ECCA4D19-65D7-4EED-B8EC-56AF79F41E69} = {2A065720-7939-49FF-A9E1-6DCC3ED71F18}
		{CC39D6D0-2467-4DD5-A53E-92D580B60038} = {2A065720-7939-49FF-A9E1-6DCC3ED71F18}
		{CB573557-9BB1-4F5B-916C-0AD002B8B2BA} = {D06F17E4-BFA6-4FFE-81CD-42CF3B901D84}
		{282AF314-99F7-4D07-A9DA-ABBF6964F1B1} = {D06F17E4-BFA6-4FFE-81CD-42CF3B901D84}
	EndGlobalSection
	GlobalSection(TextTemplating) = postSolution
		TextTemplating = 1
	EndGlobalSection
EndGlobal
